
Microsoft Visual Studio Solution File, Format Version 12.00
# Visual Studio Version 16
VisualStudioVersion = 16.0.31515.178
MinimumVisualStudioVersion = 10.0.40219.1
Project("{9A19103F-16F7-4668-BE54-9A1E7A4F7556}") = "Rozdzial1", "Rozdzial1\Rozdzial1.csproj", "{96DC611B-B52C-4D05-8FBF-F52B274C7516}"
EndProject
Project("{9A19103F-16F7-4668-BE54-9A1E7A4F7556}") = "Rozdzial2", "Rozdzial2\Rozdzial2.csproj", "{826CCF08-4B42-4D53-B4CD-4F9B37E010AB}"
EndProject
Project("{2150E333-8FDC-42A3-9474-1A3956D46DE8}") = "Solution Items", "Solution Items", "{476FD131-A8F4-4C2D-B967-3CF3E4DD8719}"
	ProjectSection(SolutionItems) = preProject
		.editorconfig = .editorconfig
	EndProjectSection
EndProject
Project("{9A19103F-16F7-4668-BE54-9A1E7A4F7556}") = "Rozdzial3", "Rozdzial3\Rozdzial3.csproj", "{DD63C778-A996-430F-BB4A-93F617859017}"
EndProject
Project("{9A19103F-16F7-4668-BE54-9A1E7A4F7556}") = "Rozdzial4", "Rozdzial4\Rozdzial4.csproj", "{07185D9B-A607-41A7-AD90-78A06B6A43F5}"
EndProject
Project("{9A19103F-16F7-4668-BE54-9A1E7A4F7556}") = "Rozdzial4_2", "Rozdzial4_2\Rozdzial4_2.csproj", "{F0AFA789-7767-438B-9F39-E264CDD229E8}"
EndProject
Project("{9A19103F-16F7-4668-BE54-9A1E7A4F7556}") = "Rozdzial5", "Rozdzial5\Rozdzial5.csproj", "{942F02C5-94AA-42D8-B56C-60C02A2FF917}"
EndProject
Project("{9A19103F-16F7-4668-BE54-9A1E7A4F7556}") = "Rozdzial5_2", "Rozdzial5_2\Rozdzial5_2.csproj", "{611A3BFB-9FBE-4C6A-9954-39FECDEF11CE}"
EndProject
Project("{FAE04EC0-301F-11D3-BF4B-00C04F79EFBC}") = "Rozdzial5_3", "Rozdzial5_3\Rozdzial5_3.csproj", "{29289858-1235-4AAC-9AF2-CFD6A586B0E4}"
EndProject
Project("{FAE04EC0-301F-11D3-BF4B-00C04F79EFBC}") = "Rozdzial5_4", "Rozdzial5_4\Rozdzial5_4.csproj", "{A6497D0F-20E8-4B77-8EF3-B076CECF558D}"
EndProject
Project("{FAE04EC0-301F-11D3-BF4B-00C04F79EFBC}") = "Rozdzial5_5", "Rozdzial5_5\Rozdzial5_5.csproj", "{E5BAE446-F57A-4C9F-B74A-7F09835F86A2}"
EndProject
Project("{FAE04EC0-301F-11D3-BF4B-00C04F79EFBC}") = "Rozdzial5_6", "Rozdzial5_6\Rozdzial5_6.csproj", "{DC3139FC-D7F0-4DAD-8E20-C3AB330801B9}"
EndProject
Project("{FAE04EC0-301F-11D3-BF4B-00C04F79EFBC}") = "Rozdzial5_7", "Rozdzial5_7\Rozdzial5_7.csproj", "{F35BBA99-62A9-463E-8FA2-A231259C1716}"
EndProject
Project("{FAE04EC0-301F-11D3-BF4B-00C04F79EFBC}") = "Rozdzial6", "Rozdzial6\Rozdzial6.csproj", "{56D5642E-0CCF-45AA-A83C-B5A24276B2BD}"
EndProject
Global
	GlobalSection(SolutionConfigurationPlatforms) = preSolution
		Debug|Any CPU = Debug|Any CPU
		Release|Any CPU = Release|Any CPU
	EndGlobalSection
	GlobalSection(ProjectConfigurationPlatforms) = postSolution
		{96DC611B-B52C-4D05-8FBF-F52B274C7516}.Debug|Any CPU.ActiveCfg = Debug|Any CPU
		{96DC611B-B52C-4D05-8FBF-F52B274C7516}.Debug|Any CPU.Build.0 = Debug|Any CPU
		{96DC611B-B52C-4D05-8FBF-F52B274C7516}.Release|Any CPU.ActiveCfg = Release|Any CPU
		{96DC611B-B52C-4D05-8FBF-F52B274C7516}.Release|Any CPU.Build.0 = Release|Any CPU
		{826CCF08-4B42-4D53-B4CD-4F9B37E010AB}.Debug|Any CPU.ActiveCfg = Debug|Any CPU
		{826CCF08-4B42-4D53-B4CD-4F9B37E010AB}.Debug|Any CPU.Build.0 = Debug|Any CPU
		{826CCF08-4B42-4D53-B4CD-4F9B37E010AB}.Release|Any CPU.ActiveCfg = Release|Any CPU
		{826CCF08-4B42-4D53-B4CD-4F9B37E010AB}.Release|Any CPU.Build.0 = Release|Any CPU
		{DD63C778-A996-430F-BB4A-93F617859017}.Debug|Any CPU.ActiveCfg = Debug|Any CPU
		{DD63C778-A996-430F-BB4A-93F617859017}.Debug|Any CPU.Build.0 = Debug|Any CPU
		{DD63C778-A996-430F-BB4A-93F617859017}.Release|Any CPU.ActiveCfg = Release|Any CPU
		{DD63C778-A996-430F-BB4A-93F617859017}.Release|Any CPU.Build.0 = Release|Any CPU
		{07185D9B-A607-41A7-AD90-78A06B6A43F5}.Debug|Any CPU.ActiveCfg = Debug|Any CPU
		{07185D9B-A607-41A7-AD90-78A06B6A43F5}.Debug|Any CPU.Build.0 = Debug|Any CPU
		{07185D9B-A607-41A7-AD90-78A06B6A43F5}.Release|Any CPU.ActiveCfg = Release|Any CPU
		{07185D9B-A607-41A7-AD90-78A06B6A43F5}.Release|Any CPU.Build.0 = Release|Any CPU
		{F0AFA789-7767-438B-9F39-E264CDD229E8}.Debug|Any CPU.ActiveCfg = Debug|Any CPU
		{F0AFA789-7767-438B-9F39-E264CDD229E8}.Debug|Any CPU.Build.0 = Debug|Any CPU
		{F0AFA789-7767-438B-9F39-E264CDD229E8}.Release|Any CPU.ActiveCfg = Release|Any CPU
		{F0AFA789-7767-438B-9F39-E264CDD229E8}.Release|Any CPU.Build.0 = Release|Any CPU
		{942F02C5-94AA-42D8-B56C-60C02A2FF917}.Debug|Any CPU.ActiveCfg = Debug|Any CPU
		{942F02C5-94AA-42D8-B56C-60C02A2FF917}.Debug|Any CPU.Build.0 = Debug|Any CPU
		{942F02C5-94AA-42D8-B56C-60C02A2FF917}.Release|Any CPU.ActiveCfg = Release|Any CPU
		{942F02C5-94AA-42D8-B56C-60C02A2FF917}.Release|Any CPU.Build.0 = Release|Any CPU
		{611A3BFB-9FBE-4C6A-9954-39FECDEF11CE}.Debug|Any CPU.ActiveCfg = Debug|Any CPU
		{611A3BFB-9FBE-4C6A-9954-39FECDEF11CE}.Debug|Any CPU.Build.0 = Debug|Any CPU
		{611A3BFB-9FBE-4C6A-9954-39FECDEF11CE}.Release|Any CPU.ActiveCfg = Release|Any CPU
		{611A3BFB-9FBE-4C6A-9954-39FECDEF11CE}.Release|Any CPU.Build.0 = Release|Any CPU
		{29289858-1235-4AAC-9AF2-CFD6A586B0E4}.Debug|Any CPU.ActiveCfg = Debug|Any CPU
		{29289858-1235-4AAC-9AF2-CFD6A586B0E4}.Debug|Any CPU.Build.0 = Debug|Any CPU
		{29289858-1235-4AAC-9AF2-CFD6A586B0E4}.Release|Any CPU.ActiveCfg = Release|Any CPU
		{29289858-1235-4AAC-9AF2-CFD6A586B0E4}.Release|Any CPU.Build.0 = Release|Any CPU
		{A6497D0F-20E8-4B77-8EF3-B076CECF558D}.Debug|Any CPU.ActiveCfg = Debug|Any CPU
		{A6497D0F-20E8-4B77-8EF3-B076CECF558D}.Debug|Any CPU.Build.0 = Debug|Any CPU
		{A6497D0F-20E8-4B77-8EF3-B076CECF558D}.Release|Any CPU.ActiveCfg = Release|Any CPU
		{A6497D0F-20E8-4B77-8EF3-B076CECF558D}.Release|Any CPU.Build.0 = Release|Any CPU
		{E5BAE446-F57A-4C9F-B74A-7F09835F86A2}.Debug|Any CPU.ActiveCfg = Debug|Any CPU
		{E5BAE446-F57A-4C9F-B74A-7F09835F86A2}.Debug|Any CPU.Build.0 = Debug|Any CPU
		{E5BAE446-F57A-4C9F-B74A-7F09835F86A2}.Release|Any CPU.ActiveCfg = Release|Any CPU
		{E5BAE446-F57A-4C9F-B74A-7F09835F86A2}.Release|Any CPU.Build.0 = Release|Any CPU
		{DC3139FC-D7F0-4DAD-8E20-C3AB330801B9}.Debug|Any CPU.ActiveCfg = Debug|Any CPU
		{DC3139FC-D7F0-4DAD-8E20-C3AB330801B9}.Debug|Any CPU.Build.0 = Debug|Any CPU
		{DC3139FC-D7F0-4DAD-8E20-C3AB330801B9}.Release|Any CPU.ActiveCfg = Release|Any CPU
		{DC3139FC-D7F0-4DAD-8E20-C3AB330801B9}.Release|Any CPU.Build.0 = Release|Any CPU
		{F35BBA99-62A9-463E-8FA2-A231259C1716}.Debug|Any CPU.ActiveCfg = Debug|Any CPU
		{F35BBA99-62A9-463E-8FA2-A231259C1716}.Debug|Any CPU.Build.0 = Debug|Any CPU
		{F35BBA99-62A9-463E-8FA2-A231259C1716}.Release|Any CPU.ActiveCfg = Release|Any CPU
		{F35BBA99-62A9-463E-8FA2-A231259C1716}.Release|Any CPU.Build.0 = Release|Any CPU
		{56D5642E-0CCF-45AA-A83C-B5A24276B2BD}.Debug|Any CPU.ActiveCfg = Debug|Any CPU
		{56D5642E-0CCF-45AA-A83C-B5A24276B2BD}.Debug|Any CPU.Build.0 = Debug|Any CPU
		{56D5642E-0CCF-45AA-A83C-B5A24276B2BD}.Release|Any CPU.ActiveCfg = Release|Any CPU
		{56D5642E-0CCF-45AA-A83C-B5A24276B2BD}.Release|Any CPU.Build.0 = Release|Any CPU
	EndGlobalSection
	GlobalSection(SolutionProperties) = preSolution
		HideSolutionNode = FALSE
	EndGlobalSection
	GlobalSection(ExtensibilityGlobals) = postSolution
		SolutionGuid = {1982D9AA-7988-4B15-B8E4-562B473E9024}
	EndGlobalSection
EndGlobal
