
Microsoft Visual Studio Solution File, Format Version 12.00
# Visual Studio Version 16
VisualStudioVersion = 16.0.31515.178
MinimumVisualStudioVersion = 10.0.40219.1
Project("{9A19103F-16F7-4668-BE54-9A1E7A4F7556}") = "Rozdzial1", "Rozdzial1\Rozdzial1.csproj", "{96DC611B-B52C-4D05-8FBF-F52B274C7516}"
EndProject
Project("{9A19103F-16F7-4668-BE54-9A1E7A4F7556}") = "Rozdzial2", "Rozdzial2\Rozdzial2.csproj", "{826CCF08-4B42-4D53-B4CD-4F9B37E010AB}"
EndProject
Project("{2150E333-8FDC-42A3-9474-1A3956D46DE8}") = "Solution Items", "Solution Items", "{476FD131-A8F4-4C2D-B967-3CF3E4DD8719}"
	ProjectSection(SolutionItems) = preProject
		.editorconfig = .editorconfig
	EndProjectSection
EndProject
Project("{9A19103F-16F7-4668-BE54-9A1E7A4F7556}") = "Rozdzial3", "Rozdzial3\Rozdzial3.csproj", "{DD63C778-A996-430F-BB4A-93F617859017}"
EndProject
Project("{9A19103F-16F7-4668-BE54-9A1E7A4F7556}") = "Rozdzial4", "Rozdzial4\Rozdzial4.csproj", "{07185D9B-A607-41A7-AD90-78A06B6A43F5}"
EndProject
Project("{9A19103F-16F7-4668-BE54-9A1E7A4F7556}") = "Rozdzial4_2", "Rozdzial4_2\Rozdzial4_2.csproj", "{F0AFA789-7767-438B-9F39-E264CDD229E8}"
EndProject
Project("{9A19103F-16F7-4668-BE54-9A1E7A4F7556}") = "Rozdzial5", "Rozdzial5\Rozdzial5.csproj", "{942F02C5-94AA-42D8-B56C-60C02A2FF917}"
EndProject
Project("{9A19103F-16F7-4668-BE54-9A1E7A4F7556}") = "Rozdzial5_2", "Rozdzial5_2\Rozdzial5_2.csproj", "{611A3BFB-9FBE-4C6A-9954-39FECDEF11CE}"
EndProject
Project("{9A19103F-16F7-4668-BE54-9A1E7A4F7556}") = "Rozdzial5_3", "Rozdzial5_3\Rozdzial5_3.csproj", "{29289858-1235-4AAC-9AF2-CFD6A586B0E4}"
EndProject
Project("{9A19103F-16F7-4668-BE54-9A1E7A4F7556}") = "Rozdzial5_4", "Rozdzial5_4\Rozdzial5_4.csproj", "{A6497D0F-20E8-4B77-8EF3-B076CECF558D}"
EndProject
Project("{9A19103F-16F7-4668-BE54-9A1E7A4F7556}") = "Rozdzial5_5", "Rozdzial5_5\Rozdzial5_5.csproj", "{E5BAE446-F57A-4C9F-B74A-7F09835F86A2}"
EndProject
Project("{9A19103F-16F7-4668-BE54-9A1E7A4F7556}") = "Rozdzial5_6", "Rozdzial5_6\Rozdzial5_6.csproj", "{DC3139FC-D7F0-4DAD-8E20-C3AB330801B9}"
EndProject
Project("{9A19103F-16F7-4668-BE54-9A1E7A4F7556}") = "Rozdzial5_7", "Rozdzial5_7\Rozdzial5_7.csproj", "{F35BBA99-62A9-463E-8FA2-A231259C1716}"
EndProject
Project("{9A19103F-16F7-4668-BE54-9A1E7A4F7556}") = "Rozdzial6", "Rozdzial6\Rozdzial6.csproj", "{56D5642E-0CCF-45AA-A83C-B5A24276B2BD}"
EndProject
Project("{9A19103F-16F7-4668-BE54-9A1E7A4F7556}") = "Rozdzial6_2", "Rozdzial6_2\Rozdzial6_2.csproj", "{0029668C-EC1F-4492-AC28-08905283A4BC}"
EndProject
Project("{9A19103F-16F7-4668-BE54-9A1E7A4F7556}") = "Rozdzial6_3", "Rozdzial6_3\Rozdzial6_3.csproj", "{AE2DB6D1-CD9C-4A35-9E48-8EEB4EE31392}"
EndProject
Project("{9A19103F-16F7-4668-BE54-9A1E7A4F7556}") = "Rozdzial6_4", "Rozdzial6_4\Rozdzial6_4.csproj", "{E1F0DF5E-AB3E-4E3D-9BB8-933D4128B37A}"
EndProject
Project("{9A19103F-16F7-4668-BE54-9A1E7A4F7556}") = "Rozdzial6_5", "Rozdzial6_5\Rozdzial6_5.csproj", "{DC5854B8-4682-4F44-A901-97500FB90D7F}"
EndProject
Project("{9A19103F-16F7-4668-BE54-9A1E7A4F7556}") = "Rozdzial6_6", "Rozdzial6_6\Rozdzial6_6.csproj", "{3042224A-E58B-4824-A8FF-9EFAB0B5FF6B}"
EndProject
Project("{9A19103F-16F7-4668-BE54-9A1E7A4F7556}") = "Rozdzial6_7", "Rozdzial6_7\Rozdzial6_7.csproj", "{FAE42308-86A8-4CEA-BDAA-1BA26B7B84B0}"
EndProject
Project("{9A19103F-16F7-4668-BE54-9A1E7A4F7556}") = "Rozdzial6_8", "Rozdzial6_8\Rozdzial6_8.csproj", "{38BA9442-22AC-4602-80FC-87859FC69166}"
EndProject
Project("{9A19103F-16F7-4668-BE54-9A1E7A4F7556}") = "Rozdzial6_9", "Rozdzial6_9\Rozdzial6_9.csproj", "{789A56B7-89AF-4522-B40C-6786CDE9C295}"
EndProject
Project("{9A19103F-16F7-4668-BE54-9A1E7A4F7556}") = "Rozdzial7", "Rozdzial7\Rozdzial7.csproj", "{BC5F4391-12DD-4782-8D2D-9ED01E23E255}"
EndProject
Project("{9A19103F-16F7-4668-BE54-9A1E7A4F7556}") = "Rozdzial7_2", "Rozdzial7_2\Rozdzial7_2.csproj", "{5E6EEEEA-159D-4B2F-A580-D93BC652C74E}"
EndProject
Project("{9A19103F-16F7-4668-BE54-9A1E7A4F7556}") = "Rozdzial7_3", "Rozdzial7_3\Rozdzial7_3.csproj", "{DD95E4B8-1722-414C-830E-621290CF8FD3}"
EndProject
Project("{9A19103F-16F7-4668-BE54-9A1E7A4F7556}") = "Rozdzial7_4", "Rozdzial7_4\Rozdzial7_4.csproj", "{AC41F2FF-43C0-470D-B4F4-18F4518B1B65}"
EndProject
Project("{9A19103F-16F7-4668-BE54-9A1E7A4F7556}") = "Rozdzial7_5", "Rozdzial7_5\Rozdzial7_5.csproj", "{DEEF4E36-DFFD-46C5-B945-7E7644E6C8F2}"
EndProject
Project("{9A19103F-16F7-4668-BE54-9A1E7A4F7556}") = "Rozdzial8", "Rozdzial8\Rozdzial8.csproj", "{708363A5-AD00-4070-9ECA-F61541335C53}"
EndProject
Project("{9A19103F-16F7-4668-BE54-9A1E7A4F7556}") = "Rozdzial8_2", "Rozdzial8_2\Rozdzial8_2.csproj", "{CDBE5DB0-3AD7-4BC2-AA15-13F37A59EEC8}"
EndProject
Project("{9A19103F-16F7-4668-BE54-9A1E7A4F7556}") = "Rozdzial8_3", "Rozdzial8_3\Rozdzial8_3.csproj", "{E655C387-CC56-4505-AD7D-671C99181FFC}"
EndProject
Project("{FAE04EC0-301F-11D3-BF4B-00C04F79EFBC}") = "Rozdzial8_4", "Rozdzial8_4\Rozdzial8_4.csproj", "{8E04FFAB-B9CD-429C-87BD-235F68121FF6}"
EndProject
Global
	GlobalSection(SolutionConfigurationPlatforms) = preSolution
		Debug|Any CPU = Debug|Any CPU
		Release|Any CPU = Release|Any CPU
	EndGlobalSection
	GlobalSection(ProjectConfigurationPlatforms) = postSolution
		{96DC611B-B52C-4D05-8FBF-F52B274C7516}.Debug|Any CPU.ActiveCfg = Debug|Any CPU
		{96DC611B-B52C-4D05-8FBF-F52B274C7516}.Debug|Any CPU.Build.0 = Debug|Any CPU
		{96DC611B-B52C-4D05-8FBF-F52B274C7516}.Release|Any CPU.ActiveCfg = Release|Any CPU
		{96DC611B-B52C-4D05-8FBF-F52B274C7516}.Release|Any CPU.Build.0 = Release|Any CPU
		{826CCF08-4B42-4D53-B4CD-4F9B37E010AB}.Debug|Any CPU.ActiveCfg = Debug|Any CPU
		{826CCF08-4B42-4D53-B4CD-4F9B37E010AB}.Debug|Any CPU.Build.0 = Debug|Any CPU
		{826CCF08-4B42-4D53-B4CD-4F9B37E010AB}.Release|Any CPU.ActiveCfg = Release|Any CPU
		{826CCF08-4B42-4D53-B4CD-4F9B37E010AB}.Release|Any CPU.Build.0 = Release|Any CPU
		{DD63C778-A996-430F-BB4A-93F617859017}.Debug|Any CPU.ActiveCfg = Debug|Any CPU
		{DD63C778-A996-430F-BB4A-93F617859017}.Debug|Any CPU.Build.0 = Debug|Any CPU
		{DD63C778-A996-430F-BB4A-93F617859017}.Release|Any CPU.ActiveCfg = Release|Any CPU
		{DD63C778-A996-430F-BB4A-93F617859017}.Release|Any CPU.Build.0 = Release|Any CPU
		{07185D9B-A607-41A7-AD90-78A06B6A43F5}.Debug|Any CPU.ActiveCfg = Debug|Any CPU
		{07185D9B-A607-41A7-AD90-78A06B6A43F5}.Debug|Any CPU.Build.0 = Debug|Any CPU
		{07185D9B-A607-41A7-AD90-78A06B6A43F5}.Release|Any CPU.ActiveCfg = Release|Any CPU
		{07185D9B-A607-41A7-AD90-78A06B6A43F5}.Release|Any CPU.Build.0 = Release|Any CPU
		{F0AFA789-7767-438B-9F39-E264CDD229E8}.Debug|Any CPU.ActiveCfg = Debug|Any CPU
		{F0AFA789-7767-438B-9F39-E264CDD229E8}.Debug|Any CPU.Build.0 = Debug|Any CPU
		{F0AFA789-7767-438B-9F39-E264CDD229E8}.Release|Any CPU.ActiveCfg = Release|Any CPU
		{F0AFA789-7767-438B-9F39-E264CDD229E8}.Release|Any CPU.Build.0 = Release|Any CPU
		{942F02C5-94AA-42D8-B56C-60C02A2FF917}.Debug|Any CPU.ActiveCfg = Debug|Any CPU
		{942F02C5-94AA-42D8-B56C-60C02A2FF917}.Debug|Any CPU.Build.0 = Debug|Any CPU
		{942F02C5-94AA-42D8-B56C-60C02A2FF917}.Release|Any CPU.ActiveCfg = Release|Any CPU
		{942F02C5-94AA-42D8-B56C-60C02A2FF917}.Release|Any CPU.Build.0 = Release|Any CPU
		{611A3BFB-9FBE-4C6A-9954-39FECDEF11CE}.Debug|Any CPU.ActiveCfg = Debug|Any CPU
		{611A3BFB-9FBE-4C6A-9954-39FECDEF11CE}.Debug|Any CPU.Build.0 = Debug|Any CPU
		{611A3BFB-9FBE-4C6A-9954-39FECDEF11CE}.Release|Any CPU.ActiveCfg = Release|Any CPU
		{611A3BFB-9FBE-4C6A-9954-39FECDEF11CE}.Release|Any CPU.Build.0 = Release|Any CPU
		{29289858-1235-4AAC-9AF2-CFD6A586B0E4}.Debug|Any CPU.ActiveCfg = Debug|Any CPU
		{29289858-1235-4AAC-9AF2-CFD6A586B0E4}.Debug|Any CPU.Build.0 = Debug|Any CPU
		{29289858-1235-4AAC-9AF2-CFD6A586B0E4}.Release|Any CPU.ActiveCfg = Release|Any CPU
		{29289858-1235-4AAC-9AF2-CFD6A586B0E4}.Release|Any CPU.Build.0 = Release|Any CPU
		{A6497D0F-20E8-4B77-8EF3-B076CECF558D}.Debug|Any CPU.ActiveCfg = Debug|Any CPU
		{A6497D0F-20E8-4B77-8EF3-B076CECF558D}.Debug|Any CPU.Build.0 = Debug|Any CPU
		{A6497D0F-20E8-4B77-8EF3-B076CECF558D}.Release|Any CPU.ActiveCfg = Release|Any CPU
		{A6497D0F-20E8-4B77-8EF3-B076CECF558D}.Release|Any CPU.Build.0 = Release|Any CPU
		{E5BAE446-F57A-4C9F-B74A-7F09835F86A2}.Debug|Any CPU.ActiveCfg = Debug|Any CPU
		{E5BAE446-F57A-4C9F-B74A-7F09835F86A2}.Debug|Any CPU.Build.0 = Debug|Any CPU
		{E5BAE446-F57A-4C9F-B74A-7F09835F86A2}.Release|Any CPU.ActiveCfg = Release|Any CPU
		{E5BAE446-F57A-4C9F-B74A-7F09835F86A2}.Release|Any CPU.Build.0 = Release|Any CPU
		{DC3139FC-D7F0-4DAD-8E20-C3AB330801B9}.Debug|Any CPU.ActiveCfg = Debug|Any CPU
		{DC3139FC-D7F0-4DAD-8E20-C3AB330801B9}.Debug|Any CPU.Build.0 = Debug|Any CPU
		{DC3139FC-D7F0-4DAD-8E20-C3AB330801B9}.Release|Any CPU.ActiveCfg = Release|Any CPU
		{DC3139FC-D7F0-4DAD-8E20-C3AB330801B9}.Release|Any CPU.Build.0 = Release|Any CPU
		{F35BBA99-62A9-463E-8FA2-A231259C1716}.Debug|Any CPU.ActiveCfg = Debug|Any CPU
		{F35BBA99-62A9-463E-8FA2-A231259C1716}.Debug|Any CPU.Build.0 = Debug|Any CPU
		{F35BBA99-62A9-463E-8FA2-A231259C1716}.Release|Any CPU.ActiveCfg = Release|Any CPU
		{F35BBA99-62A9-463E-8FA2-A231259C1716}.Release|Any CPU.Build.0 = Release|Any CPU
		{56D5642E-0CCF-45AA-A83C-B5A24276B2BD}.Debug|Any CPU.ActiveCfg = Debug|Any CPU
		{56D5642E-0CCF-45AA-A83C-B5A24276B2BD}.Debug|Any CPU.Build.0 = Debug|Any CPU
		{56D5642E-0CCF-45AA-A83C-B5A24276B2BD}.Release|Any CPU.ActiveCfg = Release|Any CPU
		{56D5642E-0CCF-45AA-A83C-B5A24276B2BD}.Release|Any CPU.Build.0 = Release|Any CPU
		{0029668C-EC1F-4492-AC28-08905283A4BC}.Debug|Any CPU.ActiveCfg = Debug|Any CPU
		{0029668C-EC1F-4492-AC28-08905283A4BC}.Debug|Any CPU.Build.0 = Debug|Any CPU
		{0029668C-EC1F-4492-AC28-08905283A4BC}.Release|Any CPU.ActiveCfg = Release|Any CPU
		{0029668C-EC1F-4492-AC28-08905283A4BC}.Release|Any CPU.Build.0 = Release|Any CPU
		{AE2DB6D1-CD9C-4A35-9E48-8EEB4EE31392}.Debug|Any CPU.ActiveCfg = Debug|Any CPU
		{AE2DB6D1-CD9C-4A35-9E48-8EEB4EE31392}.Debug|Any CPU.Build.0 = Debug|Any CPU
		{AE2DB6D1-CD9C-4A35-9E48-8EEB4EE31392}.Release|Any CPU.ActiveCfg = Release|Any CPU
		{AE2DB6D1-CD9C-4A35-9E48-8EEB4EE31392}.Release|Any CPU.Build.0 = Release|Any CPU
		{E1F0DF5E-AB3E-4E3D-9BB8-933D4128B37A}.Debug|Any CPU.ActiveCfg = Debug|Any CPU
		{E1F0DF5E-AB3E-4E3D-9BB8-933D4128B37A}.Debug|Any CPU.Build.0 = Debug|Any CPU
		{E1F0DF5E-AB3E-4E3D-9BB8-933D4128B37A}.Release|Any CPU.ActiveCfg = Release|Any CPU
		{E1F0DF5E-AB3E-4E3D-9BB8-933D4128B37A}.Release|Any CPU.Build.0 = Release|Any CPU
		{DC5854B8-4682-4F44-A901-97500FB90D7F}.Debug|Any CPU.ActiveCfg = Debug|Any CPU
		{DC5854B8-4682-4F44-A901-97500FB90D7F}.Debug|Any CPU.Build.0 = Debug|Any CPU
		{DC5854B8-4682-4F44-A901-97500FB90D7F}.Release|Any CPU.ActiveCfg = Release|Any CPU
		{DC5854B8-4682-4F44-A901-97500FB90D7F}.Release|Any CPU.Build.0 = Release|Any CPU
		{3042224A-E58B-4824-A8FF-9EFAB0B5FF6B}.Debug|Any CPU.ActiveCfg = Debug|Any CPU
		{3042224A-E58B-4824-A8FF-9EFAB0B5FF6B}.Debug|Any CPU.Build.0 = Debug|Any CPU
		{3042224A-E58B-4824-A8FF-9EFAB0B5FF6B}.Release|Any CPU.ActiveCfg = Release|Any CPU
		{3042224A-E58B-4824-A8FF-9EFAB0B5FF6B}.Release|Any CPU.Build.0 = Release|Any CPU
		{FAE42308-86A8-4CEA-BDAA-1BA26B7B84B0}.Debug|Any CPU.ActiveCfg = Debug|Any CPU
		{FAE42308-86A8-4CEA-BDAA-1BA26B7B84B0}.Debug|Any CPU.Build.0 = Debug|Any CPU
		{FAE42308-86A8-4CEA-BDAA-1BA26B7B84B0}.Release|Any CPU.ActiveCfg = Release|Any CPU
		{FAE42308-86A8-4CEA-BDAA-1BA26B7B84B0}.Release|Any CPU.Build.0 = Release|Any CPU
		{38BA9442-22AC-4602-80FC-87859FC69166}.Debug|Any CPU.ActiveCfg = Debug|Any CPU
		{38BA9442-22AC-4602-80FC-87859FC69166}.Debug|Any CPU.Build.0 = Debug|Any CPU
		{38BA9442-22AC-4602-80FC-87859FC69166}.Release|Any CPU.ActiveCfg = Release|Any CPU
		{38BA9442-22AC-4602-80FC-87859FC69166}.Release|Any CPU.Build.0 = Release|Any CPU
		{789A56B7-89AF-4522-B40C-6786CDE9C295}.Debug|Any CPU.ActiveCfg = Debug|Any CPU
		{789A56B7-89AF-4522-B40C-6786CDE9C295}.Debug|Any CPU.Build.0 = Debug|Any CPU
		{789A56B7-89AF-4522-B40C-6786CDE9C295}.Release|Any CPU.ActiveCfg = Release|Any CPU
		{789A56B7-89AF-4522-B40C-6786CDE9C295}.Release|Any CPU.Build.0 = Release|Any CPU
		{BC5F4391-12DD-4782-8D2D-9ED01E23E255}.Debug|Any CPU.ActiveCfg = Debug|Any CPU
		{BC5F4391-12DD-4782-8D2D-9ED01E23E255}.Debug|Any CPU.Build.0 = Debug|Any CPU
		{BC5F4391-12DD-4782-8D2D-9ED01E23E255}.Release|Any CPU.ActiveCfg = Release|Any CPU
		{BC5F4391-12DD-4782-8D2D-9ED01E23E255}.Release|Any CPU.Build.0 = Release|Any CPU
		{5E6EEEEA-159D-4B2F-A580-D93BC652C74E}.Debug|Any CPU.ActiveCfg = Debug|Any CPU
		{5E6EEEEA-159D-4B2F-A580-D93BC652C74E}.Debug|Any CPU.Build.0 = Debug|Any CPU
		{5E6EEEEA-159D-4B2F-A580-D93BC652C74E}.Release|Any CPU.ActiveCfg = Release|Any CPU
		{5E6EEEEA-159D-4B2F-A580-D93BC652C74E}.Release|Any CPU.Build.0 = Release|Any CPU
		{DD95E4B8-1722-414C-830E-621290CF8FD3}.Debug|Any CPU.ActiveCfg = Debug|Any CPU
		{DD95E4B8-1722-414C-830E-621290CF8FD3}.Debug|Any CPU.Build.0 = Debug|Any CPU
		{DD95E4B8-1722-414C-830E-621290CF8FD3}.Release|Any CPU.ActiveCfg = Release|Any CPU
		{DD95E4B8-1722-414C-830E-621290CF8FD3}.Release|Any CPU.Build.0 = Release|Any CPU
		{AC41F2FF-43C0-470D-B4F4-18F4518B1B65}.Debug|Any CPU.ActiveCfg = Debug|Any CPU
		{AC41F2FF-43C0-470D-B4F4-18F4518B1B65}.Debug|Any CPU.Build.0 = Debug|Any CPU
		{AC41F2FF-43C0-470D-B4F4-18F4518B1B65}.Release|Any CPU.ActiveCfg = Release|Any CPU
		{AC41F2FF-43C0-470D-B4F4-18F4518B1B65}.Release|Any CPU.Build.0 = Release|Any CPU
		{DEEF4E36-DFFD-46C5-B945-7E7644E6C8F2}.Debug|Any CPU.ActiveCfg = Debug|Any CPU
		{DEEF4E36-DFFD-46C5-B945-7E7644E6C8F2}.Debug|Any CPU.Build.0 = Debug|Any CPU
		{DEEF4E36-DFFD-46C5-B945-7E7644E6C8F2}.Release|Any CPU.ActiveCfg = Release|Any CPU
		{DEEF4E36-DFFD-46C5-B945-7E7644E6C8F2}.Release|Any CPU.Build.0 = Release|Any CPU
		{708363A5-AD00-4070-9ECA-F61541335C53}.Debug|Any CPU.ActiveCfg = Debug|Any CPU
		{708363A5-AD00-4070-9ECA-F61541335C53}.Debug|Any CPU.Build.0 = Debug|Any CPU
		{708363A5-AD00-4070-9ECA-F61541335C53}.Release|Any CPU.ActiveCfg = Release|Any CPU
		{708363A5-AD00-4070-9ECA-F61541335C53}.Release|Any CPU.Build.0 = Release|Any CPU
		{CDBE5DB0-3AD7-4BC2-AA15-13F37A59EEC8}.Debug|Any CPU.ActiveCfg = Debug|Any CPU
		{CDBE5DB0-3AD7-4BC2-AA15-13F37A59EEC8}.Debug|Any CPU.Build.0 = Debug|Any CPU
		{CDBE5DB0-3AD7-4BC2-AA15-13F37A59EEC8}.Release|Any CPU.ActiveCfg = Release|Any CPU
		{CDBE5DB0-3AD7-4BC2-AA15-13F37A59EEC8}.Release|Any CPU.Build.0 = Release|Any CPU
		{E655C387-CC56-4505-AD7D-671C99181FFC}.Debug|Any CPU.ActiveCfg = Debug|Any CPU
		{E655C387-CC56-4505-AD7D-671C99181FFC}.Debug|Any CPU.Build.0 = Debug|Any CPU
		{E655C387-CC56-4505-AD7D-671C99181FFC}.Release|Any CPU.ActiveCfg = Release|Any CPU
		{E655C387-CC56-4505-AD7D-671C99181FFC}.Release|Any CPU.Build.0 = Release|Any CPU
		{8E04FFAB-B9CD-429C-87BD-235F68121FF6}.Debug|Any CPU.ActiveCfg = Debug|Any CPU
		{8E04FFAB-B9CD-429C-87BD-235F68121FF6}.Debug|Any CPU.Build.0 = Debug|Any CPU
		{8E04FFAB-B9CD-429C-87BD-235F68121FF6}.Release|Any CPU.ActiveCfg = Release|Any CPU
		{8E04FFAB-B9CD-429C-87BD-235F68121FF6}.Release|Any CPU.Build.0 = Release|Any CPU
	EndGlobalSection
	GlobalSection(SolutionProperties) = preSolution
		HideSolutionNode = FALSE
	EndGlobalSection
	GlobalSection(ExtensibilityGlobals) = postSolution
		SolutionGuid = {1982D9AA-7988-4B15-B8E4-562B473E9024}
	EndGlobalSection
EndGlobal
