
Microsoft Visual Studio Solution File, Format Version 12.00
# Visual Studio Version 17
VisualStudioVersion = 17.0.31912.275
MinimumVisualStudioVersion = 10.0.40219.1
Project("{9A19103F-16F7-4668-BE54-9A1E7A4F7556}") = "Rozdzial01", "Rozdzial1\Rozdzial01.csproj", "{96DC611B-B52C-4D05-8FBF-F52B274C7516}"
EndProject
Project("{9A19103F-16F7-4668-BE54-9A1E7A4F7556}") = "Rozdzial02", "Rozdzial2\Rozdzial02.csproj", "{826CCF08-4B42-4D53-B4CD-4F9B37E010AB}"
EndProject
Project("{2150E333-8FDC-42A3-9474-1A3956D46DE8}") = "Solution Items", "Solution Items", "{476FD131-A8F4-4C2D-B967-3CF3E4DD8719}"
	ProjectSection(SolutionItems) = preProject
		.editorconfig = .editorconfig
	EndProjectSection
EndProject
Project("{9A19103F-16F7-4668-BE54-9A1E7A4F7556}") = "Rozdzial03", "Rozdzial3\Rozdzial03.csproj", "{DD63C778-A996-430F-BB4A-93F617859017}"
EndProject
Project("{9A19103F-16F7-4668-BE54-9A1E7A4F7556}") = "Rozdzial04", "Rozdzial4\Rozdzial04.csproj", "{07185D9B-A607-41A7-AD90-78A06B6A43F5}"
EndProject
Project("{9A19103F-16F7-4668-BE54-9A1E7A4F7556}") = "Rozdzial04_2", "Rozdzial4_2\Rozdzial04_2.csproj", "{F0AFA789-7767-438B-9F39-E264CDD229E8}"
EndProject
Project("{9A19103F-16F7-4668-BE54-9A1E7A4F7556}") = "Rozdzial05", "Rozdzial5\Rozdzial05.csproj", "{942F02C5-94AA-42D8-B56C-60C02A2FF917}"
EndProject
Project("{9A19103F-16F7-4668-BE54-9A1E7A4F7556}") = "Rozdzial05_2", "Rozdzial5_2\Rozdzial05_2.csproj", "{611A3BFB-9FBE-4C6A-9954-39FECDEF11CE}"
EndProject
Project("{9A19103F-16F7-4668-BE54-9A1E7A4F7556}") = "Rozdzial05_3", "Rozdzial5_3\Rozdzial05_3.csproj", "{29289858-1235-4AAC-9AF2-CFD6A586B0E4}"
EndProject
Project("{9A19103F-16F7-4668-BE54-9A1E7A4F7556}") = "Rozdzial05_4", "Rozdzial5_4\Rozdzial05_4.csproj", "{A6497D0F-20E8-4B77-8EF3-B076CECF558D}"
EndProject
Project("{9A19103F-16F7-4668-BE54-9A1E7A4F7556}") = "Rozdzial05_5", "Rozdzial5_5\Rozdzial05_5.csproj", "{E5BAE446-F57A-4C9F-B74A-7F09835F86A2}"
EndProject
Project("{9A19103F-16F7-4668-BE54-9A1E7A4F7556}") = "Rozdzial05_6", "Rozdzial5_6\Rozdzial05_6.csproj", "{DC3139FC-D7F0-4DAD-8E20-C3AB330801B9}"
EndProject
Project("{9A19103F-16F7-4668-BE54-9A1E7A4F7556}") = "Rozdzial05_7", "Rozdzial5_7\Rozdzial05_7.csproj", "{F35BBA99-62A9-463E-8FA2-A231259C1716}"
EndProject
Project("{9A19103F-16F7-4668-BE54-9A1E7A4F7556}") = "Rozdzial06", "Rozdzial6\Rozdzial06.csproj", "{56D5642E-0CCF-45AA-A83C-B5A24276B2BD}"
EndProject
Project("{9A19103F-16F7-4668-BE54-9A1E7A4F7556}") = "Rozdzial06_2", "Rozdzial6_2\Rozdzial06_2.csproj", "{0029668C-EC1F-4492-AC28-08905283A4BC}"
EndProject
Project("{9A19103F-16F7-4668-BE54-9A1E7A4F7556}") = "Rozdzial06_3", "Rozdzial6_3\Rozdzial06_3.csproj", "{AE2DB6D1-CD9C-4A35-9E48-8EEB4EE31392}"
EndProject
Project("{9A19103F-16F7-4668-BE54-9A1E7A4F7556}") = "Rozdzial06_4", "Rozdzial6_4\Rozdzial06_4.csproj", "{E1F0DF5E-AB3E-4E3D-9BB8-933D4128B37A}"
EndProject
Project("{9A19103F-16F7-4668-BE54-9A1E7A4F7556}") = "Rozdzial06_5", "Rozdzial6_5\Rozdzial06_5.csproj", "{DC5854B8-4682-4F44-A901-97500FB90D7F}"
EndProject
Project("{9A19103F-16F7-4668-BE54-9A1E7A4F7556}") = "Rozdzial06_6", "Rozdzial6_6\Rozdzial06_6.csproj", "{3042224A-E58B-4824-A8FF-9EFAB0B5FF6B}"
EndProject
Project("{9A19103F-16F7-4668-BE54-9A1E7A4F7556}") = "Rozdzial06_7", "Rozdzial6_7\Rozdzial06_7.csproj", "{FAE42308-86A8-4CEA-BDAA-1BA26B7B84B0}"
EndProject
Project("{9A19103F-16F7-4668-BE54-9A1E7A4F7556}") = "Rozdzial06_8", "Rozdzial6_8\Rozdzial06_8.csproj", "{38BA9442-22AC-4602-80FC-87859FC69166}"
EndProject
Project("{9A19103F-16F7-4668-BE54-9A1E7A4F7556}") = "Rozdzial06_9", "Rozdzial6_9\Rozdzial06_9.csproj", "{789A56B7-89AF-4522-B40C-6786CDE9C295}"
EndProject
Project("{9A19103F-16F7-4668-BE54-9A1E7A4F7556}") = "Rozdzial07", "Rozdzial7\Rozdzial07.csproj", "{BC5F4391-12DD-4782-8D2D-9ED01E23E255}"
EndProject
Project("{9A19103F-16F7-4668-BE54-9A1E7A4F7556}") = "Rozdzial07_2", "Rozdzial7_2\Rozdzial07_2.csproj", "{5E6EEEEA-159D-4B2F-A580-D93BC652C74E}"
EndProject
Project("{9A19103F-16F7-4668-BE54-9A1E7A4F7556}") = "Rozdzial07_3", "Rozdzial7_3\Rozdzial07_3.csproj", "{DD95E4B8-1722-414C-830E-621290CF8FD3}"
EndProject
Project("{9A19103F-16F7-4668-BE54-9A1E7A4F7556}") = "Rozdzial07_4", "Rozdzial7_4\Rozdzial07_4.csproj", "{AC41F2FF-43C0-470D-B4F4-18F4518B1B65}"
EndProject
Project("{9A19103F-16F7-4668-BE54-9A1E7A4F7556}") = "Rozdzial07_5", "Rozdzial7_5\Rozdzial07_5.csproj", "{DEEF4E36-DFFD-46C5-B945-7E7644E6C8F2}"
EndProject
Project("{9A19103F-16F7-4668-BE54-9A1E7A4F7556}") = "Rozdzial08", "Rozdzial8\Rozdzial08.csproj", "{708363A5-AD00-4070-9ECA-F61541335C53}"
EndProject
Project("{9A19103F-16F7-4668-BE54-9A1E7A4F7556}") = "Rozdzial08_2", "Rozdzial8_2\Rozdzial08_2.csproj", "{CDBE5DB0-3AD7-4BC2-AA15-13F37A59EEC8}"
EndProject
Project("{9A19103F-16F7-4668-BE54-9A1E7A4F7556}") = "Rozdzial08_3", "Rozdzial8_3\Rozdzial08_3.csproj", "{E655C387-CC56-4505-AD7D-671C99181FFC}"
EndProject
Project("{9A19103F-16F7-4668-BE54-9A1E7A4F7556}") = "Rozdzial08_4", "Rozdzial8_4\Rozdzial08_4.csproj", "{8E04FFAB-B9CD-429C-87BD-235F68121FF6}"
EndProject
Project("{9A19103F-16F7-4668-BE54-9A1E7A4F7556}") = "Rozdzial08_5", "Rozdzial8_5\Rozdzial08_5.csproj", "{BCD5FEF0-53A8-49FB-BDDF-4A8B1B9618C8}"
EndProject
Project("{9A19103F-16F7-4668-BE54-9A1E7A4F7556}") = "Rozdzial08_6", "Rozdzial8_6\Rozdzial08_6.csproj", "{B1F39A93-4DA4-431E-B3D2-44D98CC877BA}"
EndProject
Project("{9A19103F-16F7-4668-BE54-9A1E7A4F7556}") = "Rozdzial09", "Rozdzial9\Rozdzial09.csproj", "{8AD55C85-ADC9-4A1E-B134-1909C81DA060}"
EndProject
Project("{9A19103F-16F7-4668-BE54-9A1E7A4F7556}") = "Rozdzial09_2", "Rozdzial9_2\Rozdzial09_2.csproj", "{3D3937AF-61C1-48AF-AF82-C22FF972BE47}"
EndProject
Project("{9A19103F-16F7-4668-BE54-9A1E7A4F7556}") = "Rozdzial09_3", "Rozdzial9_3\Rozdzial09_3.csproj", "{2B90245C-DEED-4342-AAA4-E48094CA8B0F}"
EndProject
Project("{9A19103F-16F7-4668-BE54-9A1E7A4F7556}") = "Rozdzial09_4", "Rozdzial9_4\Rozdzial09_4.csproj", "{2C4BAD95-8285-4185-AEBF-0CFADEBECE7E}"
EndProject
Project("{9A19103F-16F7-4668-BE54-9A1E7A4F7556}") = "Rozdzial09_5", "Rozdzial9_5\Rozdzial09_5.csproj", "{E376AD12-DCC0-4175-8DD7-4389CCB30347}"
EndProject
Project("{9A19103F-16F7-4668-BE54-9A1E7A4F7556}") = "Rozdzial10_2", "Rozdzial10_02\Rozdzial10_2.csproj", "{0085C1A9-367A-424B-9427-F2B4EBD88C17}"
	ProjectSection(ProjectDependencies) = postProject
		{D11361EB-3CE4-4674-A763-5F4A9A02719C} = {D11361EB-3CE4-4674-A763-5F4A9A02719C}
	EndProjectSection
EndProject
Project("{9A19103F-16F7-4668-BE54-9A1E7A4F7556}") = "Rozdzial10_3", "Rozdzial10_3\Rozdzial10_3.csproj", "{91EB4566-4C58-44F2-93B4-00ABCBDD9601}"
EndProject
Project("{2150E333-8FDC-42A3-9474-1A3956D46DE8}") = "Rozdzial05", "Rozdzial05", "{45F8D274-494B-40BD-A1AE-26A726EE3D5A}"
EndProject
Project("{9A19103F-16F7-4668-BE54-9A1E7A4F7556}") = "Rozdzial10_1", "Rozdzial10_1\Rozdzial10_1.csproj", "{4F224479-3669-4826-940F-97C78BABB2B0}"
EndProject
Project("{2150E333-8FDC-42A3-9474-1A3956D46DE8}") = "Rozdzial06", "Rozdzial06", "{52A8AC5D-DBCD-457A-9C3F-D17695FB7E29}"
EndProject
Project("{2150E333-8FDC-42A3-9474-1A3956D46DE8}") = "Rozdzial07", "Rozdzial07", "{435825D5-30CA-4F9E-B068-8507D0257F0A}"
EndProject
Project("{2150E333-8FDC-42A3-9474-1A3956D46DE8}") = "Rozdzial08", "Rozdzial08", "{32C330AC-5939-401C-AF0A-A0166C5229DE}"
EndProject
Project("{2150E333-8FDC-42A3-9474-1A3956D46DE8}") = "Rozdzial09", "Rozdzial09", "{BED26576-513B-4343-BC55-DE092FADD4C1}"
EndProject
Project("{2150E333-8FDC-42A3-9474-1A3956D46DE8}") = "Rozdzial10", "Rozdzial10", "{7BD74091-01EF-4B62-85E1-108277CDD815}"
EndProject
Project("{2150E333-8FDC-42A3-9474-1A3956D46DE8}") = "Rozdzial04", "Rozdzial04", "{03D7795A-1ED7-4277-B998-5FD91E83EF4B}"
EndProject
Project("{2150E333-8FDC-42A3-9474-1A3956D46DE8}") = "Rozdzial03", "Rozdzial03", "{D4195595-D4FF-4C73-B6C6-4C5D1A2FF95F}"
EndProject
Project("{2150E333-8FDC-42A3-9474-1A3956D46DE8}") = "Rozdzial02", "Rozdzial02", "{E95BA623-B1B3-4C61-A997-525F813E8B67}"
EndProject
Project("{2150E333-8FDC-42A3-9474-1A3956D46DE8}") = "Rozdzial01", "Rozdzial01", "{62AAE41F-0FDA-4D6B-A2D7-EE5A344C0BD1}"
EndProject
Project("{9A19103F-16F7-4668-BE54-9A1E7A4F7556}") = "ClassLibrary1", "ClassLibrary1\ClassLibrary1.csproj", "{D11361EB-3CE4-4674-A763-5F4A9A02719C}"
EndProject
Project("{9A19103F-16F7-4668-BE54-9A1E7A4F7556}") = "Rozdzial10_4", "Rozdzial10_4\Rozdzial10_4.csproj", "{CBA079C1-8DE9-4D59-BA3A-17422A6D5F46}"
EndProject
Project("{2150E333-8FDC-42A3-9474-1A3956D46DE8}") = "Rozdzial11", "Rozdzial11", "{18B7CF68-8F89-40F2-A78C-C95E406180D2}"
EndProject
Project("{9A19103F-16F7-4668-BE54-9A1E7A4F7556}") = "Rozdzial11_1", "Rozdzial11_1\Rozdzial11_1.csproj", "{B08BF1E4-993D-4A67-83AC-64567F0C1319}"
EndProject
Project("{9A19103F-16F7-4668-BE54-9A1E7A4F7556}") = "Rozdzial11_2", "Rozdzial11_2\Rozdzial11_2.csproj", "{4001969A-4989-46C4-863C-40F75858CDBA}"
EndProject
Project("{2150E333-8FDC-42A3-9474-1A3956D46DE8}") = "Rozdzial12", "Rozdzial12", "{45B2A77F-B13D-4B76-B686-2626AB884079}"
EndProject
Project("{9A19103F-16F7-4668-BE54-9A1E7A4F7556}") = "Rozdzial12_1", "Rozdzial12_1\Rozdzial12_1.csproj", "{A2AB6CDD-82F8-456A-8400-8FEABB985BF2}"
EndProject
Project("{9A19103F-16F7-4668-BE54-9A1E7A4F7556}") = "Rozdzial12_2", "Rozdzial12_2\Rozdzial12_2.csproj", "{018DBD53-17F6-4B9B-A647-25E944683096}"
EndProject
Project("{9A19103F-16F7-4668-BE54-9A1E7A4F7556}") = "Rozdzial12_3", "Rozdzial12_3\Rozdzial12_3.csproj", "{EF0CA19D-2329-463F-B651-4C54CAA2A0E4}"
EndProject
Project("{9A19103F-16F7-4668-BE54-9A1E7A4F7556}") = "Rozdzial12_4", "Rozdzial12_4\Rozdzial12_4.csproj", "{2CE6F51D-38DD-4DAC-86AA-E72E0B6C2936}"
EndProject
Project("{9A19103F-16F7-4668-BE54-9A1E7A4F7556}") = "Rozdzial12_5", "Rozdzial12_5\Rozdzial12_5.csproj", "{0A5208D6-6F90-4EDD-87E8-5027E4231671}"
EndProject
Project("{9A19103F-16F7-4668-BE54-9A1E7A4F7556}") = "Rozdzial12_6", "Rozdzial12_6\Rozdzial12_6.csproj", "{C8B14268-C6BC-45C0-8C16-D0E3F4F58544}"
EndProject
Project("{2150E333-8FDC-42A3-9474-1A3956D46DE8}") = "Rozdzial13", "Rozdzial13", "{484A6D9D-E6F5-4778-B8ED-5256BBECA588}"
EndProject
Project("{9A19103F-16F7-4668-BE54-9A1E7A4F7556}") = "Rozdzial13_1", "Rozdzial13_1\Rozdzial13_1.csproj", "{5D02CE7F-9BE1-4F05-BD69-9F67787DAF02}"
EndProject
Project("{9A19103F-16F7-4668-BE54-9A1E7A4F7556}") = "Rozdzial13_2", "Rozdzial13_2\Rozdzial13_2.csproj", "{B80FD22C-13CC-4FC4-A531-77348AE3B691}"
EndProject
Project("{9A19103F-16F7-4668-BE54-9A1E7A4F7556}") = "Rozdzial13_3", "Rozdzial13_3\Rozdzial13_3.csproj", "{E5A6B855-6667-4F28-AA85-44070A256A5D}"
EndProject
Project("{2150E333-8FDC-42A3-9474-1A3956D46DE8}") = "Rozdzial14", "Rozdzial14", "{E938AFFA-39F5-416B-93CE-8F6E35A769E6}"
EndProject
Project("{9A19103F-16F7-4668-BE54-9A1E7A4F7556}") = "Rozdzial14_1", "Rozdzial14_1\Rozdzial14_1.csproj", "{01DC597F-002B-447D-B2E5-AF47F206E02B}"
EndProject
Project("{9A19103F-16F7-4668-BE54-9A1E7A4F7556}") = "Rozdzial14_2", "Rozdzial14_2\Rozdzial14_2.csproj", "{2B2C9FBC-56CC-454C-B895-C1B19666C280}"
EndProject
Project("{9A19103F-16F7-4668-BE54-9A1E7A4F7556}") = "Rozdzial14_3", "Rozdzial14_3\Rozdzial14_3.csproj", "{13900FC8-5D93-4DB9-84C0-8F1822320459}"
EndProject
Project("{9A19103F-16F7-4668-BE54-9A1E7A4F7556}") = "MyExampleOfEvent", "MyExampleOfEvent\MyExampleOfEvent.csproj", "{89FEAF51-61CE-4CAF-9EEF-27C519CFD2E0}"
EndProject
Project("{2150E333-8FDC-42A3-9474-1A3956D46DE8}") = "Rozdzial15", "Rozdzial15", "{628A260A-EBF3-4EC4-9C20-CE7A561DA020}"
EndProject
Project("{9A19103F-16F7-4668-BE54-9A1E7A4F7556}") = "Rozdzial15_1", "Rozdzial15_1\Rozdzial15_1.csproj", "{323A9841-40B0-47FE-9AC0-9123D233BDD4}"
EndProject
Project("{9A19103F-16F7-4668-BE54-9A1E7A4F7556}") = "Rozdzial15_2", "Rozdzial15_2\Rozdzial15_2.csproj", "{1A1760D6-841F-4C27-9E90-2019B80EC56E}"
EndProject
Project("{9A19103F-16F7-4668-BE54-9A1E7A4F7556}") = "Rozdzial15_3", "Rozdzial15_3\Rozdzial15_3.csproj", "{0AAD2671-9F0B-465F-85E3-B8A593E40321}"
EndProject
Project("{9A19103F-16F7-4668-BE54-9A1E7A4F7556}") = "Rozdzial15_4", "Rozdzial15_4\Rozdzial15_4.csproj", "{3B66D576-0816-485C-9D3A-84DB87ED2366}"
EndProject
Project("{2150E333-8FDC-42A3-9474-1A3956D46DE8}") = "Rozdzial16", "Rozdzial16", "{94A0872A-E410-4ACB-959E-E0660208E058}"
EndProject
Project("{9A19103F-16F7-4668-BE54-9A1E7A4F7556}") = "Rozdzial16_1", "Rozdzial16_1\Rozdzial16_1.csproj", "{14292FF9-0792-4445-AC4F-D312844176E3}"
EndProject
Project("{2150E333-8FDC-42A3-9474-1A3956D46DE8}") = "Rozdzial17", "Rozdzial17", "{92138ED5-1F10-4CEA-ADE2-8FC01C2589C2}"
EndProject
Project("{9A19103F-16F7-4668-BE54-9A1E7A4F7556}") = "Rozdzial17_1", "Rozdzial17_1\Rozdzial17_1.csproj", "{EC33E6D1-25E5-4182-BDFA-C26C5CAB5BB2}"
EndProject
Project("{2150E333-8FDC-42A3-9474-1A3956D46DE8}") = "Rozdzial18", "Rozdzial18", "{AAEE41C8-5CBB-44AB-8631-32AB93950255}"
EndProject
Project("{9A19103F-16F7-4668-BE54-9A1E7A4F7556}") = "Rozdzial18_1", "Rozdzial18_1\Rozdzial18_1.csproj", "{8A253C76-94CB-4010-AB8E-1B7689511209}"
EndProject
Project("{9A19103F-16F7-4668-BE54-9A1E7A4F7556}") = "Rozdzial18_2", "Rozdzial18_2\Rozdzial18_2.csproj", "{87CED2A0-2FA7-4EBF-A117-AE321C20451A}"
EndProject
Project("{9A19103F-16F7-4668-BE54-9A1E7A4F7556}") = "Rozdzial18_3", "Rozdzial18_3\Rozdzial18_3.csproj", "{07D21335-3E05-4529-BB84-72EF11E04AE4}"
EndProject
Project("{2150E333-8FDC-42A3-9474-1A3956D46DE8}") = "Rozdzial19", "Rozdzial19", "{F9174B23-A373-492D-A956-3D2521014FDD}"
EndProject
Project("{9A19103F-16F7-4668-BE54-9A1E7A4F7556}") = "Rozdzial19_1", "Rozdzial19_1\Rozdzial19_1.csproj", "{01EDFC68-6331-4536-862E-71BD35562738}"
EndProject
Project("{FAE04EC0-301F-11D3-BF4B-00C04F79EFBC}") = "Rozdzial19_2", "Rozdzial19_2\Rozdzial19_2.csproj", "{C959C76B-EB9C-416A-94CA-20A0F272D070}"
EndProject
Global
	GlobalSection(SolutionConfigurationPlatforms) = preSolution
		Debug|Any CPU = Debug|Any CPU
		Release|Any CPU = Release|Any CPU
	EndGlobalSection
	GlobalSection(ProjectConfigurationPlatforms) = postSolution
		{96DC611B-B52C-4D05-8FBF-F52B274C7516}.Debug|Any CPU.ActiveCfg = Debug|Any CPU
		{96DC611B-B52C-4D05-8FBF-F52B274C7516}.Debug|Any CPU.Build.0 = Debug|Any CPU
		{96DC611B-B52C-4D05-8FBF-F52B274C7516}.Release|Any CPU.ActiveCfg = Release|Any CPU
		{96DC611B-B52C-4D05-8FBF-F52B274C7516}.Release|Any CPU.Build.0 = Release|Any CPU
		{826CCF08-4B42-4D53-B4CD-4F9B37E010AB}.Debug|Any CPU.ActiveCfg = Debug|Any CPU
		{826CCF08-4B42-4D53-B4CD-4F9B37E010AB}.Debug|Any CPU.Build.0 = Debug|Any CPU
		{826CCF08-4B42-4D53-B4CD-4F9B37E010AB}.Release|Any CPU.ActiveCfg = Release|Any CPU
		{826CCF08-4B42-4D53-B4CD-4F9B37E010AB}.Release|Any CPU.Build.0 = Release|Any CPU
		{DD63C778-A996-430F-BB4A-93F617859017}.Debug|Any CPU.ActiveCfg = Debug|Any CPU
		{DD63C778-A996-430F-BB4A-93F617859017}.Debug|Any CPU.Build.0 = Debug|Any CPU
		{DD63C778-A996-430F-BB4A-93F617859017}.Release|Any CPU.ActiveCfg = Release|Any CPU
		{DD63C778-A996-430F-BB4A-93F617859017}.Release|Any CPU.Build.0 = Release|Any CPU
		{07185D9B-A607-41A7-AD90-78A06B6A43F5}.Debug|Any CPU.ActiveCfg = Debug|Any CPU
		{07185D9B-A607-41A7-AD90-78A06B6A43F5}.Debug|Any CPU.Build.0 = Debug|Any CPU
		{07185D9B-A607-41A7-AD90-78A06B6A43F5}.Release|Any CPU.ActiveCfg = Release|Any CPU
		{07185D9B-A607-41A7-AD90-78A06B6A43F5}.Release|Any CPU.Build.0 = Release|Any CPU
		{F0AFA789-7767-438B-9F39-E264CDD229E8}.Debug|Any CPU.ActiveCfg = Debug|Any CPU
		{F0AFA789-7767-438B-9F39-E264CDD229E8}.Debug|Any CPU.Build.0 = Debug|Any CPU
		{F0AFA789-7767-438B-9F39-E264CDD229E8}.Release|Any CPU.ActiveCfg = Release|Any CPU
		{F0AFA789-7767-438B-9F39-E264CDD229E8}.Release|Any CPU.Build.0 = Release|Any CPU
		{942F02C5-94AA-42D8-B56C-60C02A2FF917}.Debug|Any CPU.ActiveCfg = Debug|Any CPU
		{942F02C5-94AA-42D8-B56C-60C02A2FF917}.Debug|Any CPU.Build.0 = Debug|Any CPU
		{942F02C5-94AA-42D8-B56C-60C02A2FF917}.Release|Any CPU.ActiveCfg = Release|Any CPU
		{942F02C5-94AA-42D8-B56C-60C02A2FF917}.Release|Any CPU.Build.0 = Release|Any CPU
		{611A3BFB-9FBE-4C6A-9954-39FECDEF11CE}.Debug|Any CPU.ActiveCfg = Debug|Any CPU
		{611A3BFB-9FBE-4C6A-9954-39FECDEF11CE}.Debug|Any CPU.Build.0 = Debug|Any CPU
		{611A3BFB-9FBE-4C6A-9954-39FECDEF11CE}.Release|Any CPU.ActiveCfg = Release|Any CPU
		{611A3BFB-9FBE-4C6A-9954-39FECDEF11CE}.Release|Any CPU.Build.0 = Release|Any CPU
		{29289858-1235-4AAC-9AF2-CFD6A586B0E4}.Debug|Any CPU.ActiveCfg = Debug|Any CPU
		{29289858-1235-4AAC-9AF2-CFD6A586B0E4}.Debug|Any CPU.Build.0 = Debug|Any CPU
		{29289858-1235-4AAC-9AF2-CFD6A586B0E4}.Release|Any CPU.ActiveCfg = Release|Any CPU
		{29289858-1235-4AAC-9AF2-CFD6A586B0E4}.Release|Any CPU.Build.0 = Release|Any CPU
		{A6497D0F-20E8-4B77-8EF3-B076CECF558D}.Debug|Any CPU.ActiveCfg = Debug|Any CPU
		{A6497D0F-20E8-4B77-8EF3-B076CECF558D}.Debug|Any CPU.Build.0 = Debug|Any CPU
		{A6497D0F-20E8-4B77-8EF3-B076CECF558D}.Release|Any CPU.ActiveCfg = Release|Any CPU
		{A6497D0F-20E8-4B77-8EF3-B076CECF558D}.Release|Any CPU.Build.0 = Release|Any CPU
		{E5BAE446-F57A-4C9F-B74A-7F09835F86A2}.Debug|Any CPU.ActiveCfg = Debug|Any CPU
		{E5BAE446-F57A-4C9F-B74A-7F09835F86A2}.Debug|Any CPU.Build.0 = Debug|Any CPU
		{E5BAE446-F57A-4C9F-B74A-7F09835F86A2}.Release|Any CPU.ActiveCfg = Release|Any CPU
		{E5BAE446-F57A-4C9F-B74A-7F09835F86A2}.Release|Any CPU.Build.0 = Release|Any CPU
		{DC3139FC-D7F0-4DAD-8E20-C3AB330801B9}.Debug|Any CPU.ActiveCfg = Debug|Any CPU
		{DC3139FC-D7F0-4DAD-8E20-C3AB330801B9}.Debug|Any CPU.Build.0 = Debug|Any CPU
		{DC3139FC-D7F0-4DAD-8E20-C3AB330801B9}.Release|Any CPU.ActiveCfg = Release|Any CPU
		{DC3139FC-D7F0-4DAD-8E20-C3AB330801B9}.Release|Any CPU.Build.0 = Release|Any CPU
		{F35BBA99-62A9-463E-8FA2-A231259C1716}.Debug|Any CPU.ActiveCfg = Debug|Any CPU
		{F35BBA99-62A9-463E-8FA2-A231259C1716}.Debug|Any CPU.Build.0 = Debug|Any CPU
		{F35BBA99-62A9-463E-8FA2-A231259C1716}.Release|Any CPU.ActiveCfg = Release|Any CPU
		{F35BBA99-62A9-463E-8FA2-A231259C1716}.Release|Any CPU.Build.0 = Release|Any CPU
		{56D5642E-0CCF-45AA-A83C-B5A24276B2BD}.Debug|Any CPU.ActiveCfg = Debug|Any CPU
		{56D5642E-0CCF-45AA-A83C-B5A24276B2BD}.Debug|Any CPU.Build.0 = Debug|Any CPU
		{56D5642E-0CCF-45AA-A83C-B5A24276B2BD}.Release|Any CPU.ActiveCfg = Release|Any CPU
		{56D5642E-0CCF-45AA-A83C-B5A24276B2BD}.Release|Any CPU.Build.0 = Release|Any CPU
		{0029668C-EC1F-4492-AC28-08905283A4BC}.Debug|Any CPU.ActiveCfg = Debug|Any CPU
		{0029668C-EC1F-4492-AC28-08905283A4BC}.Debug|Any CPU.Build.0 = Debug|Any CPU
		{0029668C-EC1F-4492-AC28-08905283A4BC}.Release|Any CPU.ActiveCfg = Release|Any CPU
		{0029668C-EC1F-4492-AC28-08905283A4BC}.Release|Any CPU.Build.0 = Release|Any CPU
		{AE2DB6D1-CD9C-4A35-9E48-8EEB4EE31392}.Debug|Any CPU.ActiveCfg = Debug|Any CPU
		{AE2DB6D1-CD9C-4A35-9E48-8EEB4EE31392}.Debug|Any CPU.Build.0 = Debug|Any CPU
		{AE2DB6D1-CD9C-4A35-9E48-8EEB4EE31392}.Release|Any CPU.ActiveCfg = Release|Any CPU
		{AE2DB6D1-CD9C-4A35-9E48-8EEB4EE31392}.Release|Any CPU.Build.0 = Release|Any CPU
		{E1F0DF5E-AB3E-4E3D-9BB8-933D4128B37A}.Debug|Any CPU.ActiveCfg = Debug|Any CPU
		{E1F0DF5E-AB3E-4E3D-9BB8-933D4128B37A}.Debug|Any CPU.Build.0 = Debug|Any CPU
		{E1F0DF5E-AB3E-4E3D-9BB8-933D4128B37A}.Release|Any CPU.ActiveCfg = Release|Any CPU
		{E1F0DF5E-AB3E-4E3D-9BB8-933D4128B37A}.Release|Any CPU.Build.0 = Release|Any CPU
		{DC5854B8-4682-4F44-A901-97500FB90D7F}.Debug|Any CPU.ActiveCfg = Debug|Any CPU
		{DC5854B8-4682-4F44-A901-97500FB90D7F}.Debug|Any CPU.Build.0 = Debug|Any CPU
		{DC5854B8-4682-4F44-A901-97500FB90D7F}.Release|Any CPU.ActiveCfg = Release|Any CPU
		{DC5854B8-4682-4F44-A901-97500FB90D7F}.Release|Any CPU.Build.0 = Release|Any CPU
		{3042224A-E58B-4824-A8FF-9EFAB0B5FF6B}.Debug|Any CPU.ActiveCfg = Debug|Any CPU
		{3042224A-E58B-4824-A8FF-9EFAB0B5FF6B}.Debug|Any CPU.Build.0 = Debug|Any CPU
		{3042224A-E58B-4824-A8FF-9EFAB0B5FF6B}.Release|Any CPU.ActiveCfg = Release|Any CPU
		{3042224A-E58B-4824-A8FF-9EFAB0B5FF6B}.Release|Any CPU.Build.0 = Release|Any CPU
		{FAE42308-86A8-4CEA-BDAA-1BA26B7B84B0}.Debug|Any CPU.ActiveCfg = Debug|Any CPU
		{FAE42308-86A8-4CEA-BDAA-1BA26B7B84B0}.Debug|Any CPU.Build.0 = Debug|Any CPU
		{FAE42308-86A8-4CEA-BDAA-1BA26B7B84B0}.Release|Any CPU.ActiveCfg = Release|Any CPU
		{FAE42308-86A8-4CEA-BDAA-1BA26B7B84B0}.Release|Any CPU.Build.0 = Release|Any CPU
		{38BA9442-22AC-4602-80FC-87859FC69166}.Debug|Any CPU.ActiveCfg = Debug|Any CPU
		{38BA9442-22AC-4602-80FC-87859FC69166}.Debug|Any CPU.Build.0 = Debug|Any CPU
		{38BA9442-22AC-4602-80FC-87859FC69166}.Release|Any CPU.ActiveCfg = Release|Any CPU
		{38BA9442-22AC-4602-80FC-87859FC69166}.Release|Any CPU.Build.0 = Release|Any CPU
		{789A56B7-89AF-4522-B40C-6786CDE9C295}.Debug|Any CPU.ActiveCfg = Debug|Any CPU
		{789A56B7-89AF-4522-B40C-6786CDE9C295}.Debug|Any CPU.Build.0 = Debug|Any CPU
		{789A56B7-89AF-4522-B40C-6786CDE9C295}.Release|Any CPU.ActiveCfg = Release|Any CPU
		{789A56B7-89AF-4522-B40C-6786CDE9C295}.Release|Any CPU.Build.0 = Release|Any CPU
		{BC5F4391-12DD-4782-8D2D-9ED01E23E255}.Debug|Any CPU.ActiveCfg = Debug|Any CPU
		{BC5F4391-12DD-4782-8D2D-9ED01E23E255}.Debug|Any CPU.Build.0 = Debug|Any CPU
		{BC5F4391-12DD-4782-8D2D-9ED01E23E255}.Release|Any CPU.ActiveCfg = Release|Any CPU
		{BC5F4391-12DD-4782-8D2D-9ED01E23E255}.Release|Any CPU.Build.0 = Release|Any CPU
		{5E6EEEEA-159D-4B2F-A580-D93BC652C74E}.Debug|Any CPU.ActiveCfg = Debug|Any CPU
		{5E6EEEEA-159D-4B2F-A580-D93BC652C74E}.Debug|Any CPU.Build.0 = Debug|Any CPU
		{5E6EEEEA-159D-4B2F-A580-D93BC652C74E}.Release|Any CPU.ActiveCfg = Release|Any CPU
		{5E6EEEEA-159D-4B2F-A580-D93BC652C74E}.Release|Any CPU.Build.0 = Release|Any CPU
		{DD95E4B8-1722-414C-830E-621290CF8FD3}.Debug|Any CPU.ActiveCfg = Debug|Any CPU
		{DD95E4B8-1722-414C-830E-621290CF8FD3}.Debug|Any CPU.Build.0 = Debug|Any CPU
		{DD95E4B8-1722-414C-830E-621290CF8FD3}.Release|Any CPU.ActiveCfg = Release|Any CPU
		{DD95E4B8-1722-414C-830E-621290CF8FD3}.Release|Any CPU.Build.0 = Release|Any CPU
		{AC41F2FF-43C0-470D-B4F4-18F4518B1B65}.Debug|Any CPU.ActiveCfg = Debug|Any CPU
		{AC41F2FF-43C0-470D-B4F4-18F4518B1B65}.Debug|Any CPU.Build.0 = Debug|Any CPU
		{AC41F2FF-43C0-470D-B4F4-18F4518B1B65}.Release|Any CPU.ActiveCfg = Release|Any CPU
		{AC41F2FF-43C0-470D-B4F4-18F4518B1B65}.Release|Any CPU.Build.0 = Release|Any CPU
		{DEEF4E36-DFFD-46C5-B945-7E7644E6C8F2}.Debug|Any CPU.ActiveCfg = Debug|Any CPU
		{DEEF4E36-DFFD-46C5-B945-7E7644E6C8F2}.Debug|Any CPU.Build.0 = Debug|Any CPU
		{DEEF4E36-DFFD-46C5-B945-7E7644E6C8F2}.Release|Any CPU.ActiveCfg = Release|Any CPU
		{DEEF4E36-DFFD-46C5-B945-7E7644E6C8F2}.Release|Any CPU.Build.0 = Release|Any CPU
		{708363A5-AD00-4070-9ECA-F61541335C53}.Debug|Any CPU.ActiveCfg = Debug|Any CPU
		{708363A5-AD00-4070-9ECA-F61541335C53}.Debug|Any CPU.Build.0 = Debug|Any CPU
		{708363A5-AD00-4070-9ECA-F61541335C53}.Release|Any CPU.ActiveCfg = Release|Any CPU
		{708363A5-AD00-4070-9ECA-F61541335C53}.Release|Any CPU.Build.0 = Release|Any CPU
		{CDBE5DB0-3AD7-4BC2-AA15-13F37A59EEC8}.Debug|Any CPU.ActiveCfg = Debug|Any CPU
		{CDBE5DB0-3AD7-4BC2-AA15-13F37A59EEC8}.Debug|Any CPU.Build.0 = Debug|Any CPU
		{CDBE5DB0-3AD7-4BC2-AA15-13F37A59EEC8}.Release|Any CPU.ActiveCfg = Release|Any CPU
		{CDBE5DB0-3AD7-4BC2-AA15-13F37A59EEC8}.Release|Any CPU.Build.0 = Release|Any CPU
		{E655C387-CC56-4505-AD7D-671C99181FFC}.Debug|Any CPU.ActiveCfg = Debug|Any CPU
		{E655C387-CC56-4505-AD7D-671C99181FFC}.Debug|Any CPU.Build.0 = Debug|Any CPU
		{E655C387-CC56-4505-AD7D-671C99181FFC}.Release|Any CPU.ActiveCfg = Release|Any CPU
		{E655C387-CC56-4505-AD7D-671C99181FFC}.Release|Any CPU.Build.0 = Release|Any CPU
		{8E04FFAB-B9CD-429C-87BD-235F68121FF6}.Debug|Any CPU.ActiveCfg = Debug|Any CPU
		{8E04FFAB-B9CD-429C-87BD-235F68121FF6}.Debug|Any CPU.Build.0 = Debug|Any CPU
		{8E04FFAB-B9CD-429C-87BD-235F68121FF6}.Release|Any CPU.ActiveCfg = Release|Any CPU
		{8E04FFAB-B9CD-429C-87BD-235F68121FF6}.Release|Any CPU.Build.0 = Release|Any CPU
		{BCD5FEF0-53A8-49FB-BDDF-4A8B1B9618C8}.Debug|Any CPU.ActiveCfg = Debug|Any CPU
		{BCD5FEF0-53A8-49FB-BDDF-4A8B1B9618C8}.Debug|Any CPU.Build.0 = Debug|Any CPU
		{BCD5FEF0-53A8-49FB-BDDF-4A8B1B9618C8}.Release|Any CPU.ActiveCfg = Release|Any CPU
		{BCD5FEF0-53A8-49FB-BDDF-4A8B1B9618C8}.Release|Any CPU.Build.0 = Release|Any CPU
		{B1F39A93-4DA4-431E-B3D2-44D98CC877BA}.Debug|Any CPU.ActiveCfg = Debug|Any CPU
		{B1F39A93-4DA4-431E-B3D2-44D98CC877BA}.Debug|Any CPU.Build.0 = Debug|Any CPU
		{B1F39A93-4DA4-431E-B3D2-44D98CC877BA}.Release|Any CPU.ActiveCfg = Release|Any CPU
		{B1F39A93-4DA4-431E-B3D2-44D98CC877BA}.Release|Any CPU.Build.0 = Release|Any CPU
		{8AD55C85-ADC9-4A1E-B134-1909C81DA060}.Debug|Any CPU.ActiveCfg = Debug|Any CPU
		{8AD55C85-ADC9-4A1E-B134-1909C81DA060}.Debug|Any CPU.Build.0 = Debug|Any CPU
		{8AD55C85-ADC9-4A1E-B134-1909C81DA060}.Release|Any CPU.ActiveCfg = Release|Any CPU
		{8AD55C85-ADC9-4A1E-B134-1909C81DA060}.Release|Any CPU.Build.0 = Release|Any CPU
		{3D3937AF-61C1-48AF-AF82-C22FF972BE47}.Debug|Any CPU.ActiveCfg = Debug|Any CPU
		{3D3937AF-61C1-48AF-AF82-C22FF972BE47}.Debug|Any CPU.Build.0 = Debug|Any CPU
		{3D3937AF-61C1-48AF-AF82-C22FF972BE47}.Release|Any CPU.ActiveCfg = Release|Any CPU
		{3D3937AF-61C1-48AF-AF82-C22FF972BE47}.Release|Any CPU.Build.0 = Release|Any CPU
		{2B90245C-DEED-4342-AAA4-E48094CA8B0F}.Debug|Any CPU.ActiveCfg = Debug|Any CPU
		{2B90245C-DEED-4342-AAA4-E48094CA8B0F}.Debug|Any CPU.Build.0 = Debug|Any CPU
		{2B90245C-DEED-4342-AAA4-E48094CA8B0F}.Release|Any CPU.ActiveCfg = Release|Any CPU
		{2B90245C-DEED-4342-AAA4-E48094CA8B0F}.Release|Any CPU.Build.0 = Release|Any CPU
		{2C4BAD95-8285-4185-AEBF-0CFADEBECE7E}.Debug|Any CPU.ActiveCfg = Debug|Any CPU
		{2C4BAD95-8285-4185-AEBF-0CFADEBECE7E}.Debug|Any CPU.Build.0 = Debug|Any CPU
		{2C4BAD95-8285-4185-AEBF-0CFADEBECE7E}.Release|Any CPU.ActiveCfg = Release|Any CPU
		{2C4BAD95-8285-4185-AEBF-0CFADEBECE7E}.Release|Any CPU.Build.0 = Release|Any CPU
		{E376AD12-DCC0-4175-8DD7-4389CCB30347}.Debug|Any CPU.ActiveCfg = Debug|Any CPU
		{E376AD12-DCC0-4175-8DD7-4389CCB30347}.Debug|Any CPU.Build.0 = Debug|Any CPU
		{E376AD12-DCC0-4175-8DD7-4389CCB30347}.Release|Any CPU.ActiveCfg = Release|Any CPU
		{E376AD12-DCC0-4175-8DD7-4389CCB30347}.Release|Any CPU.Build.0 = Release|Any CPU
		{0085C1A9-367A-424B-9427-F2B4EBD88C17}.Debug|Any CPU.ActiveCfg = Debug|Any CPU
		{0085C1A9-367A-424B-9427-F2B4EBD88C17}.Debug|Any CPU.Build.0 = Debug|Any CPU
		{0085C1A9-367A-424B-9427-F2B4EBD88C17}.Release|Any CPU.ActiveCfg = Release|Any CPU
		{0085C1A9-367A-424B-9427-F2B4EBD88C17}.Release|Any CPU.Build.0 = Release|Any CPU
		{91EB4566-4C58-44F2-93B4-00ABCBDD9601}.Debug|Any CPU.ActiveCfg = Debug|Any CPU
		{91EB4566-4C58-44F2-93B4-00ABCBDD9601}.Debug|Any CPU.Build.0 = Debug|Any CPU
		{91EB4566-4C58-44F2-93B4-00ABCBDD9601}.Release|Any CPU.ActiveCfg = Release|Any CPU
		{91EB4566-4C58-44F2-93B4-00ABCBDD9601}.Release|Any CPU.Build.0 = Release|Any CPU
		{4F224479-3669-4826-940F-97C78BABB2B0}.Debug|Any CPU.ActiveCfg = Debug|Any CPU
		{4F224479-3669-4826-940F-97C78BABB2B0}.Debug|Any CPU.Build.0 = Debug|Any CPU
		{4F224479-3669-4826-940F-97C78BABB2B0}.Release|Any CPU.ActiveCfg = Release|Any CPU
		{4F224479-3669-4826-940F-97C78BABB2B0}.Release|Any CPU.Build.0 = Release|Any CPU
		{D11361EB-3CE4-4674-A763-5F4A9A02719C}.Debug|Any CPU.ActiveCfg = Debug|Any CPU
		{D11361EB-3CE4-4674-A763-5F4A9A02719C}.Debug|Any CPU.Build.0 = Debug|Any CPU
		{D11361EB-3CE4-4674-A763-5F4A9A02719C}.Release|Any CPU.ActiveCfg = Release|Any CPU
		{D11361EB-3CE4-4674-A763-5F4A9A02719C}.Release|Any CPU.Build.0 = Release|Any CPU
		{CBA079C1-8DE9-4D59-BA3A-17422A6D5F46}.Debug|Any CPU.ActiveCfg = Debug|Any CPU
		{CBA079C1-8DE9-4D59-BA3A-17422A6D5F46}.Debug|Any CPU.Build.0 = Debug|Any CPU
		{CBA079C1-8DE9-4D59-BA3A-17422A6D5F46}.Release|Any CPU.ActiveCfg = Release|Any CPU
		{CBA079C1-8DE9-4D59-BA3A-17422A6D5F46}.Release|Any CPU.Build.0 = Release|Any CPU
		{B08BF1E4-993D-4A67-83AC-64567F0C1319}.Debug|Any CPU.ActiveCfg = Debug|Any CPU
		{B08BF1E4-993D-4A67-83AC-64567F0C1319}.Debug|Any CPU.Build.0 = Debug|Any CPU
		{B08BF1E4-993D-4A67-83AC-64567F0C1319}.Release|Any CPU.ActiveCfg = Release|Any CPU
		{B08BF1E4-993D-4A67-83AC-64567F0C1319}.Release|Any CPU.Build.0 = Release|Any CPU
		{4001969A-4989-46C4-863C-40F75858CDBA}.Debug|Any CPU.ActiveCfg = Debug|Any CPU
		{4001969A-4989-46C4-863C-40F75858CDBA}.Debug|Any CPU.Build.0 = Debug|Any CPU
		{4001969A-4989-46C4-863C-40F75858CDBA}.Release|Any CPU.ActiveCfg = Release|Any CPU
		{4001969A-4989-46C4-863C-40F75858CDBA}.Release|Any CPU.Build.0 = Release|Any CPU
		{A2AB6CDD-82F8-456A-8400-8FEABB985BF2}.Debug|Any CPU.ActiveCfg = Debug|Any CPU
		{A2AB6CDD-82F8-456A-8400-8FEABB985BF2}.Debug|Any CPU.Build.0 = Debug|Any CPU
		{A2AB6CDD-82F8-456A-8400-8FEABB985BF2}.Release|Any CPU.ActiveCfg = Release|Any CPU
		{A2AB6CDD-82F8-456A-8400-8FEABB985BF2}.Release|Any CPU.Build.0 = Release|Any CPU
		{018DBD53-17F6-4B9B-A647-25E944683096}.Debug|Any CPU.ActiveCfg = Debug|Any CPU
		{018DBD53-17F6-4B9B-A647-25E944683096}.Debug|Any CPU.Build.0 = Debug|Any CPU
		{018DBD53-17F6-4B9B-A647-25E944683096}.Release|Any CPU.ActiveCfg = Release|Any CPU
		{018DBD53-17F6-4B9B-A647-25E944683096}.Release|Any CPU.Build.0 = Release|Any CPU
		{EF0CA19D-2329-463F-B651-4C54CAA2A0E4}.Debug|Any CPU.ActiveCfg = Debug|Any CPU
		{EF0CA19D-2329-463F-B651-4C54CAA2A0E4}.Debug|Any CPU.Build.0 = Debug|Any CPU
		{EF0CA19D-2329-463F-B651-4C54CAA2A0E4}.Release|Any CPU.ActiveCfg = Release|Any CPU
		{EF0CA19D-2329-463F-B651-4C54CAA2A0E4}.Release|Any CPU.Build.0 = Release|Any CPU
		{2CE6F51D-38DD-4DAC-86AA-E72E0B6C2936}.Debug|Any CPU.ActiveCfg = Debug|Any CPU
		{2CE6F51D-38DD-4DAC-86AA-E72E0B6C2936}.Debug|Any CPU.Build.0 = Debug|Any CPU
		{2CE6F51D-38DD-4DAC-86AA-E72E0B6C2936}.Release|Any CPU.ActiveCfg = Release|Any CPU
		{2CE6F51D-38DD-4DAC-86AA-E72E0B6C2936}.Release|Any CPU.Build.0 = Release|Any CPU
		{0A5208D6-6F90-4EDD-87E8-5027E4231671}.Debug|Any CPU.ActiveCfg = Debug|Any CPU
		{0A5208D6-6F90-4EDD-87E8-5027E4231671}.Debug|Any CPU.Build.0 = Debug|Any CPU
		{0A5208D6-6F90-4EDD-87E8-5027E4231671}.Release|Any CPU.ActiveCfg = Release|Any CPU
		{0A5208D6-6F90-4EDD-87E8-5027E4231671}.Release|Any CPU.Build.0 = Release|Any CPU
		{C8B14268-C6BC-45C0-8C16-D0E3F4F58544}.Debug|Any CPU.ActiveCfg = Debug|Any CPU
		{C8B14268-C6BC-45C0-8C16-D0E3F4F58544}.Debug|Any CPU.Build.0 = Debug|Any CPU
		{C8B14268-C6BC-45C0-8C16-D0E3F4F58544}.Release|Any CPU.ActiveCfg = Release|Any CPU
		{C8B14268-C6BC-45C0-8C16-D0E3F4F58544}.Release|Any CPU.Build.0 = Release|Any CPU
		{5D02CE7F-9BE1-4F05-BD69-9F67787DAF02}.Debug|Any CPU.ActiveCfg = Debug|Any CPU
		{5D02CE7F-9BE1-4F05-BD69-9F67787DAF02}.Debug|Any CPU.Build.0 = Debug|Any CPU
		{5D02CE7F-9BE1-4F05-BD69-9F67787DAF02}.Release|Any CPU.ActiveCfg = Release|Any CPU
		{5D02CE7F-9BE1-4F05-BD69-9F67787DAF02}.Release|Any CPU.Build.0 = Release|Any CPU
		{B80FD22C-13CC-4FC4-A531-77348AE3B691}.Debug|Any CPU.ActiveCfg = Debug|Any CPU
		{B80FD22C-13CC-4FC4-A531-77348AE3B691}.Debug|Any CPU.Build.0 = Debug|Any CPU
		{B80FD22C-13CC-4FC4-A531-77348AE3B691}.Release|Any CPU.ActiveCfg = Release|Any CPU
		{B80FD22C-13CC-4FC4-A531-77348AE3B691}.Release|Any CPU.Build.0 = Release|Any CPU
		{E5A6B855-6667-4F28-AA85-44070A256A5D}.Debug|Any CPU.ActiveCfg = Debug|Any CPU
		{E5A6B855-6667-4F28-AA85-44070A256A5D}.Debug|Any CPU.Build.0 = Debug|Any CPU
		{E5A6B855-6667-4F28-AA85-44070A256A5D}.Release|Any CPU.ActiveCfg = Release|Any CPU
		{E5A6B855-6667-4F28-AA85-44070A256A5D}.Release|Any CPU.Build.0 = Release|Any CPU
		{01DC597F-002B-447D-B2E5-AF47F206E02B}.Debug|Any CPU.ActiveCfg = Debug|Any CPU
		{01DC597F-002B-447D-B2E5-AF47F206E02B}.Debug|Any CPU.Build.0 = Debug|Any CPU
		{01DC597F-002B-447D-B2E5-AF47F206E02B}.Release|Any CPU.ActiveCfg = Release|Any CPU
		{01DC597F-002B-447D-B2E5-AF47F206E02B}.Release|Any CPU.Build.0 = Release|Any CPU
		{2B2C9FBC-56CC-454C-B895-C1B19666C280}.Debug|Any CPU.ActiveCfg = Debug|Any CPU
		{2B2C9FBC-56CC-454C-B895-C1B19666C280}.Debug|Any CPU.Build.0 = Debug|Any CPU
		{2B2C9FBC-56CC-454C-B895-C1B19666C280}.Release|Any CPU.ActiveCfg = Release|Any CPU
		{2B2C9FBC-56CC-454C-B895-C1B19666C280}.Release|Any CPU.Build.0 = Release|Any CPU
		{13900FC8-5D93-4DB9-84C0-8F1822320459}.Debug|Any CPU.ActiveCfg = Debug|Any CPU
		{13900FC8-5D93-4DB9-84C0-8F1822320459}.Debug|Any CPU.Build.0 = Debug|Any CPU
		{13900FC8-5D93-4DB9-84C0-8F1822320459}.Release|Any CPU.ActiveCfg = Release|Any CPU
		{13900FC8-5D93-4DB9-84C0-8F1822320459}.Release|Any CPU.Build.0 = Release|Any CPU
		{89FEAF51-61CE-4CAF-9EEF-27C519CFD2E0}.Debug|Any CPU.ActiveCfg = Debug|Any CPU
		{89FEAF51-61CE-4CAF-9EEF-27C519CFD2E0}.Debug|Any CPU.Build.0 = Debug|Any CPU
		{89FEAF51-61CE-4CAF-9EEF-27C519CFD2E0}.Release|Any CPU.ActiveCfg = Release|Any CPU
		{89FEAF51-61CE-4CAF-9EEF-27C519CFD2E0}.Release|Any CPU.Build.0 = Release|Any CPU
		{323A9841-40B0-47FE-9AC0-9123D233BDD4}.Debug|Any CPU.ActiveCfg = Debug|Any CPU
		{323A9841-40B0-47FE-9AC0-9123D233BDD4}.Debug|Any CPU.Build.0 = Debug|Any CPU
		{323A9841-40B0-47FE-9AC0-9123D233BDD4}.Release|Any CPU.ActiveCfg = Release|Any CPU
		{323A9841-40B0-47FE-9AC0-9123D233BDD4}.Release|Any CPU.Build.0 = Release|Any CPU
		{1A1760D6-841F-4C27-9E90-2019B80EC56E}.Debug|Any CPU.ActiveCfg = Debug|Any CPU
		{1A1760D6-841F-4C27-9E90-2019B80EC56E}.Debug|Any CPU.Build.0 = Debug|Any CPU
		{1A1760D6-841F-4C27-9E90-2019B80EC56E}.Release|Any CPU.ActiveCfg = Release|Any CPU
		{1A1760D6-841F-4C27-9E90-2019B80EC56E}.Release|Any CPU.Build.0 = Release|Any CPU
		{0AAD2671-9F0B-465F-85E3-B8A593E40321}.Debug|Any CPU.ActiveCfg = Debug|Any CPU
		{0AAD2671-9F0B-465F-85E3-B8A593E40321}.Debug|Any CPU.Build.0 = Debug|Any CPU
		{0AAD2671-9F0B-465F-85E3-B8A593E40321}.Release|Any CPU.ActiveCfg = Release|Any CPU
		{0AAD2671-9F0B-465F-85E3-B8A593E40321}.Release|Any CPU.Build.0 = Release|Any CPU
		{3B66D576-0816-485C-9D3A-84DB87ED2366}.Debug|Any CPU.ActiveCfg = Debug|Any CPU
		{3B66D576-0816-485C-9D3A-84DB87ED2366}.Debug|Any CPU.Build.0 = Debug|Any CPU
		{3B66D576-0816-485C-9D3A-84DB87ED2366}.Release|Any CPU.ActiveCfg = Release|Any CPU
		{3B66D576-0816-485C-9D3A-84DB87ED2366}.Release|Any CPU.Build.0 = Release|Any CPU
		{14292FF9-0792-4445-AC4F-D312844176E3}.Debug|Any CPU.ActiveCfg = Debug|Any CPU
		{14292FF9-0792-4445-AC4F-D312844176E3}.Debug|Any CPU.Build.0 = Debug|Any CPU
		{14292FF9-0792-4445-AC4F-D312844176E3}.Release|Any CPU.ActiveCfg = Release|Any CPU
		{14292FF9-0792-4445-AC4F-D312844176E3}.Release|Any CPU.Build.0 = Release|Any CPU
		{EC33E6D1-25E5-4182-BDFA-C26C5CAB5BB2}.Debug|Any CPU.ActiveCfg = Debug|Any CPU
		{EC33E6D1-25E5-4182-BDFA-C26C5CAB5BB2}.Debug|Any CPU.Build.0 = Debug|Any CPU
		{EC33E6D1-25E5-4182-BDFA-C26C5CAB5BB2}.Release|Any CPU.ActiveCfg = Release|Any CPU
		{EC33E6D1-25E5-4182-BDFA-C26C5CAB5BB2}.Release|Any CPU.Build.0 = Release|Any CPU
		{8A253C76-94CB-4010-AB8E-1B7689511209}.Debug|Any CPU.ActiveCfg = Debug|Any CPU
		{8A253C76-94CB-4010-AB8E-1B7689511209}.Debug|Any CPU.Build.0 = Debug|Any CPU
		{8A253C76-94CB-4010-AB8E-1B7689511209}.Release|Any CPU.ActiveCfg = Release|Any CPU
		{8A253C76-94CB-4010-AB8E-1B7689511209}.Release|Any CPU.Build.0 = Release|Any CPU
		{87CED2A0-2FA7-4EBF-A117-AE321C20451A}.Debug|Any CPU.ActiveCfg = Debug|Any CPU
		{87CED2A0-2FA7-4EBF-A117-AE321C20451A}.Debug|Any CPU.Build.0 = Debug|Any CPU
		{87CED2A0-2FA7-4EBF-A117-AE321C20451A}.Release|Any CPU.ActiveCfg = Release|Any CPU
		{87CED2A0-2FA7-4EBF-A117-AE321C20451A}.Release|Any CPU.Build.0 = Release|Any CPU
		{07D21335-3E05-4529-BB84-72EF11E04AE4}.Debug|Any CPU.ActiveCfg = Debug|Any CPU
		{07D21335-3E05-4529-BB84-72EF11E04AE4}.Debug|Any CPU.Build.0 = Debug|Any CPU
		{07D21335-3E05-4529-BB84-72EF11E04AE4}.Release|Any CPU.ActiveCfg = Release|Any CPU
		{07D21335-3E05-4529-BB84-72EF11E04AE4}.Release|Any CPU.Build.0 = Release|Any CPU
		{01EDFC68-6331-4536-862E-71BD35562738}.Debug|Any CPU.ActiveCfg = Debug|Any CPU
		{01EDFC68-6331-4536-862E-71BD35562738}.Debug|Any CPU.Build.0 = Debug|Any CPU
		{01EDFC68-6331-4536-862E-71BD35562738}.Release|Any CPU.ActiveCfg = Release|Any CPU
		{01EDFC68-6331-4536-862E-71BD35562738}.Release|Any CPU.Build.0 = Release|Any CPU
		{C959C76B-EB9C-416A-94CA-20A0F272D070}.Debug|Any CPU.ActiveCfg = Debug|Any CPU
		{C959C76B-EB9C-416A-94CA-20A0F272D070}.Debug|Any CPU.Build.0 = Debug|Any CPU
		{C959C76B-EB9C-416A-94CA-20A0F272D070}.Release|Any CPU.ActiveCfg = Release|Any CPU
		{C959C76B-EB9C-416A-94CA-20A0F272D070}.Release|Any CPU.Build.0 = Release|Any CPU
	EndGlobalSection
	GlobalSection(SolutionProperties) = preSolution
		HideSolutionNode = FALSE
	EndGlobalSection
	GlobalSection(NestedProjects) = preSolution
		{96DC611B-B52C-4D05-8FBF-F52B274C7516} = {62AAE41F-0FDA-4D6B-A2D7-EE5A344C0BD1}
		{826CCF08-4B42-4D53-B4CD-4F9B37E010AB} = {E95BA623-B1B3-4C61-A997-525F813E8B67}
		{DD63C778-A996-430F-BB4A-93F617859017} = {D4195595-D4FF-4C73-B6C6-4C5D1A2FF95F}
		{07185D9B-A607-41A7-AD90-78A06B6A43F5} = {03D7795A-1ED7-4277-B998-5FD91E83EF4B}
		{F0AFA789-7767-438B-9F39-E264CDD229E8} = {03D7795A-1ED7-4277-B998-5FD91E83EF4B}
		{942F02C5-94AA-42D8-B56C-60C02A2FF917} = {45F8D274-494B-40BD-A1AE-26A726EE3D5A}
		{611A3BFB-9FBE-4C6A-9954-39FECDEF11CE} = {45F8D274-494B-40BD-A1AE-26A726EE3D5A}
		{29289858-1235-4AAC-9AF2-CFD6A586B0E4} = {45F8D274-494B-40BD-A1AE-26A726EE3D5A}
		{A6497D0F-20E8-4B77-8EF3-B076CECF558D} = {45F8D274-494B-40BD-A1AE-26A726EE3D5A}
		{E5BAE446-F57A-4C9F-B74A-7F09835F86A2} = {45F8D274-494B-40BD-A1AE-26A726EE3D5A}
		{DC3139FC-D7F0-4DAD-8E20-C3AB330801B9} = {45F8D274-494B-40BD-A1AE-26A726EE3D5A}
		{F35BBA99-62A9-463E-8FA2-A231259C1716} = {45F8D274-494B-40BD-A1AE-26A726EE3D5A}
		{56D5642E-0CCF-45AA-A83C-B5A24276B2BD} = {52A8AC5D-DBCD-457A-9C3F-D17695FB7E29}
		{0029668C-EC1F-4492-AC28-08905283A4BC} = {52A8AC5D-DBCD-457A-9C3F-D17695FB7E29}
		{AE2DB6D1-CD9C-4A35-9E48-8EEB4EE31392} = {52A8AC5D-DBCD-457A-9C3F-D17695FB7E29}
		{E1F0DF5E-AB3E-4E3D-9BB8-933D4128B37A} = {52A8AC5D-DBCD-457A-9C3F-D17695FB7E29}
		{DC5854B8-4682-4F44-A901-97500FB90D7F} = {52A8AC5D-DBCD-457A-9C3F-D17695FB7E29}
		{3042224A-E58B-4824-A8FF-9EFAB0B5FF6B} = {52A8AC5D-DBCD-457A-9C3F-D17695FB7E29}
		{FAE42308-86A8-4CEA-BDAA-1BA26B7B84B0} = {52A8AC5D-DBCD-457A-9C3F-D17695FB7E29}
		{38BA9442-22AC-4602-80FC-87859FC69166} = {52A8AC5D-DBCD-457A-9C3F-D17695FB7E29}
		{789A56B7-89AF-4522-B40C-6786CDE9C295} = {52A8AC5D-DBCD-457A-9C3F-D17695FB7E29}
		{BC5F4391-12DD-4782-8D2D-9ED01E23E255} = {435825D5-30CA-4F9E-B068-8507D0257F0A}
		{5E6EEEEA-159D-4B2F-A580-D93BC652C74E} = {435825D5-30CA-4F9E-B068-8507D0257F0A}
		{DD95E4B8-1722-414C-830E-621290CF8FD3} = {435825D5-30CA-4F9E-B068-8507D0257F0A}
		{AC41F2FF-43C0-470D-B4F4-18F4518B1B65} = {435825D5-30CA-4F9E-B068-8507D0257F0A}
		{DEEF4E36-DFFD-46C5-B945-7E7644E6C8F2} = {435825D5-30CA-4F9E-B068-8507D0257F0A}
		{708363A5-AD00-4070-9ECA-F61541335C53} = {32C330AC-5939-401C-AF0A-A0166C5229DE}
		{CDBE5DB0-3AD7-4BC2-AA15-13F37A59EEC8} = {32C330AC-5939-401C-AF0A-A0166C5229DE}
		{E655C387-CC56-4505-AD7D-671C99181FFC} = {32C330AC-5939-401C-AF0A-A0166C5229DE}
		{8E04FFAB-B9CD-429C-87BD-235F68121FF6} = {32C330AC-5939-401C-AF0A-A0166C5229DE}
		{BCD5FEF0-53A8-49FB-BDDF-4A8B1B9618C8} = {32C330AC-5939-401C-AF0A-A0166C5229DE}
		{B1F39A93-4DA4-431E-B3D2-44D98CC877BA} = {32C330AC-5939-401C-AF0A-A0166C5229DE}
		{8AD55C85-ADC9-4A1E-B134-1909C81DA060} = {BED26576-513B-4343-BC55-DE092FADD4C1}
		{3D3937AF-61C1-48AF-AF82-C22FF972BE47} = {BED26576-513B-4343-BC55-DE092FADD4C1}
		{2B90245C-DEED-4342-AAA4-E48094CA8B0F} = {BED26576-513B-4343-BC55-DE092FADD4C1}
		{2C4BAD95-8285-4185-AEBF-0CFADEBECE7E} = {BED26576-513B-4343-BC55-DE092FADD4C1}
		{E376AD12-DCC0-4175-8DD7-4389CCB30347} = {BED26576-513B-4343-BC55-DE092FADD4C1}
		{0085C1A9-367A-424B-9427-F2B4EBD88C17} = {7BD74091-01EF-4B62-85E1-108277CDD815}
		{91EB4566-4C58-44F2-93B4-00ABCBDD9601} = {7BD74091-01EF-4B62-85E1-108277CDD815}
		{4F224479-3669-4826-940F-97C78BABB2B0} = {7BD74091-01EF-4B62-85E1-108277CDD815}
		{D11361EB-3CE4-4674-A763-5F4A9A02719C} = {7BD74091-01EF-4B62-85E1-108277CDD815}
		{CBA079C1-8DE9-4D59-BA3A-17422A6D5F46} = {7BD74091-01EF-4B62-85E1-108277CDD815}
		{B08BF1E4-993D-4A67-83AC-64567F0C1319} = {18B7CF68-8F89-40F2-A78C-C95E406180D2}
		{4001969A-4989-46C4-863C-40F75858CDBA} = {18B7CF68-8F89-40F2-A78C-C95E406180D2}
		{A2AB6CDD-82F8-456A-8400-8FEABB985BF2} = {45B2A77F-B13D-4B76-B686-2626AB884079}
		{018DBD53-17F6-4B9B-A647-25E944683096} = {45B2A77F-B13D-4B76-B686-2626AB884079}
		{EF0CA19D-2329-463F-B651-4C54CAA2A0E4} = {45B2A77F-B13D-4B76-B686-2626AB884079}
		{2CE6F51D-38DD-4DAC-86AA-E72E0B6C2936} = {45B2A77F-B13D-4B76-B686-2626AB884079}
		{0A5208D6-6F90-4EDD-87E8-5027E4231671} = {45B2A77F-B13D-4B76-B686-2626AB884079}
		{C8B14268-C6BC-45C0-8C16-D0E3F4F58544} = {45B2A77F-B13D-4B76-B686-2626AB884079}
		{5D02CE7F-9BE1-4F05-BD69-9F67787DAF02} = {484A6D9D-E6F5-4778-B8ED-5256BBECA588}
		{B80FD22C-13CC-4FC4-A531-77348AE3B691} = {484A6D9D-E6F5-4778-B8ED-5256BBECA588}
		{E5A6B855-6667-4F28-AA85-44070A256A5D} = {484A6D9D-E6F5-4778-B8ED-5256BBECA588}
		{01DC597F-002B-447D-B2E5-AF47F206E02B} = {E938AFFA-39F5-416B-93CE-8F6E35A769E6}
		{2B2C9FBC-56CC-454C-B895-C1B19666C280} = {E938AFFA-39F5-416B-93CE-8F6E35A769E6}
		{13900FC8-5D93-4DB9-84C0-8F1822320459} = {E938AFFA-39F5-416B-93CE-8F6E35A769E6}
		{89FEAF51-61CE-4CAF-9EEF-27C519CFD2E0} = {E938AFFA-39F5-416B-93CE-8F6E35A769E6}
		{323A9841-40B0-47FE-9AC0-9123D233BDD4} = {628A260A-EBF3-4EC4-9C20-CE7A561DA020}
		{1A1760D6-841F-4C27-9E90-2019B80EC56E} = {628A260A-EBF3-4EC4-9C20-CE7A561DA020}
		{0AAD2671-9F0B-465F-85E3-B8A593E40321} = {628A260A-EBF3-4EC4-9C20-CE7A561DA020}
		{3B66D576-0816-485C-9D3A-84DB87ED2366} = {628A260A-EBF3-4EC4-9C20-CE7A561DA020}
		{14292FF9-0792-4445-AC4F-D312844176E3} = {94A0872A-E410-4ACB-959E-E0660208E058}
		{EC33E6D1-25E5-4182-BDFA-C26C5CAB5BB2} = {92138ED5-1F10-4CEA-ADE2-8FC01C2589C2}
		{8A253C76-94CB-4010-AB8E-1B7689511209} = {AAEE41C8-5CBB-44AB-8631-32AB93950255}
		{87CED2A0-2FA7-4EBF-A117-AE321C20451A} = {AAEE41C8-5CBB-44AB-8631-32AB93950255}
		{07D21335-3E05-4529-BB84-72EF11E04AE4} = {AAEE41C8-5CBB-44AB-8631-32AB93950255}
		{01EDFC68-6331-4536-862E-71BD35562738} = {F9174B23-A373-492D-A956-3D2521014FDD}
		{C959C76B-EB9C-416A-94CA-20A0F272D070} = {F9174B23-A373-492D-A956-3D2521014FDD}
	EndGlobalSection
	GlobalSection(ExtensibilityGlobals) = postSolution
		SolutionGuid = {1982D9AA-7988-4B15-B8E4-562B473E9024}
	EndGlobalSection
EndGlobal
