
Microsoft Visual Studio Solution File, Format Version 12.00
# Visual Studio Version 17
VisualStudioVersion = 17.0.32112.339
MinimumVisualStudioVersion = 10.0.40219.1
Project("{9A19103F-16F7-4668-BE54-9A1E7A4F7556}") = "TypyGeneryczne", "TypyGeneryczne\TypyGeneryczne.csproj", "{6115780E-3521-4317-B7A2-C7FC28225E10}"
EndProject
Project("{2150E333-8FDC-42A3-9474-1A3956D46DE8}") = "Solution Items", "Solution Items", "{7F3CB9C5-68DA-438A-A687-0D0464730DC3}"
	ProjectSection(SolutionItems) = preProject
		.editorconfig = .editorconfig
	EndProjectSection
EndProject
Project("{9A19103F-16F7-4668-BE54-9A1E7A4F7556}") = "Delegaty", "Delegaty\Delegaty.csproj", "{A92E0635-99FD-453C-9DC6-4813861A361C}"
EndProject
Project("{9A19103F-16F7-4668-BE54-9A1E7A4F7556}") = "AsynchronicznyTask", "AsynchronicznyTask\AsynchronicznyTask.csproj", "{81529D55-B087-4EED-96A9-39CE3174CE86}"
EndProject
Project("{9A19103F-16F7-4668-BE54-9A1E7A4F7556}") = "Interfejsy_CS", "Interfejsy_CS\Interfejsy_CS.csproj", "{535C28A5-3ADA-4091-90E4-443B018C506F}"
EndProject
Project("{9A19103F-16F7-4668-BE54-9A1E7A4F7556}") = "Interfejsy_8.0", "Interfejsy_8.0\Interfejsy_8.0.csproj", "{02C68E5E-F91C-4B63-A8EB-92C44174F113}"
EndProject
Project("{FAE04EC0-301F-11D3-BF4B-00C04F79EFBC}") = "TypyCS", "TypyCS\TypyCS.csproj", "{244BF008-DBCC-498A-B4C5-F958F7701CE4}"
EndProject
Global
	GlobalSection(SolutionConfigurationPlatforms) = preSolution
		Debug|Any CPU = Debug|Any CPU
		Release|Any CPU = Release|Any CPU
	EndGlobalSection
	GlobalSection(ProjectConfigurationPlatforms) = postSolution
		{6115780E-3521-4317-B7A2-C7FC28225E10}.Debug|Any CPU.ActiveCfg = Debug|Any CPU
		{6115780E-3521-4317-B7A2-C7FC28225E10}.Debug|Any CPU.Build.0 = Debug|Any CPU
		{6115780E-3521-4317-B7A2-C7FC28225E10}.Release|Any CPU.ActiveCfg = Release|Any CPU
		{6115780E-3521-4317-B7A2-C7FC28225E10}.Release|Any CPU.Build.0 = Release|Any CPU
		{A92E0635-99FD-453C-9DC6-4813861A361C}.Debug|Any CPU.ActiveCfg = Debug|Any CPU
		{A92E0635-99FD-453C-9DC6-4813861A361C}.Debug|Any CPU.Build.0 = Debug|Any CPU
		{A92E0635-99FD-453C-9DC6-4813861A361C}.Release|Any CPU.ActiveCfg = Release|Any CPU
		{A92E0635-99FD-453C-9DC6-4813861A361C}.Release|Any CPU.Build.0 = Release|Any CPU
		{81529D55-B087-4EED-96A9-39CE3174CE86}.Debug|Any CPU.ActiveCfg = Debug|Any CPU
		{81529D55-B087-4EED-96A9-39CE3174CE86}.Debug|Any CPU.Build.0 = Debug|Any CPU
		{81529D55-B087-4EED-96A9-39CE3174CE86}.Release|Any CPU.ActiveCfg = Release|Any CPU
		{81529D55-B087-4EED-96A9-39CE3174CE86}.Release|Any CPU.Build.0 = Release|Any CPU
		{535C28A5-3ADA-4091-90E4-443B018C506F}.Debug|Any CPU.ActiveCfg = Debug|Any CPU
		{535C28A5-3ADA-4091-90E4-443B018C506F}.Debug|Any CPU.Build.0 = Debug|Any CPU
		{535C28A5-3ADA-4091-90E4-443B018C506F}.Release|Any CPU.ActiveCfg = Release|Any CPU
		{535C28A5-3ADA-4091-90E4-443B018C506F}.Release|Any CPU.Build.0 = Release|Any CPU
		{02C68E5E-F91C-4B63-A8EB-92C44174F113}.Debug|Any CPU.ActiveCfg = Debug|Any CPU
		{02C68E5E-F91C-4B63-A8EB-92C44174F113}.Debug|Any CPU.Build.0 = Debug|Any CPU
		{02C68E5E-F91C-4B63-A8EB-92C44174F113}.Release|Any CPU.ActiveCfg = Release|Any CPU
		{02C68E5E-F91C-4B63-A8EB-92C44174F113}.Release|Any CPU.Build.0 = Release|Any CPU
		{244BF008-DBCC-498A-B4C5-F958F7701CE4}.Debug|Any CPU.ActiveCfg = Debug|Any CPU
		{244BF008-DBCC-498A-B4C5-F958F7701CE4}.Debug|Any CPU.Build.0 = Debug|Any CPU
		{244BF008-DBCC-498A-B4C5-F958F7701CE4}.Release|Any CPU.ActiveCfg = Release|Any CPU
		{244BF008-DBCC-498A-B4C5-F958F7701CE4}.Release|Any CPU.Build.0 = Release|Any CPU
	EndGlobalSection
	GlobalSection(SolutionProperties) = preSolution
		HideSolutionNode = FALSE
	EndGlobalSection
	GlobalSection(ExtensibilityGlobals) = postSolution
		SolutionGuid = {EC4ECD0A-0CF0-4F12-A7A2-E89EB9F6C72C}
	EndGlobalSection
EndGlobal
