
Microsoft Visual Studio Solution File, Format Version 12.00
# Visual Studio Version 16
VisualStudioVersion = 16.0.31112.23
MinimumVisualStudioVersion = 10.0.40219.1
Project("{FAE04EC0-301F-11D3-BF4B-00C04F79EFBC}") = "ConsoleApp1_Wyrazenia", "ConsoleApp1_Wyrazenia\ConsoleApp1_Wyrazenia.csproj", "{098CC2C5-40B7-44FE-AB8C-9FADC90D00CF}"
EndProject
Project("{FAE04EC0-301F-11D3-BF4B-00C04F79EFBC}") = "ConsoleApp2_zadanie", "ConsoleApp2_zadanie\ConsoleApp2_zadanie.csproj", "{D705F091-5FAC-410F-A220-E1748B667698}"
EndProject
Project("{FAE04EC0-301F-11D3-BF4B-00C04F79EFBC}") = "ConsoleApp3_kontrolaZmiennaLogika", "ConsoleApp3_kontrolaZmiennaLogika\ConsoleApp3_kontrolaZmiennaLogika.csproj", "{9D66E67E-4DBC-4BE4-AD3E-EF60CF774F69}"
EndProject
Project("{FAE04EC0-301F-11D3-BF4B-00C04F79EFBC}") = "ConsoleApp4_usuwanieBlokow", "ConsoleApp4_usuwanieBlokow\ConsoleApp4_usuwanieBlokow.csproj", "{87347136-59E4-4196-8ABD-CB9AA9C29059}"
EndProject
Global
	GlobalSection(SolutionConfigurationPlatforms) = preSolution
		Debug|Any CPU = Debug|Any CPU
		Release|Any CPU = Release|Any CPU
	EndGlobalSection
	GlobalSection(ProjectConfigurationPlatforms) = postSolution
		{098CC2C5-40B7-44FE-AB8C-9FADC90D00CF}.Debug|Any CPU.ActiveCfg = Debug|Any CPU
		{098CC2C5-40B7-44FE-AB8C-9FADC90D00CF}.Debug|Any CPU.Build.0 = Debug|Any CPU
		{098CC2C5-40B7-44FE-AB8C-9FADC90D00CF}.Release|Any CPU.ActiveCfg = Release|Any CPU
		{098CC2C5-40B7-44FE-AB8C-9FADC90D00CF}.Release|Any CPU.Build.0 = Release|Any CPU
		{D705F091-5FAC-410F-A220-E1748B667698}.Debug|Any CPU.ActiveCfg = Debug|Any CPU
		{D705F091-5FAC-410F-A220-E1748B667698}.Debug|Any CPU.Build.0 = Debug|Any CPU
		{D705F091-5FAC-410F-A220-E1748B667698}.Release|Any CPU.ActiveCfg = Release|Any CPU
		{D705F091-5FAC-410F-A220-E1748B667698}.Release|Any CPU.Build.0 = Release|Any CPU
		{9D66E67E-4DBC-4BE4-AD3E-EF60CF774F69}.Debug|Any CPU.ActiveCfg = Debug|Any CPU
		{9D66E67E-4DBC-4BE4-AD3E-EF60CF774F69}.Debug|Any CPU.Build.0 = Debug|Any CPU
		{9D66E67E-4DBC-4BE4-AD3E-EF60CF774F69}.Release|Any CPU.ActiveCfg = Release|Any CPU
		{9D66E67E-4DBC-4BE4-AD3E-EF60CF774F69}.Release|Any CPU.Build.0 = Release|Any CPU
		{87347136-59E4-4196-8ABD-CB9AA9C29059}.Debug|Any CPU.ActiveCfg = Debug|Any CPU
		{87347136-59E4-4196-8ABD-CB9AA9C29059}.Debug|Any CPU.Build.0 = Debug|Any CPU
		{87347136-59E4-4196-8ABD-CB9AA9C29059}.Release|Any CPU.ActiveCfg = Release|Any CPU
		{87347136-59E4-4196-8ABD-CB9AA9C29059}.Release|Any CPU.Build.0 = Release|Any CPU
	EndGlobalSection
	GlobalSection(SolutionProperties) = preSolution
		HideSolutionNode = FALSE
	EndGlobalSection
	GlobalSection(ExtensibilityGlobals) = postSolution
		SolutionGuid = {2AE4C351-D3BA-4814-A3AF-1F071E834381}
	EndGlobalSection
EndGlobal
