
Microsoft Visual Studio Solution File, Format Version 12.00
# Visual Studio Version 17
VisualStudioVersion = 17.1.32414.318
MinimumVisualStudioVersion = 10.0.40219.1
Project("{9A19103F-16F7-4668-BE54-9A1E7A4F7556}") = "DependencyInversion", "DependencyInversion\DependencyInversion.csproj", "{5F61C0AA-59B2-4007-84C5-4E27BE5A8C42}"
EndProject
Project("{9A19103F-16F7-4668-BE54-9A1E7A4F7556}") = "SingleResponsibility", "SingleResponsibility\SingleResponsibility.csproj", "{851F3507-CCC3-44A7-85B9-D73F611F328B}"
EndProject
Project("{9A19103F-16F7-4668-BE54-9A1E7A4F7556}") = "OpenClose", "OpenClose\OpenClose.csproj", "{FB2DF91C-72B9-4536-BB1A-EC79D46F687B}"
EndProject
Project("{9A19103F-16F7-4668-BE54-9A1E7A4F7556}") = "OpenClose2", "OpenClose2\OpenClose2.csproj", "{DF8AE545-E4F6-40CB-AEAF-561E512B63B8}"
EndProject
Project("{FAE04EC0-301F-11D3-BF4B-00C04F79EFBC}") = "LiskovSubstitution", "LiskovSubstitution\LiskovSubstitution.csproj", "{4B218C9B-98B4-416F-A248-02C036B7A835}"
EndProject
Project("{2150E333-8FDC-42A3-9474-1A3956D46DE8}") = "SOLID", "SOLID", "{43EB883F-3BEE-49CA-9BDC-0847D598D8C4}"
EndProject
Project("{2150E333-8FDC-42A3-9474-1A3956D46DE8}") = "DesignPatterns", "DesignPatterns", "{95043E8D-574C-489C-98FD-5C6538526C0D}"
EndProject
Project("{FAE04EC0-301F-11D3-BF4B-00C04F79EFBC}") = "InterfaceSegregation", "InterfaceSegregation\InterfaceSegregation.csproj", "{07D341CD-2CD3-4352-8668-5FFC562E7157}"
EndProject
Project("{FAE04EC0-301F-11D3-BF4B-00C04F79EFBC}") = "Delegaty", "Delegaty\Delegaty.csproj", "{4EBFF7CC-ACCA-4369-8BC0-9A606B1579F5}"
EndProject
Project("{FAE04EC0-301F-11D3-BF4B-00C04F79EFBC}") = "Zdarzenia", "Zdarzenia\Zdarzenia.csproj", "{0232435C-0854-4725-A77F-58C570731AF8}"
EndProject
Project("{FAE04EC0-301F-11D3-BF4B-00C04F79EFBC}") = "Zdarzenia2", "Zdarzenia2\Zdarzenia2.csproj", "{558B8C68-F221-422C-8186-2BEDE761661E}"
EndProject
Project("{FAE04EC0-301F-11D3-BF4B-00C04F79EFBC}") = "Prostokaty", "Prostokaty\Prostokaty.csproj", "{BCCE8E3D-D562-4BF7-B607-C4F6F40E4E81}"
EndProject
Project("{9A19103F-16F7-4668-BE54-9A1E7A4F7556}") = "WPFAppWithEntityFrameworkSQLite", "WPFAppWithEntityFrameworkSQLite\WPFAppWithEntityFrameworkSQLite.csproj", "{9378E7C6-0873-4F2F-9B6E-859F474C65A7}"
EndProject
Project("{FAE04EC0-301F-11D3-BF4B-00C04F79EFBC}") = "Wielowatkowosc", "Wielowatkowosc\Wielowatkowosc.csproj", "{2B6D0641-97B7-42A8-9C10-AB55F744C95B}"
EndProject
Project("{2150E333-8FDC-42A3-9474-1A3956D46DE8}") = "Zaawansowane", "Zaawansowane", "{1755DA43-A608-40CD-A6FC-5FF68F7AD3A1}"
EndProject
Project("{9A19103F-16F7-4668-BE54-9A1E7A4F7556}") = "WorkWithJSON", "WorkWithJSON\WorkWithJSON.csproj", "{A0ABEBD3-5338-48D0-B0F4-892D65CEB857}"
EndProject
Project("{FAE04EC0-301F-11D3-BF4B-00C04F79EFBC}") = "ExampleWith_TaskAsync", "ExampleWith_TaskAsync\ExampleWith_TaskAsync.csproj", "{35ED1ACB-8F69-4C88-A5A9-DF523819B578}"
EndProject
Project("{FAE04EC0-301F-11D3-BF4B-00C04F79EFBC}") = "httpClientRequest", "httpClientRequest\httpClientRequest.csproj", "{AB2774ED-B94A-4A0B-A927-215EA3EED225}"
EndProject
Project("{9A19103F-16F7-4668-BE54-9A1E7A4F7556}") = "Refleksja", "Refleksja\Refleksja.csproj", "{C9B87D22-F861-499A-809C-191A3D12A022}"
EndProject
Project("{9A19103F-16F7-4668-BE54-9A1E7A4F7556}") = "Rekords", "Rekordy\Rekords.csproj", "{58EA1AFA-6FA3-4CD7-B157-657FF19CADFE}"
EndProject
Project("{2150E333-8FDC-42A3-9474-1A3956D46DE8}") = "Creational_Patterns", "Creational_Patterns", "{456ECD28-8F4B-4ADB-984C-28CCC60B4DFE}"
EndProject
Project("{9A19103F-16F7-4668-BE54-9A1E7A4F7556}") = "FactoryMethod", "FactoryMethod\FactoryMethod.csproj", "{687534FE-96B4-485A-A0FC-FC1D684E2E20}"
EndProject
Project("{9A19103F-16F7-4668-BE54-9A1E7A4F7556}") = "FactoryMethodOther", "FactoryMethodOther\FactoryMethodOther.csproj", "{7067AFB6-755F-4EE5-B2C6-3E283A2E6DB5}"
EndProject
Project("{FAE04EC0-301F-11D3-BF4B-00C04F79EFBC}") = "AbstractFactory", "AbstractFactory\AbstractFactory.csproj", "{BEA37CB8-FDA3-4C18-A3A3-775140092807}"
EndProject
Global
	GlobalSection(SolutionConfigurationPlatforms) = preSolution
		Debug|Any CPU = Debug|Any CPU
		Release|Any CPU = Release|Any CPU
	EndGlobalSection
	GlobalSection(ProjectConfigurationPlatforms) = postSolution
		{5F61C0AA-59B2-4007-84C5-4E27BE5A8C42}.Debug|Any CPU.ActiveCfg = Debug|Any CPU
		{5F61C0AA-59B2-4007-84C5-4E27BE5A8C42}.Debug|Any CPU.Build.0 = Debug|Any CPU
		{5F61C0AA-59B2-4007-84C5-4E27BE5A8C42}.Release|Any CPU.ActiveCfg = Release|Any CPU
		{5F61C0AA-59B2-4007-84C5-4E27BE5A8C42}.Release|Any CPU.Build.0 = Release|Any CPU
		{851F3507-CCC3-44A7-85B9-D73F611F328B}.Debug|Any CPU.ActiveCfg = Debug|Any CPU
		{851F3507-CCC3-44A7-85B9-D73F611F328B}.Debug|Any CPU.Build.0 = Debug|Any CPU
		{851F3507-CCC3-44A7-85B9-D73F611F328B}.Release|Any CPU.ActiveCfg = Release|Any CPU
		{851F3507-CCC3-44A7-85B9-D73F611F328B}.Release|Any CPU.Build.0 = Release|Any CPU
		{FB2DF91C-72B9-4536-BB1A-EC79D46F687B}.Debug|Any CPU.ActiveCfg = Debug|Any CPU
		{FB2DF91C-72B9-4536-BB1A-EC79D46F687B}.Debug|Any CPU.Build.0 = Debug|Any CPU
		{FB2DF91C-72B9-4536-BB1A-EC79D46F687B}.Release|Any CPU.ActiveCfg = Release|Any CPU
		{FB2DF91C-72B9-4536-BB1A-EC79D46F687B}.Release|Any CPU.Build.0 = Release|Any CPU
		{DF8AE545-E4F6-40CB-AEAF-561E512B63B8}.Debug|Any CPU.ActiveCfg = Debug|Any CPU
		{DF8AE545-E4F6-40CB-AEAF-561E512B63B8}.Debug|Any CPU.Build.0 = Debug|Any CPU
		{DF8AE545-E4F6-40CB-AEAF-561E512B63B8}.Release|Any CPU.ActiveCfg = Release|Any CPU
		{DF8AE545-E4F6-40CB-AEAF-561E512B63B8}.Release|Any CPU.Build.0 = Release|Any CPU
		{4B218C9B-98B4-416F-A248-02C036B7A835}.Debug|Any CPU.ActiveCfg = Debug|Any CPU
		{4B218C9B-98B4-416F-A248-02C036B7A835}.Debug|Any CPU.Build.0 = Debug|Any CPU
		{4B218C9B-98B4-416F-A248-02C036B7A835}.Release|Any CPU.ActiveCfg = Release|Any CPU
		{4B218C9B-98B4-416F-A248-02C036B7A835}.Release|Any CPU.Build.0 = Release|Any CPU
		{07D341CD-2CD3-4352-8668-5FFC562E7157}.Debug|Any CPU.ActiveCfg = Debug|Any CPU
		{07D341CD-2CD3-4352-8668-5FFC562E7157}.Debug|Any CPU.Build.0 = Debug|Any CPU
		{07D341CD-2CD3-4352-8668-5FFC562E7157}.Release|Any CPU.ActiveCfg = Release|Any CPU
		{07D341CD-2CD3-4352-8668-5FFC562E7157}.Release|Any CPU.Build.0 = Release|Any CPU
		{4EBFF7CC-ACCA-4369-8BC0-9A606B1579F5}.Debug|Any CPU.ActiveCfg = Debug|Any CPU
		{4EBFF7CC-ACCA-4369-8BC0-9A606B1579F5}.Debug|Any CPU.Build.0 = Debug|Any CPU
		{4EBFF7CC-ACCA-4369-8BC0-9A606B1579F5}.Release|Any CPU.ActiveCfg = Release|Any CPU
		{4EBFF7CC-ACCA-4369-8BC0-9A606B1579F5}.Release|Any CPU.Build.0 = Release|Any CPU
		{0232435C-0854-4725-A77F-58C570731AF8}.Debug|Any CPU.ActiveCfg = Debug|Any CPU
		{0232435C-0854-4725-A77F-58C570731AF8}.Debug|Any CPU.Build.0 = Debug|Any CPU
		{0232435C-0854-4725-A77F-58C570731AF8}.Release|Any CPU.ActiveCfg = Release|Any CPU
		{0232435C-0854-4725-A77F-58C570731AF8}.Release|Any CPU.Build.0 = Release|Any CPU
		{558B8C68-F221-422C-8186-2BEDE761661E}.Debug|Any CPU.ActiveCfg = Debug|Any CPU
		{558B8C68-F221-422C-8186-2BEDE761661E}.Debug|Any CPU.Build.0 = Debug|Any CPU
		{558B8C68-F221-422C-8186-2BEDE761661E}.Release|Any CPU.ActiveCfg = Release|Any CPU
		{558B8C68-F221-422C-8186-2BEDE761661E}.Release|Any CPU.Build.0 = Release|Any CPU
		{BCCE8E3D-D562-4BF7-B607-C4F6F40E4E81}.Debug|Any CPU.ActiveCfg = Debug|Any CPU
		{BCCE8E3D-D562-4BF7-B607-C4F6F40E4E81}.Debug|Any CPU.Build.0 = Debug|Any CPU
		{BCCE8E3D-D562-4BF7-B607-C4F6F40E4E81}.Release|Any CPU.ActiveCfg = Release|Any CPU
		{BCCE8E3D-D562-4BF7-B607-C4F6F40E4E81}.Release|Any CPU.Build.0 = Release|Any CPU
		{9378E7C6-0873-4F2F-9B6E-859F474C65A7}.Debug|Any CPU.ActiveCfg = Debug|Any CPU
		{9378E7C6-0873-4F2F-9B6E-859F474C65A7}.Debug|Any CPU.Build.0 = Debug|Any CPU
		{9378E7C6-0873-4F2F-9B6E-859F474C65A7}.Release|Any CPU.ActiveCfg = Release|Any CPU
		{9378E7C6-0873-4F2F-9B6E-859F474C65A7}.Release|Any CPU.Build.0 = Release|Any CPU
		{2B6D0641-97B7-42A8-9C10-AB55F744C95B}.Debug|Any CPU.ActiveCfg = Debug|Any CPU
		{2B6D0641-97B7-42A8-9C10-AB55F744C95B}.Debug|Any CPU.Build.0 = Debug|Any CPU
		{2B6D0641-97B7-42A8-9C10-AB55F744C95B}.Release|Any CPU.ActiveCfg = Release|Any CPU
		{2B6D0641-97B7-42A8-9C10-AB55F744C95B}.Release|Any CPU.Build.0 = Release|Any CPU
		{A0ABEBD3-5338-48D0-B0F4-892D65CEB857}.Debug|Any CPU.ActiveCfg = Debug|Any CPU
		{A0ABEBD3-5338-48D0-B0F4-892D65CEB857}.Debug|Any CPU.Build.0 = Debug|Any CPU
		{A0ABEBD3-5338-48D0-B0F4-892D65CEB857}.Release|Any CPU.ActiveCfg = Release|Any CPU
		{A0ABEBD3-5338-48D0-B0F4-892D65CEB857}.Release|Any CPU.Build.0 = Release|Any CPU
		{35ED1ACB-8F69-4C88-A5A9-DF523819B578}.Debug|Any CPU.ActiveCfg = Debug|Any CPU
		{35ED1ACB-8F69-4C88-A5A9-DF523819B578}.Debug|Any CPU.Build.0 = Debug|Any CPU
		{35ED1ACB-8F69-4C88-A5A9-DF523819B578}.Release|Any CPU.ActiveCfg = Release|Any CPU
		{35ED1ACB-8F69-4C88-A5A9-DF523819B578}.Release|Any CPU.Build.0 = Release|Any CPU
		{AB2774ED-B94A-4A0B-A927-215EA3EED225}.Debug|Any CPU.ActiveCfg = Debug|Any CPU
		{AB2774ED-B94A-4A0B-A927-215EA3EED225}.Debug|Any CPU.Build.0 = Debug|Any CPU
		{AB2774ED-B94A-4A0B-A927-215EA3EED225}.Release|Any CPU.ActiveCfg = Release|Any CPU
		{AB2774ED-B94A-4A0B-A927-215EA3EED225}.Release|Any CPU.Build.0 = Release|Any CPU
		{C9B87D22-F861-499A-809C-191A3D12A022}.Debug|Any CPU.ActiveCfg = Debug|Any CPU
		{C9B87D22-F861-499A-809C-191A3D12A022}.Debug|Any CPU.Build.0 = Debug|Any CPU
		{C9B87D22-F861-499A-809C-191A3D12A022}.Release|Any CPU.ActiveCfg = Release|Any CPU
		{C9B87D22-F861-499A-809C-191A3D12A022}.Release|Any CPU.Build.0 = Release|Any CPU
		{58EA1AFA-6FA3-4CD7-B157-657FF19CADFE}.Debug|Any CPU.ActiveCfg = Debug|Any CPU
		{58EA1AFA-6FA3-4CD7-B157-657FF19CADFE}.Debug|Any CPU.Build.0 = Debug|Any CPU
		{58EA1AFA-6FA3-4CD7-B157-657FF19CADFE}.Release|Any CPU.ActiveCfg = Release|Any CPU
		{58EA1AFA-6FA3-4CD7-B157-657FF19CADFE}.Release|Any CPU.Build.0 = Release|Any CPU
		{687534FE-96B4-485A-A0FC-FC1D684E2E20}.Debug|Any CPU.ActiveCfg = Debug|Any CPU
		{687534FE-96B4-485A-A0FC-FC1D684E2E20}.Debug|Any CPU.Build.0 = Debug|Any CPU
		{687534FE-96B4-485A-A0FC-FC1D684E2E20}.Release|Any CPU.ActiveCfg = Release|Any CPU
		{687534FE-96B4-485A-A0FC-FC1D684E2E20}.Release|Any CPU.Build.0 = Release|Any CPU
		{7067AFB6-755F-4EE5-B2C6-3E283A2E6DB5}.Debug|Any CPU.ActiveCfg = Debug|Any CPU
		{7067AFB6-755F-4EE5-B2C6-3E283A2E6DB5}.Debug|Any CPU.Build.0 = Debug|Any CPU
		{7067AFB6-755F-4EE5-B2C6-3E283A2E6DB5}.Release|Any CPU.ActiveCfg = Release|Any CPU
		{7067AFB6-755F-4EE5-B2C6-3E283A2E6DB5}.Release|Any CPU.Build.0 = Release|Any CPU
		{BEA37CB8-FDA3-4C18-A3A3-775140092807}.Debug|Any CPU.ActiveCfg = Debug|Any CPU
		{BEA37CB8-FDA3-4C18-A3A3-775140092807}.Debug|Any CPU.Build.0 = Debug|Any CPU
		{BEA37CB8-FDA3-4C18-A3A3-775140092807}.Release|Any CPU.ActiveCfg = Release|Any CPU
		{BEA37CB8-FDA3-4C18-A3A3-775140092807}.Release|Any CPU.Build.0 = Release|Any CPU
	EndGlobalSection
	GlobalSection(SolutionProperties) = preSolution
		HideSolutionNode = FALSE
	EndGlobalSection
	GlobalSection(NestedProjects) = preSolution
		{5F61C0AA-59B2-4007-84C5-4E27BE5A8C42} = {43EB883F-3BEE-49CA-9BDC-0847D598D8C4}
		{851F3507-CCC3-44A7-85B9-D73F611F328B} = {43EB883F-3BEE-49CA-9BDC-0847D598D8C4}
		{FB2DF91C-72B9-4536-BB1A-EC79D46F687B} = {43EB883F-3BEE-49CA-9BDC-0847D598D8C4}
		{DF8AE545-E4F6-40CB-AEAF-561E512B63B8} = {43EB883F-3BEE-49CA-9BDC-0847D598D8C4}
		{4B218C9B-98B4-416F-A248-02C036B7A835} = {43EB883F-3BEE-49CA-9BDC-0847D598D8C4}
		{07D341CD-2CD3-4352-8668-5FFC562E7157} = {43EB883F-3BEE-49CA-9BDC-0847D598D8C4}
		{4EBFF7CC-ACCA-4369-8BC0-9A606B1579F5} = {1755DA43-A608-40CD-A6FC-5FF68F7AD3A1}
		{0232435C-0854-4725-A77F-58C570731AF8} = {1755DA43-A608-40CD-A6FC-5FF68F7AD3A1}
		{558B8C68-F221-422C-8186-2BEDE761661E} = {1755DA43-A608-40CD-A6FC-5FF68F7AD3A1}
		{2B6D0641-97B7-42A8-9C10-AB55F744C95B} = {1755DA43-A608-40CD-A6FC-5FF68F7AD3A1}
		{456ECD28-8F4B-4ADB-984C-28CCC60B4DFE} = {95043E8D-574C-489C-98FD-5C6538526C0D}
		{687534FE-96B4-485A-A0FC-FC1D684E2E20} = {456ECD28-8F4B-4ADB-984C-28CCC60B4DFE}
		{7067AFB6-755F-4EE5-B2C6-3E283A2E6DB5} = {456ECD28-8F4B-4ADB-984C-28CCC60B4DFE}
		{BEA37CB8-FDA3-4C18-A3A3-775140092807} = {456ECD28-8F4B-4ADB-984C-28CCC60B4DFE}
	EndGlobalSection
	GlobalSection(ExtensibilityGlobals) = postSolution
		SolutionGuid = {E42CD87D-09A9-4100-80F8-23E0A30E3559}
	EndGlobalSection
EndGlobal
