
Microsoft Visual Studio Solution File, Format Version 12.00
# Visual Studio Version 17
VisualStudioVersion = 17.1.32328.378
MinimumVisualStudioVersion = 10.0.40219.1
Project("{9A19103F-16F7-4668-BE54-9A1E7A4F7556}") = "Rozdzial2_Zadania", "WpfApp1\Rozdzial2_Zadania.csproj", "{17C9824B-BB74-4E61-8366-F69E0FF40211}"
EndProject
Project("{2150E333-8FDC-42A3-9474-1A3956D46DE8}") = "Rozdzial_02", "Rozdzial_02", "{B7BA5998-B5F8-43B4-8900-5E1341DC698F}"
	ProjectSection(SolutionItems) = preProject
		..\..\Users\kryst\Desktop\wprowadzenie-do-wpf-tworzenie-aplikacji-w-wpf-przy-uzyciu-xaml-i-c-anna-kempa-ebookpoint.pdf = ..\..\Users\kryst\Desktop\wprowadzenie-do-wpf-tworzenie-aplikacji-w-wpf-przy-uzyciu-xaml-i-c-anna-kempa-ebookpoint.pdf
	EndProjectSection
EndProject
Project("{2150E333-8FDC-42A3-9474-1A3956D46DE8}") = "Rozdzial_03", "Rozdzial_03", "{F375EA51-AA83-41A7-90E4-E6391253BD8C}"
EndProject
Project("{9A19103F-16F7-4668-BE54-9A1E7A4F7556}") = "Zadanie_3.01", "Zadanie_3.01\Zadanie_3.01.csproj", "{DDC1D263-02EF-4258-B8FC-500A310F4913}"
EndProject
Project("{9A19103F-16F7-4668-BE54-9A1E7A4F7556}") = "Zadanie_3.02", "Zadanie_3.02\Zadanie_3.02.csproj", "{AD8D4453-5DFE-4A6C-A9DE-EB696E64D5AF}"
EndProject
Project("{9A19103F-16F7-4668-BE54-9A1E7A4F7556}") = "Zadanie_3.1-3.3", "Zadanie_3.1-3.3\Zadanie_3.1-3.3.csproj", "{35DB2386-A2A5-4D26-8E4B-7F4C9AFC03AD}"
EndProject
Project("{2150E333-8FDC-42A3-9474-1A3956D46DE8}") = "Rozdzial_04", "Rozdzial_04", "{EB16EB03-64AB-434B-AF1B-D547B00E0D3F}"
EndProject
Project("{9A19103F-16F7-4668-BE54-9A1E7A4F7556}") = "Zadanie_4.01", "Zadanie_4.01\Zadanie_4.01.csproj", "{4735A6A1-EDB3-4A96-B7D3-CF3FAA2D6DAF}"
EndProject
Project("{9A19103F-16F7-4668-BE54-9A1E7A4F7556}") = "Zadanie_4.02", "Zadanie_4.02\Zadanie_4.02.csproj", "{FD896723-B7D1-433B-9C4E-E6DB121CBEDE}"
EndProject
Project("{9A19103F-16F7-4668-BE54-9A1E7A4F7556}") = "Zadanie_4.02_2", "Zadanie_4.02_2\Zadanie_4.02_2.csproj", "{9040B83D-B491-4404-BED1-E49DFF776312}"
EndProject
Project("{9A19103F-16F7-4668-BE54-9A1E7A4F7556}") = "Zadanie_4.03", "Zadanie_4.03\Zadanie_4.03.csproj", "{DDDB1AA6-AED9-4FD4-AB79-2CDC5A0D9338}"
EndProject
Project("{9A19103F-16F7-4668-BE54-9A1E7A4F7556}") = "Zadanie_4.04", "Zadanie_4.04\Zadanie_4.04.csproj", "{15ABB6C7-A90C-40F9-9786-8E7D50E2AF36}"
EndProject
Project("{9A19103F-16F7-4668-BE54-9A1E7A4F7556}") = "Zadanie_4.05", "Zadanie_4.05\Zadanie_4.05.csproj", "{DD9FBC14-E68C-463C-B431-F235B33623A0}"
EndProject
Project("{9A19103F-16F7-4668-BE54-9A1E7A4F7556}") = "Dodatkowe_ProgressBar", "Dodatkowe_ProgressBar\Dodatkowe_ProgressBar.csproj", "{547093F9-8EB0-4D12-8233-CF48FD00F456}"
EndProject
Project("{9A19103F-16F7-4668-BE54-9A1E7A4F7556}") = "Zadanie_4.05_2", "Zadanie_4.05_2\Zadanie_4.05_2.csproj", "{96DBC906-3C20-4012-AF0A-1F9988F01A3B}"
EndProject
Project("{2150E333-8FDC-42A3-9474-1A3956D46DE8}") = "Rozdzial_05", "Rozdzial_05", "{8BEAC369-1EEE-4686-9ECB-AB7C2186FBCE}"
EndProject
Project("{9A19103F-16F7-4668-BE54-9A1E7A4F7556}") = "Zadanie_5.01", "Zadanie_5.01\Zadanie_5.01.csproj", "{382B366B-1A19-40E0-91FA-B0DFA140F0F1}"
EndProject
Project("{9A19103F-16F7-4668-BE54-9A1E7A4F7556}") = "Zadanie_5.02", "Zadanie_5.02\Zadanie_5.02.csproj", "{6D8AEAB9-8DC0-4335-B0E6-BF5E3AE32BF1}"
EndProject
Project("{9A19103F-16F7-4668-BE54-9A1E7A4F7556}") = "Zadanie_5.03", "Zadanie_5.03\Zadanie_5.03.csproj", "{24AE28EF-6B8B-4E74-B797-AAE3DA544C28}"
EndProject
Project("{9A19103F-16F7-4668-BE54-9A1E7A4F7556}") = "Zadanie_5.04_1", "Zadanie_5.04_1\Zadanie_5.04_1.csproj", "{20A2A949-DA5E-444F-87C2-6CE25C8E1BC0}"
EndProject
Project("{9A19103F-16F7-4668-BE54-9A1E7A4F7556}") = "Zadanie_5.04_2", "Zadanie_5.04_2\Zadanie_5.04_2.csproj", "{70CDB5A3-E7EA-48C6-97E5-A0F59C7A238E}"
EndProject
Project("{2150E333-8FDC-42A3-9474-1A3956D46DE8}") = "Rozdzial_06", "Rozdzial_06", "{D255B358-E642-45BA-8CC8-BC61944A1796}"
EndProject
Project("{9A19103F-16F7-4668-BE54-9A1E7A4F7556}") = "Rozdzial_6.01", "Rozdzial_6.01\Rozdzial_6.01.csproj", "{183B748D-CF6C-48ED-A171-79C3D3C43ECF}"
EndProject
Project("{9A19103F-16F7-4668-BE54-9A1E7A4F7556}") = "Zadanie_6.02", "Zadanie_6.02\Zadanie_6.02.csproj", "{FCA987A0-60F7-44B3-A216-2536AD22CF50}"
EndProject
Project("{9A19103F-16F7-4668-BE54-9A1E7A4F7556}") = "Zadanie_6.03", "Zadanie_6.03\Zadanie_6.03.csproj", "{A6A913F1-B0A4-403E-B170-CE41A6BF04BC}"
EndProject
Project("{9A19103F-16F7-4668-BE54-9A1E7A4F7556}") = "Zadanie_6.04", "Zadanie_6.04\Zadanie_6.04.csproj", "{EB6BF4B0-11FC-4F89-9A23-6D067F772E89}"
EndProject
Project("{9A19103F-16F7-4668-BE54-9A1E7A4F7556}") = "Zadanie_6.05", "Zadanie_6.05\Zadanie_6.05.csproj", "{25064D1A-1EE4-4671-994C-FC408CC95D8B}"
EndProject
Project("{9A19103F-16F7-4668-BE54-9A1E7A4F7556}") = "Zadanie_6.06", "Zadanie_6.06\Zadanie_6.06.csproj", "{2E10CA3A-2AF7-43F4-B62B-718A9414DEA4}"
EndProject
Project("{9A19103F-16F7-4668-BE54-9A1E7A4F7556}") = "Zadanie_6.07", "Zadanie_6.07\Zadanie_6.07.csproj", "{E1B476D9-1125-45B3-B20C-020BD9EF7FD1}"
EndProject
Project("{9A19103F-16F7-4668-BE54-9A1E7A4F7556}") = "Zadanie_6.08_1", "Zadanie_6.08_1\Zadanie_6.08_1.csproj", "{1CE12981-58E4-45E2-9393-65028B761ACB}"
EndProject
Project("{9A19103F-16F7-4668-BE54-9A1E7A4F7556}") = "Zadanie_6.08_2", "Zadanie_6.08_2\Zadanie_6.08_2.csproj", "{3B1F5378-BBAE-4F89-9E27-70AD93171B29}"
EndProject
Project("{9A19103F-16F7-4668-BE54-9A1E7A4F7556}") = "Zadanie_6.08_3", "Zadanie_6.08_3\Zadanie_6.08_3.csproj", "{4A5DC969-D7B4-4402-B771-B40F2FE21E64}"
EndProject
Project("{2150E333-8FDC-42A3-9474-1A3956D46DE8}") = "Rozdzial_07", "Rozdzial_07", "{36E36CCA-B848-41ED-BB7C-E20B21EF2A95}"
EndProject
Project("{9A19103F-16F7-4668-BE54-9A1E7A4F7556}") = "Zadanie_7.01", "Zadanie_7.01\Zadanie_7.01.csproj", "{5B993FD8-222B-4CC5-B1A9-4C2B31917D7F}"
EndProject
Project("{9A19103F-16F7-4668-BE54-9A1E7A4F7556}") = "leftSliderNavBar", "leftSliderNavBar\leftSliderNavBar.csproj", "{D494E9D8-6BC1-4DE7-8877-E61013CDD93F}"
EndProject
Project("{9A19103F-16F7-4668-BE54-9A1E7A4F7556}") = "Zadanie_7.02", "Zadanie_7.02\Zadanie_7.02.csproj", "{CEE3F542-3453-4373-9243-066F103FD9EC}"
EndProject
Project("{9A19103F-16F7-4668-BE54-9A1E7A4F7556}") = "Zadanie_7.03", "Zadanie_7.03\Zadanie_7.03.csproj", "{42C2E29C-1B44-49D3-AC1B-9719DEF1E845}"
EndProject
Project("{9A19103F-16F7-4668-BE54-9A1E7A4F7556}") = "Zadanie_7.04", "Zadanie_7.04\Zadanie_7.04.csproj", "{58D762E9-36ED-4D87-90D9-05205514C105}"
EndProject
Project("{9A19103F-16F7-4668-BE54-9A1E7A4F7556}") = "Zadanie_7.05_1", "Zadanie_7.05_1\Zadanie_7.05_1.csproj", "{6E6A04FB-F3A9-40DD-ADFF-019771940AE2}"
EndProject
Project("{9A19103F-16F7-4668-BE54-9A1E7A4F7556}") = "Zadanie_7.05_2", "Zadanie_7.05_2\Zadanie_7.05_2.csproj", "{4D684F5B-FCBC-49F9-AD2F-508E5B7F70A6}"
EndProject
Project("{9A19103F-16F7-4668-BE54-9A1E7A4F7556}") = "Zadanie_7.05_3", "Zadanie_7.05_3\Zadanie_7.05_3.csproj", "{5CCBC988-AC07-4733-B526-6C8A884E208F}"
EndProject
Project("{2150E333-8FDC-42A3-9474-1A3956D46DE8}") = "Rozdzial_08", "Rozdzial_08", "{F4F5B96B-11C7-4EA3-A76F-CDB11E10BBF3}"
EndProject
Project("{9A19103F-16F7-4668-BE54-9A1E7A4F7556}") = "Zadanie_8.01", "Zadanie_8.01\Zadanie_8.01.csproj", "{B4ABF746-9B31-4B5C-8CB9-60CC4287A949}"
EndProject
Project("{9A19103F-16F7-4668-BE54-9A1E7A4F7556}") = "Zadanie_8.03_1", "Zadanie_8.03_1\Zadanie_8.03_1.csproj", "{B0DE9246-570F-49BE-9212-5D5801A3481F}"
EndProject
Project("{2150E333-8FDC-42A3-9474-1A3956D46DE8}") = "Rozdzial_09", "Rozdzial_09", "{70A50056-A75D-41B0-A623-793B4B8AA766}"
EndProject
Project("{9A19103F-16F7-4668-BE54-9A1E7A4F7556}") = "Zadanie_9.01", "Zadanie_9.01\Zadanie_9.01.csproj", "{B9362321-5753-4349-9DBC-03F22574815B}"
EndProject
Project("{2150E333-8FDC-42A3-9474-1A3956D46DE8}") = "Rozdzial_10", "Rozdzial_10", "{4BE0B837-948D-4B38-A2F9-4B7856A99C20}"
EndProject
Project("{9A19103F-16F7-4668-BE54-9A1E7A4F7556}") = "Zadanie_10.01", "Zadanie_10.01\Zadanie_10.01.csproj", "{746E689C-80DF-4BD2-A882-D0B164D26939}"
EndProject
Project("{9A19103F-16F7-4668-BE54-9A1E7A4F7556}") = "AppMVVM_WFAiIS", "AppMVVM_WFAiIS\AppMVVM_WFAiIS.csproj", "{2A006571-8194-480A-8434-A6D549F2FA21}"
EndProject
Project("{9A19103F-16F7-4668-BE54-9A1E7A4F7556}") = "AppMVVM_2_WFAiIS", "AppMVVM_2_WFAiIS\AppMVVM_2_WFAiIS.csproj", "{FB956837-3D33-4AFB-A4CA-C2495EA010DB}"
EndProject
Project("{9A19103F-16F7-4668-BE54-9A1E7A4F7556}") = "AppMVVM_3_WFAiIS", "AppMVVM_3_WFAiIS\AppMVVM_3_WFAiIS.csproj", "{FC215359-244F-474B-B851-220715EFF23E}"
EndProject
Project("{FAE04EC0-301F-11D3-BF4B-00C04F79EFBC}") = "Zadanie_10.02", "Zadanie_10.02\Zadanie_10.02.csproj", "{B7633238-A225-486E-BA0C-1123DC8A2557}"
EndProject
Project("{FAE04EC0-301F-11D3-BF4B-00C04F79EFBC}") = "Zadanie_10.04", "Zadanie_10.04\Zadanie_10.04.csproj", "{38A096D5-A00B-4502-A25F-2184F8DA76BB}"
EndProject
Global
	GlobalSection(SolutionConfigurationPlatforms) = preSolution
		Debug|Any CPU = Debug|Any CPU
		Debug|iPhone = Debug|iPhone
		Debug|iPhoneSimulator = Debug|iPhoneSimulator
		Release|Any CPU = Release|Any CPU
		Release|iPhone = Release|iPhone
		Release|iPhoneSimulator = Release|iPhoneSimulator
	EndGlobalSection
	GlobalSection(ProjectConfigurationPlatforms) = postSolution
		{17C9824B-BB74-4E61-8366-F69E0FF40211}.Debug|Any CPU.ActiveCfg = Debug|Any CPU
		{17C9824B-BB74-4E61-8366-F69E0FF40211}.Debug|Any CPU.Build.0 = Debug|Any CPU
		{17C9824B-BB74-4E61-8366-F69E0FF40211}.Debug|iPhone.ActiveCfg = Debug|Any CPU
		{17C9824B-BB74-4E61-8366-F69E0FF40211}.Debug|iPhone.Build.0 = Debug|Any CPU
		{17C9824B-BB74-4E61-8366-F69E0FF40211}.Debug|iPhoneSimulator.ActiveCfg = Debug|Any CPU
		{17C9824B-BB74-4E61-8366-F69E0FF40211}.Debug|iPhoneSimulator.Build.0 = Debug|Any CPU
		{17C9824B-BB74-4E61-8366-F69E0FF40211}.Release|Any CPU.ActiveCfg = Release|Any CPU
		{17C9824B-BB74-4E61-8366-F69E0FF40211}.Release|Any CPU.Build.0 = Release|Any CPU
		{17C9824B-BB74-4E61-8366-F69E0FF40211}.Release|iPhone.ActiveCfg = Release|Any CPU
		{17C9824B-BB74-4E61-8366-F69E0FF40211}.Release|iPhone.Build.0 = Release|Any CPU
		{17C9824B-BB74-4E61-8366-F69E0FF40211}.Release|iPhoneSimulator.ActiveCfg = Release|Any CPU
		{17C9824B-BB74-4E61-8366-F69E0FF40211}.Release|iPhoneSimulator.Build.0 = Release|Any CPU
		{DDC1D263-02EF-4258-B8FC-500A310F4913}.Debug|Any CPU.ActiveCfg = Debug|Any CPU
		{DDC1D263-02EF-4258-B8FC-500A310F4913}.Debug|Any CPU.Build.0 = Debug|Any CPU
		{DDC1D263-02EF-4258-B8FC-500A310F4913}.Debug|iPhone.ActiveCfg = Debug|Any CPU
		{DDC1D263-02EF-4258-B8FC-500A310F4913}.Debug|iPhone.Build.0 = Debug|Any CPU
		{DDC1D263-02EF-4258-B8FC-500A310F4913}.Debug|iPhoneSimulator.ActiveCfg = Debug|Any CPU
		{DDC1D263-02EF-4258-B8FC-500A310F4913}.Debug|iPhoneSimulator.Build.0 = Debug|Any CPU
		{DDC1D263-02EF-4258-B8FC-500A310F4913}.Release|Any CPU.ActiveCfg = Release|Any CPU
		{DDC1D263-02EF-4258-B8FC-500A310F4913}.Release|Any CPU.Build.0 = Release|Any CPU
		{DDC1D263-02EF-4258-B8FC-500A310F4913}.Release|iPhone.ActiveCfg = Release|Any CPU
		{DDC1D263-02EF-4258-B8FC-500A310F4913}.Release|iPhone.Build.0 = Release|Any CPU
		{DDC1D263-02EF-4258-B8FC-500A310F4913}.Release|iPhoneSimulator.ActiveCfg = Release|Any CPU
		{DDC1D263-02EF-4258-B8FC-500A310F4913}.Release|iPhoneSimulator.Build.0 = Release|Any CPU
		{AD8D4453-5DFE-4A6C-A9DE-EB696E64D5AF}.Debug|Any CPU.ActiveCfg = Debug|Any CPU
		{AD8D4453-5DFE-4A6C-A9DE-EB696E64D5AF}.Debug|Any CPU.Build.0 = Debug|Any CPU
		{AD8D4453-5DFE-4A6C-A9DE-EB696E64D5AF}.Debug|iPhone.ActiveCfg = Debug|Any CPU
		{AD8D4453-5DFE-4A6C-A9DE-EB696E64D5AF}.Debug|iPhone.Build.0 = Debug|Any CPU
		{AD8D4453-5DFE-4A6C-A9DE-EB696E64D5AF}.Debug|iPhoneSimulator.ActiveCfg = Debug|Any CPU
		{AD8D4453-5DFE-4A6C-A9DE-EB696E64D5AF}.Debug|iPhoneSimulator.Build.0 = Debug|Any CPU
		{AD8D4453-5DFE-4A6C-A9DE-EB696E64D5AF}.Release|Any CPU.ActiveCfg = Release|Any CPU
		{AD8D4453-5DFE-4A6C-A9DE-EB696E64D5AF}.Release|Any CPU.Build.0 = Release|Any CPU
		{AD8D4453-5DFE-4A6C-A9DE-EB696E64D5AF}.Release|iPhone.ActiveCfg = Release|Any CPU
		{AD8D4453-5DFE-4A6C-A9DE-EB696E64D5AF}.Release|iPhone.Build.0 = Release|Any CPU
		{AD8D4453-5DFE-4A6C-A9DE-EB696E64D5AF}.Release|iPhoneSimulator.ActiveCfg = Release|Any CPU
		{AD8D4453-5DFE-4A6C-A9DE-EB696E64D5AF}.Release|iPhoneSimulator.Build.0 = Release|Any CPU
		{35DB2386-A2A5-4D26-8E4B-7F4C9AFC03AD}.Debug|Any CPU.ActiveCfg = Debug|Any CPU
		{35DB2386-A2A5-4D26-8E4B-7F4C9AFC03AD}.Debug|Any CPU.Build.0 = Debug|Any CPU
		{35DB2386-A2A5-4D26-8E4B-7F4C9AFC03AD}.Debug|iPhone.ActiveCfg = Debug|Any CPU
		{35DB2386-A2A5-4D26-8E4B-7F4C9AFC03AD}.Debug|iPhone.Build.0 = Debug|Any CPU
		{35DB2386-A2A5-4D26-8E4B-7F4C9AFC03AD}.Debug|iPhoneSimulator.ActiveCfg = Debug|Any CPU
		{35DB2386-A2A5-4D26-8E4B-7F4C9AFC03AD}.Debug|iPhoneSimulator.Build.0 = Debug|Any CPU
		{35DB2386-A2A5-4D26-8E4B-7F4C9AFC03AD}.Release|Any CPU.ActiveCfg = Release|Any CPU
		{35DB2386-A2A5-4D26-8E4B-7F4C9AFC03AD}.Release|Any CPU.Build.0 = Release|Any CPU
		{35DB2386-A2A5-4D26-8E4B-7F4C9AFC03AD}.Release|iPhone.ActiveCfg = Release|Any CPU
		{35DB2386-A2A5-4D26-8E4B-7F4C9AFC03AD}.Release|iPhone.Build.0 = Release|Any CPU
		{35DB2386-A2A5-4D26-8E4B-7F4C9AFC03AD}.Release|iPhoneSimulator.ActiveCfg = Release|Any CPU
		{35DB2386-A2A5-4D26-8E4B-7F4C9AFC03AD}.Release|iPhoneSimulator.Build.0 = Release|Any CPU
		{4735A6A1-EDB3-4A96-B7D3-CF3FAA2D6DAF}.Debug|Any CPU.ActiveCfg = Debug|Any CPU
		{4735A6A1-EDB3-4A96-B7D3-CF3FAA2D6DAF}.Debug|Any CPU.Build.0 = Debug|Any CPU
		{4735A6A1-EDB3-4A96-B7D3-CF3FAA2D6DAF}.Debug|iPhone.ActiveCfg = Debug|Any CPU
		{4735A6A1-EDB3-4A96-B7D3-CF3FAA2D6DAF}.Debug|iPhone.Build.0 = Debug|Any CPU
		{4735A6A1-EDB3-4A96-B7D3-CF3FAA2D6DAF}.Debug|iPhoneSimulator.ActiveCfg = Debug|Any CPU
		{4735A6A1-EDB3-4A96-B7D3-CF3FAA2D6DAF}.Debug|iPhoneSimulator.Build.0 = Debug|Any CPU
		{4735A6A1-EDB3-4A96-B7D3-CF3FAA2D6DAF}.Release|Any CPU.ActiveCfg = Release|Any CPU
		{4735A6A1-EDB3-4A96-B7D3-CF3FAA2D6DAF}.Release|Any CPU.Build.0 = Release|Any CPU
		{4735A6A1-EDB3-4A96-B7D3-CF3FAA2D6DAF}.Release|iPhone.ActiveCfg = Release|Any CPU
		{4735A6A1-EDB3-4A96-B7D3-CF3FAA2D6DAF}.Release|iPhone.Build.0 = Release|Any CPU
		{4735A6A1-EDB3-4A96-B7D3-CF3FAA2D6DAF}.Release|iPhoneSimulator.ActiveCfg = Release|Any CPU
		{4735A6A1-EDB3-4A96-B7D3-CF3FAA2D6DAF}.Release|iPhoneSimulator.Build.0 = Release|Any CPU
		{FD896723-B7D1-433B-9C4E-E6DB121CBEDE}.Debug|Any CPU.ActiveCfg = Debug|Any CPU
		{FD896723-B7D1-433B-9C4E-E6DB121CBEDE}.Debug|Any CPU.Build.0 = Debug|Any CPU
		{FD896723-B7D1-433B-9C4E-E6DB121CBEDE}.Debug|iPhone.ActiveCfg = Debug|Any CPU
		{FD896723-B7D1-433B-9C4E-E6DB121CBEDE}.Debug|iPhone.Build.0 = Debug|Any CPU
		{FD896723-B7D1-433B-9C4E-E6DB121CBEDE}.Debug|iPhoneSimulator.ActiveCfg = Debug|Any CPU
		{FD896723-B7D1-433B-9C4E-E6DB121CBEDE}.Debug|iPhoneSimulator.Build.0 = Debug|Any CPU
		{FD896723-B7D1-433B-9C4E-E6DB121CBEDE}.Release|Any CPU.ActiveCfg = Release|Any CPU
		{FD896723-B7D1-433B-9C4E-E6DB121CBEDE}.Release|Any CPU.Build.0 = Release|Any CPU
		{FD896723-B7D1-433B-9C4E-E6DB121CBEDE}.Release|iPhone.ActiveCfg = Release|Any CPU
		{FD896723-B7D1-433B-9C4E-E6DB121CBEDE}.Release|iPhone.Build.0 = Release|Any CPU
		{FD896723-B7D1-433B-9C4E-E6DB121CBEDE}.Release|iPhoneSimulator.ActiveCfg = Release|Any CPU
		{FD896723-B7D1-433B-9C4E-E6DB121CBEDE}.Release|iPhoneSimulator.Build.0 = Release|Any CPU
		{9040B83D-B491-4404-BED1-E49DFF776312}.Debug|Any CPU.ActiveCfg = Debug|Any CPU
		{9040B83D-B491-4404-BED1-E49DFF776312}.Debug|Any CPU.Build.0 = Debug|Any CPU
		{9040B83D-B491-4404-BED1-E49DFF776312}.Debug|iPhone.ActiveCfg = Debug|Any CPU
		{9040B83D-B491-4404-BED1-E49DFF776312}.Debug|iPhone.Build.0 = Debug|Any CPU
		{9040B83D-B491-4404-BED1-E49DFF776312}.Debug|iPhoneSimulator.ActiveCfg = Debug|Any CPU
		{9040B83D-B491-4404-BED1-E49DFF776312}.Debug|iPhoneSimulator.Build.0 = Debug|Any CPU
		{9040B83D-B491-4404-BED1-E49DFF776312}.Release|Any CPU.ActiveCfg = Release|Any CPU
		{9040B83D-B491-4404-BED1-E49DFF776312}.Release|Any CPU.Build.0 = Release|Any CPU
		{9040B83D-B491-4404-BED1-E49DFF776312}.Release|iPhone.ActiveCfg = Release|Any CPU
		{9040B83D-B491-4404-BED1-E49DFF776312}.Release|iPhone.Build.0 = Release|Any CPU
		{9040B83D-B491-4404-BED1-E49DFF776312}.Release|iPhoneSimulator.ActiveCfg = Release|Any CPU
		{9040B83D-B491-4404-BED1-E49DFF776312}.Release|iPhoneSimulator.Build.0 = Release|Any CPU
		{DDDB1AA6-AED9-4FD4-AB79-2CDC5A0D9338}.Debug|Any CPU.ActiveCfg = Debug|Any CPU
		{DDDB1AA6-AED9-4FD4-AB79-2CDC5A0D9338}.Debug|Any CPU.Build.0 = Debug|Any CPU
		{DDDB1AA6-AED9-4FD4-AB79-2CDC5A0D9338}.Debug|iPhone.ActiveCfg = Debug|Any CPU
		{DDDB1AA6-AED9-4FD4-AB79-2CDC5A0D9338}.Debug|iPhone.Build.0 = Debug|Any CPU
		{DDDB1AA6-AED9-4FD4-AB79-2CDC5A0D9338}.Debug|iPhoneSimulator.ActiveCfg = Debug|Any CPU
		{DDDB1AA6-AED9-4FD4-AB79-2CDC5A0D9338}.Debug|iPhoneSimulator.Build.0 = Debug|Any CPU
		{DDDB1AA6-AED9-4FD4-AB79-2CDC5A0D9338}.Release|Any CPU.ActiveCfg = Release|Any CPU
		{DDDB1AA6-AED9-4FD4-AB79-2CDC5A0D9338}.Release|Any CPU.Build.0 = Release|Any CPU
		{DDDB1AA6-AED9-4FD4-AB79-2CDC5A0D9338}.Release|iPhone.ActiveCfg = Release|Any CPU
		{DDDB1AA6-AED9-4FD4-AB79-2CDC5A0D9338}.Release|iPhone.Build.0 = Release|Any CPU
		{DDDB1AA6-AED9-4FD4-AB79-2CDC5A0D9338}.Release|iPhoneSimulator.ActiveCfg = Release|Any CPU
		{DDDB1AA6-AED9-4FD4-AB79-2CDC5A0D9338}.Release|iPhoneSimulator.Build.0 = Release|Any CPU
		{15ABB6C7-A90C-40F9-9786-8E7D50E2AF36}.Debug|Any CPU.ActiveCfg = Debug|Any CPU
		{15ABB6C7-A90C-40F9-9786-8E7D50E2AF36}.Debug|Any CPU.Build.0 = Debug|Any CPU
		{15ABB6C7-A90C-40F9-9786-8E7D50E2AF36}.Debug|iPhone.ActiveCfg = Debug|Any CPU
		{15ABB6C7-A90C-40F9-9786-8E7D50E2AF36}.Debug|iPhone.Build.0 = Debug|Any CPU
		{15ABB6C7-A90C-40F9-9786-8E7D50E2AF36}.Debug|iPhoneSimulator.ActiveCfg = Debug|Any CPU
		{15ABB6C7-A90C-40F9-9786-8E7D50E2AF36}.Debug|iPhoneSimulator.Build.0 = Debug|Any CPU
		{15ABB6C7-A90C-40F9-9786-8E7D50E2AF36}.Release|Any CPU.ActiveCfg = Release|Any CPU
		{15ABB6C7-A90C-40F9-9786-8E7D50E2AF36}.Release|Any CPU.Build.0 = Release|Any CPU
		{15ABB6C7-A90C-40F9-9786-8E7D50E2AF36}.Release|iPhone.ActiveCfg = Release|Any CPU
		{15ABB6C7-A90C-40F9-9786-8E7D50E2AF36}.Release|iPhone.Build.0 = Release|Any CPU
		{15ABB6C7-A90C-40F9-9786-8E7D50E2AF36}.Release|iPhoneSimulator.ActiveCfg = Release|Any CPU
		{15ABB6C7-A90C-40F9-9786-8E7D50E2AF36}.Release|iPhoneSimulator.Build.0 = Release|Any CPU
		{DD9FBC14-E68C-463C-B431-F235B33623A0}.Debug|Any CPU.ActiveCfg = Debug|Any CPU
		{DD9FBC14-E68C-463C-B431-F235B33623A0}.Debug|Any CPU.Build.0 = Debug|Any CPU
		{DD9FBC14-E68C-463C-B431-F235B33623A0}.Debug|iPhone.ActiveCfg = Debug|Any CPU
		{DD9FBC14-E68C-463C-B431-F235B33623A0}.Debug|iPhone.Build.0 = Debug|Any CPU
		{DD9FBC14-E68C-463C-B431-F235B33623A0}.Debug|iPhoneSimulator.ActiveCfg = Debug|Any CPU
		{DD9FBC14-E68C-463C-B431-F235B33623A0}.Debug|iPhoneSimulator.Build.0 = Debug|Any CPU
		{DD9FBC14-E68C-463C-B431-F235B33623A0}.Release|Any CPU.ActiveCfg = Release|Any CPU
		{DD9FBC14-E68C-463C-B431-F235B33623A0}.Release|Any CPU.Build.0 = Release|Any CPU
		{DD9FBC14-E68C-463C-B431-F235B33623A0}.Release|iPhone.ActiveCfg = Release|Any CPU
		{DD9FBC14-E68C-463C-B431-F235B33623A0}.Release|iPhone.Build.0 = Release|Any CPU
		{DD9FBC14-E68C-463C-B431-F235B33623A0}.Release|iPhoneSimulator.ActiveCfg = Release|Any CPU
		{DD9FBC14-E68C-463C-B431-F235B33623A0}.Release|iPhoneSimulator.Build.0 = Release|Any CPU
		{547093F9-8EB0-4D12-8233-CF48FD00F456}.Debug|Any CPU.ActiveCfg = Debug|Any CPU
		{547093F9-8EB0-4D12-8233-CF48FD00F456}.Debug|Any CPU.Build.0 = Debug|Any CPU
		{547093F9-8EB0-4D12-8233-CF48FD00F456}.Debug|iPhone.ActiveCfg = Debug|Any CPU
		{547093F9-8EB0-4D12-8233-CF48FD00F456}.Debug|iPhone.Build.0 = Debug|Any CPU
		{547093F9-8EB0-4D12-8233-CF48FD00F456}.Debug|iPhoneSimulator.ActiveCfg = Debug|Any CPU
		{547093F9-8EB0-4D12-8233-CF48FD00F456}.Debug|iPhoneSimulator.Build.0 = Debug|Any CPU
		{547093F9-8EB0-4D12-8233-CF48FD00F456}.Release|Any CPU.ActiveCfg = Release|Any CPU
		{547093F9-8EB0-4D12-8233-CF48FD00F456}.Release|Any CPU.Build.0 = Release|Any CPU
		{547093F9-8EB0-4D12-8233-CF48FD00F456}.Release|iPhone.ActiveCfg = Release|Any CPU
		{547093F9-8EB0-4D12-8233-CF48FD00F456}.Release|iPhone.Build.0 = Release|Any CPU
		{547093F9-8EB0-4D12-8233-CF48FD00F456}.Release|iPhoneSimulator.ActiveCfg = Release|Any CPU
		{547093F9-8EB0-4D12-8233-CF48FD00F456}.Release|iPhoneSimulator.Build.0 = Release|Any CPU
		{96DBC906-3C20-4012-AF0A-1F9988F01A3B}.Debug|Any CPU.ActiveCfg = Debug|Any CPU
		{96DBC906-3C20-4012-AF0A-1F9988F01A3B}.Debug|Any CPU.Build.0 = Debug|Any CPU
		{96DBC906-3C20-4012-AF0A-1F9988F01A3B}.Debug|iPhone.ActiveCfg = Debug|Any CPU
		{96DBC906-3C20-4012-AF0A-1F9988F01A3B}.Debug|iPhone.Build.0 = Debug|Any CPU
		{96DBC906-3C20-4012-AF0A-1F9988F01A3B}.Debug|iPhoneSimulator.ActiveCfg = Debug|Any CPU
		{96DBC906-3C20-4012-AF0A-1F9988F01A3B}.Debug|iPhoneSimulator.Build.0 = Debug|Any CPU
		{96DBC906-3C20-4012-AF0A-1F9988F01A3B}.Release|Any CPU.ActiveCfg = Release|Any CPU
		{96DBC906-3C20-4012-AF0A-1F9988F01A3B}.Release|Any CPU.Build.0 = Release|Any CPU
		{96DBC906-3C20-4012-AF0A-1F9988F01A3B}.Release|iPhone.ActiveCfg = Release|Any CPU
		{96DBC906-3C20-4012-AF0A-1F9988F01A3B}.Release|iPhone.Build.0 = Release|Any CPU
		{96DBC906-3C20-4012-AF0A-1F9988F01A3B}.Release|iPhoneSimulator.ActiveCfg = Release|Any CPU
		{96DBC906-3C20-4012-AF0A-1F9988F01A3B}.Release|iPhoneSimulator.Build.0 = Release|Any CPU
		{382B366B-1A19-40E0-91FA-B0DFA140F0F1}.Debug|Any CPU.ActiveCfg = Debug|Any CPU
		{382B366B-1A19-40E0-91FA-B0DFA140F0F1}.Debug|Any CPU.Build.0 = Debug|Any CPU
		{382B366B-1A19-40E0-91FA-B0DFA140F0F1}.Debug|iPhone.ActiveCfg = Debug|Any CPU
		{382B366B-1A19-40E0-91FA-B0DFA140F0F1}.Debug|iPhone.Build.0 = Debug|Any CPU
		{382B366B-1A19-40E0-91FA-B0DFA140F0F1}.Debug|iPhoneSimulator.ActiveCfg = Debug|Any CPU
		{382B366B-1A19-40E0-91FA-B0DFA140F0F1}.Debug|iPhoneSimulator.Build.0 = Debug|Any CPU
		{382B366B-1A19-40E0-91FA-B0DFA140F0F1}.Release|Any CPU.ActiveCfg = Release|Any CPU
		{382B366B-1A19-40E0-91FA-B0DFA140F0F1}.Release|Any CPU.Build.0 = Release|Any CPU
		{382B366B-1A19-40E0-91FA-B0DFA140F0F1}.Release|iPhone.ActiveCfg = Release|Any CPU
		{382B366B-1A19-40E0-91FA-B0DFA140F0F1}.Release|iPhone.Build.0 = Release|Any CPU
		{382B366B-1A19-40E0-91FA-B0DFA140F0F1}.Release|iPhoneSimulator.ActiveCfg = Release|Any CPU
		{382B366B-1A19-40E0-91FA-B0DFA140F0F1}.Release|iPhoneSimulator.Build.0 = Release|Any CPU
		{6D8AEAB9-8DC0-4335-B0E6-BF5E3AE32BF1}.Debug|Any CPU.ActiveCfg = Debug|Any CPU
		{6D8AEAB9-8DC0-4335-B0E6-BF5E3AE32BF1}.Debug|Any CPU.Build.0 = Debug|Any CPU
		{6D8AEAB9-8DC0-4335-B0E6-BF5E3AE32BF1}.Debug|iPhone.ActiveCfg = Debug|Any CPU
		{6D8AEAB9-8DC0-4335-B0E6-BF5E3AE32BF1}.Debug|iPhone.Build.0 = Debug|Any CPU
		{6D8AEAB9-8DC0-4335-B0E6-BF5E3AE32BF1}.Debug|iPhoneSimulator.ActiveCfg = Debug|Any CPU
		{6D8AEAB9-8DC0-4335-B0E6-BF5E3AE32BF1}.Debug|iPhoneSimulator.Build.0 = Debug|Any CPU
		{6D8AEAB9-8DC0-4335-B0E6-BF5E3AE32BF1}.Release|Any CPU.ActiveCfg = Release|Any CPU
		{6D8AEAB9-8DC0-4335-B0E6-BF5E3AE32BF1}.Release|Any CPU.Build.0 = Release|Any CPU
		{6D8AEAB9-8DC0-4335-B0E6-BF5E3AE32BF1}.Release|iPhone.ActiveCfg = Release|Any CPU
		{6D8AEAB9-8DC0-4335-B0E6-BF5E3AE32BF1}.Release|iPhone.Build.0 = Release|Any CPU
		{6D8AEAB9-8DC0-4335-B0E6-BF5E3AE32BF1}.Release|iPhoneSimulator.ActiveCfg = Release|Any CPU
		{6D8AEAB9-8DC0-4335-B0E6-BF5E3AE32BF1}.Release|iPhoneSimulator.Build.0 = Release|Any CPU
		{24AE28EF-6B8B-4E74-B797-AAE3DA544C28}.Debug|Any CPU.ActiveCfg = Debug|Any CPU
		{24AE28EF-6B8B-4E74-B797-AAE3DA544C28}.Debug|Any CPU.Build.0 = Debug|Any CPU
		{24AE28EF-6B8B-4E74-B797-AAE3DA544C28}.Debug|iPhone.ActiveCfg = Debug|Any CPU
		{24AE28EF-6B8B-4E74-B797-AAE3DA544C28}.Debug|iPhone.Build.0 = Debug|Any CPU
		{24AE28EF-6B8B-4E74-B797-AAE3DA544C28}.Debug|iPhoneSimulator.ActiveCfg = Debug|Any CPU
		{24AE28EF-6B8B-4E74-B797-AAE3DA544C28}.Debug|iPhoneSimulator.Build.0 = Debug|Any CPU
		{24AE28EF-6B8B-4E74-B797-AAE3DA544C28}.Release|Any CPU.ActiveCfg = Release|Any CPU
		{24AE28EF-6B8B-4E74-B797-AAE3DA544C28}.Release|Any CPU.Build.0 = Release|Any CPU
		{24AE28EF-6B8B-4E74-B797-AAE3DA544C28}.Release|iPhone.ActiveCfg = Release|Any CPU
		{24AE28EF-6B8B-4E74-B797-AAE3DA544C28}.Release|iPhone.Build.0 = Release|Any CPU
		{24AE28EF-6B8B-4E74-B797-AAE3DA544C28}.Release|iPhoneSimulator.ActiveCfg = Release|Any CPU
		{24AE28EF-6B8B-4E74-B797-AAE3DA544C28}.Release|iPhoneSimulator.Build.0 = Release|Any CPU
		{20A2A949-DA5E-444F-87C2-6CE25C8E1BC0}.Debug|Any CPU.ActiveCfg = Debug|Any CPU
		{20A2A949-DA5E-444F-87C2-6CE25C8E1BC0}.Debug|Any CPU.Build.0 = Debug|Any CPU
		{20A2A949-DA5E-444F-87C2-6CE25C8E1BC0}.Debug|iPhone.ActiveCfg = Debug|Any CPU
		{20A2A949-DA5E-444F-87C2-6CE25C8E1BC0}.Debug|iPhone.Build.0 = Debug|Any CPU
		{20A2A949-DA5E-444F-87C2-6CE25C8E1BC0}.Debug|iPhoneSimulator.ActiveCfg = Debug|Any CPU
		{20A2A949-DA5E-444F-87C2-6CE25C8E1BC0}.Debug|iPhoneSimulator.Build.0 = Debug|Any CPU
		{20A2A949-DA5E-444F-87C2-6CE25C8E1BC0}.Release|Any CPU.ActiveCfg = Release|Any CPU
		{20A2A949-DA5E-444F-87C2-6CE25C8E1BC0}.Release|Any CPU.Build.0 = Release|Any CPU
		{20A2A949-DA5E-444F-87C2-6CE25C8E1BC0}.Release|iPhone.ActiveCfg = Release|Any CPU
		{20A2A949-DA5E-444F-87C2-6CE25C8E1BC0}.Release|iPhone.Build.0 = Release|Any CPU
		{20A2A949-DA5E-444F-87C2-6CE25C8E1BC0}.Release|iPhoneSimulator.ActiveCfg = Release|Any CPU
		{20A2A949-DA5E-444F-87C2-6CE25C8E1BC0}.Release|iPhoneSimulator.Build.0 = Release|Any CPU
		{70CDB5A3-E7EA-48C6-97E5-A0F59C7A238E}.Debug|Any CPU.ActiveCfg = Debug|Any CPU
		{70CDB5A3-E7EA-48C6-97E5-A0F59C7A238E}.Debug|Any CPU.Build.0 = Debug|Any CPU
		{70CDB5A3-E7EA-48C6-97E5-A0F59C7A238E}.Debug|iPhone.ActiveCfg = Debug|Any CPU
		{70CDB5A3-E7EA-48C6-97E5-A0F59C7A238E}.Debug|iPhone.Build.0 = Debug|Any CPU
		{70CDB5A3-E7EA-48C6-97E5-A0F59C7A238E}.Debug|iPhoneSimulator.ActiveCfg = Debug|Any CPU
		{70CDB5A3-E7EA-48C6-97E5-A0F59C7A238E}.Debug|iPhoneSimulator.Build.0 = Debug|Any CPU
		{70CDB5A3-E7EA-48C6-97E5-A0F59C7A238E}.Release|Any CPU.ActiveCfg = Release|Any CPU
		{70CDB5A3-E7EA-48C6-97E5-A0F59C7A238E}.Release|Any CPU.Build.0 = Release|Any CPU
		{70CDB5A3-E7EA-48C6-97E5-A0F59C7A238E}.Release|iPhone.ActiveCfg = Release|Any CPU
		{70CDB5A3-E7EA-48C6-97E5-A0F59C7A238E}.Release|iPhone.Build.0 = Release|Any CPU
		{70CDB5A3-E7EA-48C6-97E5-A0F59C7A238E}.Release|iPhoneSimulator.ActiveCfg = Release|Any CPU
		{70CDB5A3-E7EA-48C6-97E5-A0F59C7A238E}.Release|iPhoneSimulator.Build.0 = Release|Any CPU
		{183B748D-CF6C-48ED-A171-79C3D3C43ECF}.Debug|Any CPU.ActiveCfg = Debug|Any CPU
		{183B748D-CF6C-48ED-A171-79C3D3C43ECF}.Debug|Any CPU.Build.0 = Debug|Any CPU
		{183B748D-CF6C-48ED-A171-79C3D3C43ECF}.Debug|iPhone.ActiveCfg = Debug|Any CPU
		{183B748D-CF6C-48ED-A171-79C3D3C43ECF}.Debug|iPhone.Build.0 = Debug|Any CPU
		{183B748D-CF6C-48ED-A171-79C3D3C43ECF}.Debug|iPhoneSimulator.ActiveCfg = Debug|Any CPU
		{183B748D-CF6C-48ED-A171-79C3D3C43ECF}.Debug|iPhoneSimulator.Build.0 = Debug|Any CPU
		{183B748D-CF6C-48ED-A171-79C3D3C43ECF}.Release|Any CPU.ActiveCfg = Release|Any CPU
		{183B748D-CF6C-48ED-A171-79C3D3C43ECF}.Release|Any CPU.Build.0 = Release|Any CPU
		{183B748D-CF6C-48ED-A171-79C3D3C43ECF}.Release|iPhone.ActiveCfg = Release|Any CPU
		{183B748D-CF6C-48ED-A171-79C3D3C43ECF}.Release|iPhone.Build.0 = Release|Any CPU
		{183B748D-CF6C-48ED-A171-79C3D3C43ECF}.Release|iPhoneSimulator.ActiveCfg = Release|Any CPU
		{183B748D-CF6C-48ED-A171-79C3D3C43ECF}.Release|iPhoneSimulator.Build.0 = Release|Any CPU
		{FCA987A0-60F7-44B3-A216-2536AD22CF50}.Debug|Any CPU.ActiveCfg = Debug|Any CPU
		{FCA987A0-60F7-44B3-A216-2536AD22CF50}.Debug|Any CPU.Build.0 = Debug|Any CPU
		{FCA987A0-60F7-44B3-A216-2536AD22CF50}.Debug|iPhone.ActiveCfg = Debug|Any CPU
		{FCA987A0-60F7-44B3-A216-2536AD22CF50}.Debug|iPhone.Build.0 = Debug|Any CPU
		{FCA987A0-60F7-44B3-A216-2536AD22CF50}.Debug|iPhoneSimulator.ActiveCfg = Debug|Any CPU
		{FCA987A0-60F7-44B3-A216-2536AD22CF50}.Debug|iPhoneSimulator.Build.0 = Debug|Any CPU
		{FCA987A0-60F7-44B3-A216-2536AD22CF50}.Release|Any CPU.ActiveCfg = Release|Any CPU
		{FCA987A0-60F7-44B3-A216-2536AD22CF50}.Release|Any CPU.Build.0 = Release|Any CPU
		{FCA987A0-60F7-44B3-A216-2536AD22CF50}.Release|iPhone.ActiveCfg = Release|Any CPU
		{FCA987A0-60F7-44B3-A216-2536AD22CF50}.Release|iPhone.Build.0 = Release|Any CPU
		{FCA987A0-60F7-44B3-A216-2536AD22CF50}.Release|iPhoneSimulator.ActiveCfg = Release|Any CPU
		{FCA987A0-60F7-44B3-A216-2536AD22CF50}.Release|iPhoneSimulator.Build.0 = Release|Any CPU
		{A6A913F1-B0A4-403E-B170-CE41A6BF04BC}.Debug|Any CPU.ActiveCfg = Debug|Any CPU
		{A6A913F1-B0A4-403E-B170-CE41A6BF04BC}.Debug|Any CPU.Build.0 = Debug|Any CPU
		{A6A913F1-B0A4-403E-B170-CE41A6BF04BC}.Debug|iPhone.ActiveCfg = Debug|Any CPU
		{A6A913F1-B0A4-403E-B170-CE41A6BF04BC}.Debug|iPhone.Build.0 = Debug|Any CPU
		{A6A913F1-B0A4-403E-B170-CE41A6BF04BC}.Debug|iPhoneSimulator.ActiveCfg = Debug|Any CPU
		{A6A913F1-B0A4-403E-B170-CE41A6BF04BC}.Debug|iPhoneSimulator.Build.0 = Debug|Any CPU
		{A6A913F1-B0A4-403E-B170-CE41A6BF04BC}.Release|Any CPU.ActiveCfg = Release|Any CPU
		{A6A913F1-B0A4-403E-B170-CE41A6BF04BC}.Release|Any CPU.Build.0 = Release|Any CPU
		{A6A913F1-B0A4-403E-B170-CE41A6BF04BC}.Release|iPhone.ActiveCfg = Release|Any CPU
		{A6A913F1-B0A4-403E-B170-CE41A6BF04BC}.Release|iPhone.Build.0 = Release|Any CPU
		{A6A913F1-B0A4-403E-B170-CE41A6BF04BC}.Release|iPhoneSimulator.ActiveCfg = Release|Any CPU
		{A6A913F1-B0A4-403E-B170-CE41A6BF04BC}.Release|iPhoneSimulator.Build.0 = Release|Any CPU
		{EB6BF4B0-11FC-4F89-9A23-6D067F772E89}.Debug|Any CPU.ActiveCfg = Debug|Any CPU
		{EB6BF4B0-11FC-4F89-9A23-6D067F772E89}.Debug|Any CPU.Build.0 = Debug|Any CPU
		{EB6BF4B0-11FC-4F89-9A23-6D067F772E89}.Debug|iPhone.ActiveCfg = Debug|Any CPU
		{EB6BF4B0-11FC-4F89-9A23-6D067F772E89}.Debug|iPhone.Build.0 = Debug|Any CPU
		{EB6BF4B0-11FC-4F89-9A23-6D067F772E89}.Debug|iPhoneSimulator.ActiveCfg = Debug|Any CPU
		{EB6BF4B0-11FC-4F89-9A23-6D067F772E89}.Debug|iPhoneSimulator.Build.0 = Debug|Any CPU
		{EB6BF4B0-11FC-4F89-9A23-6D067F772E89}.Release|Any CPU.ActiveCfg = Release|Any CPU
		{EB6BF4B0-11FC-4F89-9A23-6D067F772E89}.Release|Any CPU.Build.0 = Release|Any CPU
		{EB6BF4B0-11FC-4F89-9A23-6D067F772E89}.Release|iPhone.ActiveCfg = Release|Any CPU
		{EB6BF4B0-11FC-4F89-9A23-6D067F772E89}.Release|iPhone.Build.0 = Release|Any CPU
		{EB6BF4B0-11FC-4F89-9A23-6D067F772E89}.Release|iPhoneSimulator.ActiveCfg = Release|Any CPU
		{EB6BF4B0-11FC-4F89-9A23-6D067F772E89}.Release|iPhoneSimulator.Build.0 = Release|Any CPU
		{25064D1A-1EE4-4671-994C-FC408CC95D8B}.Debug|Any CPU.ActiveCfg = Debug|Any CPU
		{25064D1A-1EE4-4671-994C-FC408CC95D8B}.Debug|Any CPU.Build.0 = Debug|Any CPU
		{25064D1A-1EE4-4671-994C-FC408CC95D8B}.Debug|iPhone.ActiveCfg = Debug|Any CPU
		{25064D1A-1EE4-4671-994C-FC408CC95D8B}.Debug|iPhone.Build.0 = Debug|Any CPU
		{25064D1A-1EE4-4671-994C-FC408CC95D8B}.Debug|iPhoneSimulator.ActiveCfg = Debug|Any CPU
		{25064D1A-1EE4-4671-994C-FC408CC95D8B}.Debug|iPhoneSimulator.Build.0 = Debug|Any CPU
		{25064D1A-1EE4-4671-994C-FC408CC95D8B}.Release|Any CPU.ActiveCfg = Release|Any CPU
		{25064D1A-1EE4-4671-994C-FC408CC95D8B}.Release|Any CPU.Build.0 = Release|Any CPU
		{25064D1A-1EE4-4671-994C-FC408CC95D8B}.Release|iPhone.ActiveCfg = Release|Any CPU
		{25064D1A-1EE4-4671-994C-FC408CC95D8B}.Release|iPhone.Build.0 = Release|Any CPU
		{25064D1A-1EE4-4671-994C-FC408CC95D8B}.Release|iPhoneSimulator.ActiveCfg = Release|Any CPU
		{25064D1A-1EE4-4671-994C-FC408CC95D8B}.Release|iPhoneSimulator.Build.0 = Release|Any CPU
		{2E10CA3A-2AF7-43F4-B62B-718A9414DEA4}.Debug|Any CPU.ActiveCfg = Debug|Any CPU
		{2E10CA3A-2AF7-43F4-B62B-718A9414DEA4}.Debug|Any CPU.Build.0 = Debug|Any CPU
		{2E10CA3A-2AF7-43F4-B62B-718A9414DEA4}.Debug|iPhone.ActiveCfg = Debug|Any CPU
		{2E10CA3A-2AF7-43F4-B62B-718A9414DEA4}.Debug|iPhone.Build.0 = Debug|Any CPU
		{2E10CA3A-2AF7-43F4-B62B-718A9414DEA4}.Debug|iPhoneSimulator.ActiveCfg = Debug|Any CPU
		{2E10CA3A-2AF7-43F4-B62B-718A9414DEA4}.Debug|iPhoneSimulator.Build.0 = Debug|Any CPU
		{2E10CA3A-2AF7-43F4-B62B-718A9414DEA4}.Release|Any CPU.ActiveCfg = Release|Any CPU
		{2E10CA3A-2AF7-43F4-B62B-718A9414DEA4}.Release|Any CPU.Build.0 = Release|Any CPU
		{2E10CA3A-2AF7-43F4-B62B-718A9414DEA4}.Release|iPhone.ActiveCfg = Release|Any CPU
		{2E10CA3A-2AF7-43F4-B62B-718A9414DEA4}.Release|iPhone.Build.0 = Release|Any CPU
		{2E10CA3A-2AF7-43F4-B62B-718A9414DEA4}.Release|iPhoneSimulator.ActiveCfg = Release|Any CPU
		{2E10CA3A-2AF7-43F4-B62B-718A9414DEA4}.Release|iPhoneSimulator.Build.0 = Release|Any CPU
		{E1B476D9-1125-45B3-B20C-020BD9EF7FD1}.Debug|Any CPU.ActiveCfg = Debug|Any CPU
		{E1B476D9-1125-45B3-B20C-020BD9EF7FD1}.Debug|Any CPU.Build.0 = Debug|Any CPU
		{E1B476D9-1125-45B3-B20C-020BD9EF7FD1}.Debug|iPhone.ActiveCfg = Debug|Any CPU
		{E1B476D9-1125-45B3-B20C-020BD9EF7FD1}.Debug|iPhone.Build.0 = Debug|Any CPU
		{E1B476D9-1125-45B3-B20C-020BD9EF7FD1}.Debug|iPhoneSimulator.ActiveCfg = Debug|Any CPU
		{E1B476D9-1125-45B3-B20C-020BD9EF7FD1}.Debug|iPhoneSimulator.Build.0 = Debug|Any CPU
		{E1B476D9-1125-45B3-B20C-020BD9EF7FD1}.Release|Any CPU.ActiveCfg = Release|Any CPU
		{E1B476D9-1125-45B3-B20C-020BD9EF7FD1}.Release|Any CPU.Build.0 = Release|Any CPU
		{E1B476D9-1125-45B3-B20C-020BD9EF7FD1}.Release|iPhone.ActiveCfg = Release|Any CPU
		{E1B476D9-1125-45B3-B20C-020BD9EF7FD1}.Release|iPhone.Build.0 = Release|Any CPU
		{E1B476D9-1125-45B3-B20C-020BD9EF7FD1}.Release|iPhoneSimulator.ActiveCfg = Release|Any CPU
		{E1B476D9-1125-45B3-B20C-020BD9EF7FD1}.Release|iPhoneSimulator.Build.0 = Release|Any CPU
		{1CE12981-58E4-45E2-9393-65028B761ACB}.Debug|Any CPU.ActiveCfg = Debug|Any CPU
		{1CE12981-58E4-45E2-9393-65028B761ACB}.Debug|Any CPU.Build.0 = Debug|Any CPU
		{1CE12981-58E4-45E2-9393-65028B761ACB}.Debug|iPhone.ActiveCfg = Debug|Any CPU
		{1CE12981-58E4-45E2-9393-65028B761ACB}.Debug|iPhone.Build.0 = Debug|Any CPU
		{1CE12981-58E4-45E2-9393-65028B761ACB}.Debug|iPhoneSimulator.ActiveCfg = Debug|Any CPU
		{1CE12981-58E4-45E2-9393-65028B761ACB}.Debug|iPhoneSimulator.Build.0 = Debug|Any CPU
		{1CE12981-58E4-45E2-9393-65028B761ACB}.Release|Any CPU.ActiveCfg = Release|Any CPU
		{1CE12981-58E4-45E2-9393-65028B761ACB}.Release|Any CPU.Build.0 = Release|Any CPU
		{1CE12981-58E4-45E2-9393-65028B761ACB}.Release|iPhone.ActiveCfg = Release|Any CPU
		{1CE12981-58E4-45E2-9393-65028B761ACB}.Release|iPhone.Build.0 = Release|Any CPU
		{1CE12981-58E4-45E2-9393-65028B761ACB}.Release|iPhoneSimulator.ActiveCfg = Release|Any CPU
		{1CE12981-58E4-45E2-9393-65028B761ACB}.Release|iPhoneSimulator.Build.0 = Release|Any CPU
		{3B1F5378-BBAE-4F89-9E27-70AD93171B29}.Debug|Any CPU.ActiveCfg = Debug|Any CPU
		{3B1F5378-BBAE-4F89-9E27-70AD93171B29}.Debug|Any CPU.Build.0 = Debug|Any CPU
		{3B1F5378-BBAE-4F89-9E27-70AD93171B29}.Debug|iPhone.ActiveCfg = Debug|Any CPU
		{3B1F5378-BBAE-4F89-9E27-70AD93171B29}.Debug|iPhone.Build.0 = Debug|Any CPU
		{3B1F5378-BBAE-4F89-9E27-70AD93171B29}.Debug|iPhoneSimulator.ActiveCfg = Debug|Any CPU
		{3B1F5378-BBAE-4F89-9E27-70AD93171B29}.Debug|iPhoneSimulator.Build.0 = Debug|Any CPU
		{3B1F5378-BBAE-4F89-9E27-70AD93171B29}.Release|Any CPU.ActiveCfg = Release|Any CPU
		{3B1F5378-BBAE-4F89-9E27-70AD93171B29}.Release|Any CPU.Build.0 = Release|Any CPU
		{3B1F5378-BBAE-4F89-9E27-70AD93171B29}.Release|iPhone.ActiveCfg = Release|Any CPU
		{3B1F5378-BBAE-4F89-9E27-70AD93171B29}.Release|iPhone.Build.0 = Release|Any CPU
		{3B1F5378-BBAE-4F89-9E27-70AD93171B29}.Release|iPhoneSimulator.ActiveCfg = Release|Any CPU
		{3B1F5378-BBAE-4F89-9E27-70AD93171B29}.Release|iPhoneSimulator.Build.0 = Release|Any CPU
		{4A5DC969-D7B4-4402-B771-B40F2FE21E64}.Debug|Any CPU.ActiveCfg = Debug|Any CPU
		{4A5DC969-D7B4-4402-B771-B40F2FE21E64}.Debug|Any CPU.Build.0 = Debug|Any CPU
		{4A5DC969-D7B4-4402-B771-B40F2FE21E64}.Debug|iPhone.ActiveCfg = Debug|Any CPU
		{4A5DC969-D7B4-4402-B771-B40F2FE21E64}.Debug|iPhone.Build.0 = Debug|Any CPU
		{4A5DC969-D7B4-4402-B771-B40F2FE21E64}.Debug|iPhoneSimulator.ActiveCfg = Debug|Any CPU
		{4A5DC969-D7B4-4402-B771-B40F2FE21E64}.Debug|iPhoneSimulator.Build.0 = Debug|Any CPU
		{4A5DC969-D7B4-4402-B771-B40F2FE21E64}.Release|Any CPU.ActiveCfg = Release|Any CPU
		{4A5DC969-D7B4-4402-B771-B40F2FE21E64}.Release|Any CPU.Build.0 = Release|Any CPU
		{4A5DC969-D7B4-4402-B771-B40F2FE21E64}.Release|iPhone.ActiveCfg = Release|Any CPU
		{4A5DC969-D7B4-4402-B771-B40F2FE21E64}.Release|iPhone.Build.0 = Release|Any CPU
		{4A5DC969-D7B4-4402-B771-B40F2FE21E64}.Release|iPhoneSimulator.ActiveCfg = Release|Any CPU
		{4A5DC969-D7B4-4402-B771-B40F2FE21E64}.Release|iPhoneSimulator.Build.0 = Release|Any CPU
		{5B993FD8-222B-4CC5-B1A9-4C2B31917D7F}.Debug|Any CPU.ActiveCfg = Debug|Any CPU
		{5B993FD8-222B-4CC5-B1A9-4C2B31917D7F}.Debug|Any CPU.Build.0 = Debug|Any CPU
		{5B993FD8-222B-4CC5-B1A9-4C2B31917D7F}.Debug|iPhone.ActiveCfg = Debug|Any CPU
		{5B993FD8-222B-4CC5-B1A9-4C2B31917D7F}.Debug|iPhone.Build.0 = Debug|Any CPU
		{5B993FD8-222B-4CC5-B1A9-4C2B31917D7F}.Debug|iPhoneSimulator.ActiveCfg = Debug|Any CPU
		{5B993FD8-222B-4CC5-B1A9-4C2B31917D7F}.Debug|iPhoneSimulator.Build.0 = Debug|Any CPU
		{5B993FD8-222B-4CC5-B1A9-4C2B31917D7F}.Release|Any CPU.ActiveCfg = Release|Any CPU
		{5B993FD8-222B-4CC5-B1A9-4C2B31917D7F}.Release|Any CPU.Build.0 = Release|Any CPU
		{5B993FD8-222B-4CC5-B1A9-4C2B31917D7F}.Release|iPhone.ActiveCfg = Release|Any CPU
		{5B993FD8-222B-4CC5-B1A9-4C2B31917D7F}.Release|iPhone.Build.0 = Release|Any CPU
		{5B993FD8-222B-4CC5-B1A9-4C2B31917D7F}.Release|iPhoneSimulator.ActiveCfg = Release|Any CPU
		{5B993FD8-222B-4CC5-B1A9-4C2B31917D7F}.Release|iPhoneSimulator.Build.0 = Release|Any CPU
		{D494E9D8-6BC1-4DE7-8877-E61013CDD93F}.Debug|Any CPU.ActiveCfg = Debug|Any CPU
		{D494E9D8-6BC1-4DE7-8877-E61013CDD93F}.Debug|Any CPU.Build.0 = Debug|Any CPU
		{D494E9D8-6BC1-4DE7-8877-E61013CDD93F}.Debug|iPhone.ActiveCfg = Debug|Any CPU
		{D494E9D8-6BC1-4DE7-8877-E61013CDD93F}.Debug|iPhone.Build.0 = Debug|Any CPU
		{D494E9D8-6BC1-4DE7-8877-E61013CDD93F}.Debug|iPhoneSimulator.ActiveCfg = Debug|Any CPU
		{D494E9D8-6BC1-4DE7-8877-E61013CDD93F}.Debug|iPhoneSimulator.Build.0 = Debug|Any CPU
		{D494E9D8-6BC1-4DE7-8877-E61013CDD93F}.Release|Any CPU.ActiveCfg = Release|Any CPU
		{D494E9D8-6BC1-4DE7-8877-E61013CDD93F}.Release|Any CPU.Build.0 = Release|Any CPU
		{D494E9D8-6BC1-4DE7-8877-E61013CDD93F}.Release|iPhone.ActiveCfg = Release|Any CPU
		{D494E9D8-6BC1-4DE7-8877-E61013CDD93F}.Release|iPhone.Build.0 = Release|Any CPU
		{D494E9D8-6BC1-4DE7-8877-E61013CDD93F}.Release|iPhoneSimulator.ActiveCfg = Release|Any CPU
		{D494E9D8-6BC1-4DE7-8877-E61013CDD93F}.Release|iPhoneSimulator.Build.0 = Release|Any CPU
		{CEE3F542-3453-4373-9243-066F103FD9EC}.Debug|Any CPU.ActiveCfg = Debug|Any CPU
		{CEE3F542-3453-4373-9243-066F103FD9EC}.Debug|Any CPU.Build.0 = Debug|Any CPU
		{CEE3F542-3453-4373-9243-066F103FD9EC}.Debug|iPhone.ActiveCfg = Debug|Any CPU
		{CEE3F542-3453-4373-9243-066F103FD9EC}.Debug|iPhone.Build.0 = Debug|Any CPU
		{CEE3F542-3453-4373-9243-066F103FD9EC}.Debug|iPhoneSimulator.ActiveCfg = Debug|Any CPU
		{CEE3F542-3453-4373-9243-066F103FD9EC}.Debug|iPhoneSimulator.Build.0 = Debug|Any CPU
		{CEE3F542-3453-4373-9243-066F103FD9EC}.Release|Any CPU.ActiveCfg = Release|Any CPU
		{CEE3F542-3453-4373-9243-066F103FD9EC}.Release|Any CPU.Build.0 = Release|Any CPU
		{CEE3F542-3453-4373-9243-066F103FD9EC}.Release|iPhone.ActiveCfg = Release|Any CPU
		{CEE3F542-3453-4373-9243-066F103FD9EC}.Release|iPhone.Build.0 = Release|Any CPU
		{CEE3F542-3453-4373-9243-066F103FD9EC}.Release|iPhoneSimulator.ActiveCfg = Release|Any CPU
		{CEE3F542-3453-4373-9243-066F103FD9EC}.Release|iPhoneSimulator.Build.0 = Release|Any CPU
		{42C2E29C-1B44-49D3-AC1B-9719DEF1E845}.Debug|Any CPU.ActiveCfg = Debug|Any CPU
		{42C2E29C-1B44-49D3-AC1B-9719DEF1E845}.Debug|Any CPU.Build.0 = Debug|Any CPU
		{42C2E29C-1B44-49D3-AC1B-9719DEF1E845}.Debug|iPhone.ActiveCfg = Debug|Any CPU
		{42C2E29C-1B44-49D3-AC1B-9719DEF1E845}.Debug|iPhone.Build.0 = Debug|Any CPU
		{42C2E29C-1B44-49D3-AC1B-9719DEF1E845}.Debug|iPhoneSimulator.ActiveCfg = Debug|Any CPU
		{42C2E29C-1B44-49D3-AC1B-9719DEF1E845}.Debug|iPhoneSimulator.Build.0 = Debug|Any CPU
		{42C2E29C-1B44-49D3-AC1B-9719DEF1E845}.Release|Any CPU.ActiveCfg = Release|Any CPU
		{42C2E29C-1B44-49D3-AC1B-9719DEF1E845}.Release|Any CPU.Build.0 = Release|Any CPU
		{42C2E29C-1B44-49D3-AC1B-9719DEF1E845}.Release|iPhone.ActiveCfg = Release|Any CPU
		{42C2E29C-1B44-49D3-AC1B-9719DEF1E845}.Release|iPhone.Build.0 = Release|Any CPU
		{42C2E29C-1B44-49D3-AC1B-9719DEF1E845}.Release|iPhoneSimulator.ActiveCfg = Release|Any CPU
		{42C2E29C-1B44-49D3-AC1B-9719DEF1E845}.Release|iPhoneSimulator.Build.0 = Release|Any CPU
		{58D762E9-36ED-4D87-90D9-05205514C105}.Debug|Any CPU.ActiveCfg = Debug|Any CPU
		{58D762E9-36ED-4D87-90D9-05205514C105}.Debug|Any CPU.Build.0 = Debug|Any CPU
		{58D762E9-36ED-4D87-90D9-05205514C105}.Debug|iPhone.ActiveCfg = Debug|Any CPU
		{58D762E9-36ED-4D87-90D9-05205514C105}.Debug|iPhone.Build.0 = Debug|Any CPU
		{58D762E9-36ED-4D87-90D9-05205514C105}.Debug|iPhoneSimulator.ActiveCfg = Debug|Any CPU
		{58D762E9-36ED-4D87-90D9-05205514C105}.Debug|iPhoneSimulator.Build.0 = Debug|Any CPU
		{58D762E9-36ED-4D87-90D9-05205514C105}.Release|Any CPU.ActiveCfg = Release|Any CPU
		{58D762E9-36ED-4D87-90D9-05205514C105}.Release|Any CPU.Build.0 = Release|Any CPU
		{58D762E9-36ED-4D87-90D9-05205514C105}.Release|iPhone.ActiveCfg = Release|Any CPU
		{58D762E9-36ED-4D87-90D9-05205514C105}.Release|iPhone.Build.0 = Release|Any CPU
		{58D762E9-36ED-4D87-90D9-05205514C105}.Release|iPhoneSimulator.ActiveCfg = Release|Any CPU
		{58D762E9-36ED-4D87-90D9-05205514C105}.Release|iPhoneSimulator.Build.0 = Release|Any CPU
		{6E6A04FB-F3A9-40DD-ADFF-019771940AE2}.Debug|Any CPU.ActiveCfg = Debug|Any CPU
		{6E6A04FB-F3A9-40DD-ADFF-019771940AE2}.Debug|Any CPU.Build.0 = Debug|Any CPU
		{6E6A04FB-F3A9-40DD-ADFF-019771940AE2}.Debug|iPhone.ActiveCfg = Debug|Any CPU
		{6E6A04FB-F3A9-40DD-ADFF-019771940AE2}.Debug|iPhone.Build.0 = Debug|Any CPU
		{6E6A04FB-F3A9-40DD-ADFF-019771940AE2}.Debug|iPhoneSimulator.ActiveCfg = Debug|Any CPU
		{6E6A04FB-F3A9-40DD-ADFF-019771940AE2}.Debug|iPhoneSimulator.Build.0 = Debug|Any CPU
		{6E6A04FB-F3A9-40DD-ADFF-019771940AE2}.Release|Any CPU.ActiveCfg = Release|Any CPU
		{6E6A04FB-F3A9-40DD-ADFF-019771940AE2}.Release|Any CPU.Build.0 = Release|Any CPU
		{6E6A04FB-F3A9-40DD-ADFF-019771940AE2}.Release|iPhone.ActiveCfg = Release|Any CPU
		{6E6A04FB-F3A9-40DD-ADFF-019771940AE2}.Release|iPhone.Build.0 = Release|Any CPU
		{6E6A04FB-F3A9-40DD-ADFF-019771940AE2}.Release|iPhoneSimulator.ActiveCfg = Release|Any CPU
		{6E6A04FB-F3A9-40DD-ADFF-019771940AE2}.Release|iPhoneSimulator.Build.0 = Release|Any CPU
		{4D684F5B-FCBC-49F9-AD2F-508E5B7F70A6}.Debug|Any CPU.ActiveCfg = Debug|Any CPU
		{4D684F5B-FCBC-49F9-AD2F-508E5B7F70A6}.Debug|Any CPU.Build.0 = Debug|Any CPU
		{4D684F5B-FCBC-49F9-AD2F-508E5B7F70A6}.Debug|iPhone.ActiveCfg = Debug|Any CPU
		{4D684F5B-FCBC-49F9-AD2F-508E5B7F70A6}.Debug|iPhone.Build.0 = Debug|Any CPU
		{4D684F5B-FCBC-49F9-AD2F-508E5B7F70A6}.Debug|iPhoneSimulator.ActiveCfg = Debug|Any CPU
		{4D684F5B-FCBC-49F9-AD2F-508E5B7F70A6}.Debug|iPhoneSimulator.Build.0 = Debug|Any CPU
		{4D684F5B-FCBC-49F9-AD2F-508E5B7F70A6}.Release|Any CPU.ActiveCfg = Release|Any CPU
		{4D684F5B-FCBC-49F9-AD2F-508E5B7F70A6}.Release|Any CPU.Build.0 = Release|Any CPU
		{4D684F5B-FCBC-49F9-AD2F-508E5B7F70A6}.Release|iPhone.ActiveCfg = Release|Any CPU
		{4D684F5B-FCBC-49F9-AD2F-508E5B7F70A6}.Release|iPhone.Build.0 = Release|Any CPU
		{4D684F5B-FCBC-49F9-AD2F-508E5B7F70A6}.Release|iPhoneSimulator.ActiveCfg = Release|Any CPU
		{4D684F5B-FCBC-49F9-AD2F-508E5B7F70A6}.Release|iPhoneSimulator.Build.0 = Release|Any CPU
		{5CCBC988-AC07-4733-B526-6C8A884E208F}.Debug|Any CPU.ActiveCfg = Debug|Any CPU
		{5CCBC988-AC07-4733-B526-6C8A884E208F}.Debug|Any CPU.Build.0 = Debug|Any CPU
		{5CCBC988-AC07-4733-B526-6C8A884E208F}.Debug|iPhone.ActiveCfg = Debug|Any CPU
		{5CCBC988-AC07-4733-B526-6C8A884E208F}.Debug|iPhone.Build.0 = Debug|Any CPU
		{5CCBC988-AC07-4733-B526-6C8A884E208F}.Debug|iPhoneSimulator.ActiveCfg = Debug|Any CPU
		{5CCBC988-AC07-4733-B526-6C8A884E208F}.Debug|iPhoneSimulator.Build.0 = Debug|Any CPU
		{5CCBC988-AC07-4733-B526-6C8A884E208F}.Release|Any CPU.ActiveCfg = Release|Any CPU
		{5CCBC988-AC07-4733-B526-6C8A884E208F}.Release|Any CPU.Build.0 = Release|Any CPU
		{5CCBC988-AC07-4733-B526-6C8A884E208F}.Release|iPhone.ActiveCfg = Release|Any CPU
		{5CCBC988-AC07-4733-B526-6C8A884E208F}.Release|iPhone.Build.0 = Release|Any CPU
		{5CCBC988-AC07-4733-B526-6C8A884E208F}.Release|iPhoneSimulator.ActiveCfg = Release|Any CPU
		{5CCBC988-AC07-4733-B526-6C8A884E208F}.Release|iPhoneSimulator.Build.0 = Release|Any CPU
		{B4ABF746-9B31-4B5C-8CB9-60CC4287A949}.Debug|Any CPU.ActiveCfg = Debug|Any CPU
		{B4ABF746-9B31-4B5C-8CB9-60CC4287A949}.Debug|Any CPU.Build.0 = Debug|Any CPU
		{B4ABF746-9B31-4B5C-8CB9-60CC4287A949}.Debug|iPhone.ActiveCfg = Debug|Any CPU
		{B4ABF746-9B31-4B5C-8CB9-60CC4287A949}.Debug|iPhone.Build.0 = Debug|Any CPU
		{B4ABF746-9B31-4B5C-8CB9-60CC4287A949}.Debug|iPhoneSimulator.ActiveCfg = Debug|Any CPU
		{B4ABF746-9B31-4B5C-8CB9-60CC4287A949}.Debug|iPhoneSimulator.Build.0 = Debug|Any CPU
		{B4ABF746-9B31-4B5C-8CB9-60CC4287A949}.Release|Any CPU.ActiveCfg = Release|Any CPU
		{B4ABF746-9B31-4B5C-8CB9-60CC4287A949}.Release|Any CPU.Build.0 = Release|Any CPU
		{B4ABF746-9B31-4B5C-8CB9-60CC4287A949}.Release|iPhone.ActiveCfg = Release|Any CPU
		{B4ABF746-9B31-4B5C-8CB9-60CC4287A949}.Release|iPhone.Build.0 = Release|Any CPU
		{B4ABF746-9B31-4B5C-8CB9-60CC4287A949}.Release|iPhoneSimulator.ActiveCfg = Release|Any CPU
		{B4ABF746-9B31-4B5C-8CB9-60CC4287A949}.Release|iPhoneSimulator.Build.0 = Release|Any CPU
		{B0DE9246-570F-49BE-9212-5D5801A3481F}.Debug|Any CPU.ActiveCfg = Debug|Any CPU
		{B0DE9246-570F-49BE-9212-5D5801A3481F}.Debug|Any CPU.Build.0 = Debug|Any CPU
		{B0DE9246-570F-49BE-9212-5D5801A3481F}.Debug|iPhone.ActiveCfg = Debug|Any CPU
		{B0DE9246-570F-49BE-9212-5D5801A3481F}.Debug|iPhone.Build.0 = Debug|Any CPU
		{B0DE9246-570F-49BE-9212-5D5801A3481F}.Debug|iPhoneSimulator.ActiveCfg = Debug|Any CPU
		{B0DE9246-570F-49BE-9212-5D5801A3481F}.Debug|iPhoneSimulator.Build.0 = Debug|Any CPU
		{B0DE9246-570F-49BE-9212-5D5801A3481F}.Release|Any CPU.ActiveCfg = Release|Any CPU
		{B0DE9246-570F-49BE-9212-5D5801A3481F}.Release|Any CPU.Build.0 = Release|Any CPU
		{B0DE9246-570F-49BE-9212-5D5801A3481F}.Release|iPhone.ActiveCfg = Release|Any CPU
		{B0DE9246-570F-49BE-9212-5D5801A3481F}.Release|iPhone.Build.0 = Release|Any CPU
		{B0DE9246-570F-49BE-9212-5D5801A3481F}.Release|iPhoneSimulator.ActiveCfg = Release|Any CPU
		{B0DE9246-570F-49BE-9212-5D5801A3481F}.Release|iPhoneSimulator.Build.0 = Release|Any CPU
		{B9362321-5753-4349-9DBC-03F22574815B}.Debug|Any CPU.ActiveCfg = Debug|Any CPU
		{B9362321-5753-4349-9DBC-03F22574815B}.Debug|Any CPU.Build.0 = Debug|Any CPU
		{B9362321-5753-4349-9DBC-03F22574815B}.Debug|iPhone.ActiveCfg = Debug|Any CPU
		{B9362321-5753-4349-9DBC-03F22574815B}.Debug|iPhone.Build.0 = Debug|Any CPU
		{B9362321-5753-4349-9DBC-03F22574815B}.Debug|iPhoneSimulator.ActiveCfg = Debug|Any CPU
		{B9362321-5753-4349-9DBC-03F22574815B}.Debug|iPhoneSimulator.Build.0 = Debug|Any CPU
		{B9362321-5753-4349-9DBC-03F22574815B}.Release|Any CPU.ActiveCfg = Release|Any CPU
		{B9362321-5753-4349-9DBC-03F22574815B}.Release|Any CPU.Build.0 = Release|Any CPU
		{B9362321-5753-4349-9DBC-03F22574815B}.Release|iPhone.ActiveCfg = Release|Any CPU
		{B9362321-5753-4349-9DBC-03F22574815B}.Release|iPhone.Build.0 = Release|Any CPU
		{B9362321-5753-4349-9DBC-03F22574815B}.Release|iPhoneSimulator.ActiveCfg = Release|Any CPU
		{B9362321-5753-4349-9DBC-03F22574815B}.Release|iPhoneSimulator.Build.0 = Release|Any CPU
		{746E689C-80DF-4BD2-A882-D0B164D26939}.Debug|Any CPU.ActiveCfg = Debug|Any CPU
		{746E689C-80DF-4BD2-A882-D0B164D26939}.Debug|Any CPU.Build.0 = Debug|Any CPU
		{746E689C-80DF-4BD2-A882-D0B164D26939}.Debug|iPhone.ActiveCfg = Debug|Any CPU
		{746E689C-80DF-4BD2-A882-D0B164D26939}.Debug|iPhone.Build.0 = Debug|Any CPU
		{746E689C-80DF-4BD2-A882-D0B164D26939}.Debug|iPhoneSimulator.ActiveCfg = Debug|Any CPU
		{746E689C-80DF-4BD2-A882-D0B164D26939}.Debug|iPhoneSimulator.Build.0 = Debug|Any CPU
		{746E689C-80DF-4BD2-A882-D0B164D26939}.Release|Any CPU.ActiveCfg = Release|Any CPU
		{746E689C-80DF-4BD2-A882-D0B164D26939}.Release|Any CPU.Build.0 = Release|Any CPU
		{746E689C-80DF-4BD2-A882-D0B164D26939}.Release|iPhone.ActiveCfg = Release|Any CPU
		{746E689C-80DF-4BD2-A882-D0B164D26939}.Release|iPhone.Build.0 = Release|Any CPU
		{746E689C-80DF-4BD2-A882-D0B164D26939}.Release|iPhoneSimulator.ActiveCfg = Release|Any CPU
		{746E689C-80DF-4BD2-A882-D0B164D26939}.Release|iPhoneSimulator.Build.0 = Release|Any CPU
		{2A006571-8194-480A-8434-A6D549F2FA21}.Debug|Any CPU.ActiveCfg = Debug|Any CPU
		{2A006571-8194-480A-8434-A6D549F2FA21}.Debug|Any CPU.Build.0 = Debug|Any CPU
		{2A006571-8194-480A-8434-A6D549F2FA21}.Debug|iPhone.ActiveCfg = Debug|Any CPU
		{2A006571-8194-480A-8434-A6D549F2FA21}.Debug|iPhone.Build.0 = Debug|Any CPU
		{2A006571-8194-480A-8434-A6D549F2FA21}.Debug|iPhoneSimulator.ActiveCfg = Debug|Any CPU
		{2A006571-8194-480A-8434-A6D549F2FA21}.Debug|iPhoneSimulator.Build.0 = Debug|Any CPU
		{2A006571-8194-480A-8434-A6D549F2FA21}.Release|Any CPU.ActiveCfg = Release|Any CPU
		{2A006571-8194-480A-8434-A6D549F2FA21}.Release|Any CPU.Build.0 = Release|Any CPU
		{2A006571-8194-480A-8434-A6D549F2FA21}.Release|iPhone.ActiveCfg = Release|Any CPU
		{2A006571-8194-480A-8434-A6D549F2FA21}.Release|iPhone.Build.0 = Release|Any CPU
		{2A006571-8194-480A-8434-A6D549F2FA21}.Release|iPhoneSimulator.ActiveCfg = Release|Any CPU
		{2A006571-8194-480A-8434-A6D549F2FA21}.Release|iPhoneSimulator.Build.0 = Release|Any CPU
		{FB956837-3D33-4AFB-A4CA-C2495EA010DB}.Debug|Any CPU.ActiveCfg = Debug|Any CPU
		{FB956837-3D33-4AFB-A4CA-C2495EA010DB}.Debug|Any CPU.Build.0 = Debug|Any CPU
		{FB956837-3D33-4AFB-A4CA-C2495EA010DB}.Debug|iPhone.ActiveCfg = Debug|Any CPU
		{FB956837-3D33-4AFB-A4CA-C2495EA010DB}.Debug|iPhone.Build.0 = Debug|Any CPU
		{FB956837-3D33-4AFB-A4CA-C2495EA010DB}.Debug|iPhoneSimulator.ActiveCfg = Debug|Any CPU
		{FB956837-3D33-4AFB-A4CA-C2495EA010DB}.Debug|iPhoneSimulator.Build.0 = Debug|Any CPU
		{FB956837-3D33-4AFB-A4CA-C2495EA010DB}.Release|Any CPU.ActiveCfg = Release|Any CPU
		{FB956837-3D33-4AFB-A4CA-C2495EA010DB}.Release|Any CPU.Build.0 = Release|Any CPU
		{FB956837-3D33-4AFB-A4CA-C2495EA010DB}.Release|iPhone.ActiveCfg = Release|Any CPU
		{FB956837-3D33-4AFB-A4CA-C2495EA010DB}.Release|iPhone.Build.0 = Release|Any CPU
		{FB956837-3D33-4AFB-A4CA-C2495EA010DB}.Release|iPhoneSimulator.ActiveCfg = Release|Any CPU
		{FB956837-3D33-4AFB-A4CA-C2495EA010DB}.Release|iPhoneSimulator.Build.0 = Release|Any CPU
		{FC215359-244F-474B-B851-220715EFF23E}.Debug|Any CPU.ActiveCfg = Debug|Any CPU
		{FC215359-244F-474B-B851-220715EFF23E}.Debug|Any CPU.Build.0 = Debug|Any CPU
		{FC215359-244F-474B-B851-220715EFF23E}.Debug|iPhone.ActiveCfg = Debug|Any CPU
		{FC215359-244F-474B-B851-220715EFF23E}.Debug|iPhone.Build.0 = Debug|Any CPU
		{FC215359-244F-474B-B851-220715EFF23E}.Debug|iPhoneSimulator.ActiveCfg = Debug|Any CPU
		{FC215359-244F-474B-B851-220715EFF23E}.Debug|iPhoneSimulator.Build.0 = Debug|Any CPU
		{FC215359-244F-474B-B851-220715EFF23E}.Release|Any CPU.ActiveCfg = Release|Any CPU
		{FC215359-244F-474B-B851-220715EFF23E}.Release|Any CPU.Build.0 = Release|Any CPU
		{FC215359-244F-474B-B851-220715EFF23E}.Release|iPhone.ActiveCfg = Release|Any CPU
		{FC215359-244F-474B-B851-220715EFF23E}.Release|iPhone.Build.0 = Release|Any CPU
		{FC215359-244F-474B-B851-220715EFF23E}.Release|iPhoneSimulator.ActiveCfg = Release|Any CPU
		{FC215359-244F-474B-B851-220715EFF23E}.Release|iPhoneSimulator.Build.0 = Release|Any CPU
		{B7633238-A225-486E-BA0C-1123DC8A2557}.Debug|Any CPU.ActiveCfg = Debug|Any CPU
		{B7633238-A225-486E-BA0C-1123DC8A2557}.Debug|Any CPU.Build.0 = Debug|Any CPU
		{B7633238-A225-486E-BA0C-1123DC8A2557}.Debug|iPhone.ActiveCfg = Debug|Any CPU
		{B7633238-A225-486E-BA0C-1123DC8A2557}.Debug|iPhone.Build.0 = Debug|Any CPU
		{B7633238-A225-486E-BA0C-1123DC8A2557}.Debug|iPhoneSimulator.ActiveCfg = Debug|Any CPU
		{B7633238-A225-486E-BA0C-1123DC8A2557}.Debug|iPhoneSimulator.Build.0 = Debug|Any CPU
		{B7633238-A225-486E-BA0C-1123DC8A2557}.Release|Any CPU.ActiveCfg = Release|Any CPU
		{B7633238-A225-486E-BA0C-1123DC8A2557}.Release|Any CPU.Build.0 = Release|Any CPU
		{B7633238-A225-486E-BA0C-1123DC8A2557}.Release|iPhone.ActiveCfg = Release|Any CPU
		{B7633238-A225-486E-BA0C-1123DC8A2557}.Release|iPhone.Build.0 = Release|Any CPU
		{B7633238-A225-486E-BA0C-1123DC8A2557}.Release|iPhoneSimulator.ActiveCfg = Release|Any CPU
		{B7633238-A225-486E-BA0C-1123DC8A2557}.Release|iPhoneSimulator.Build.0 = Release|Any CPU
		{38A096D5-A00B-4502-A25F-2184F8DA76BB}.Debug|Any CPU.ActiveCfg = Debug|Any CPU
		{38A096D5-A00B-4502-A25F-2184F8DA76BB}.Debug|Any CPU.Build.0 = Debug|Any CPU
		{38A096D5-A00B-4502-A25F-2184F8DA76BB}.Debug|iPhone.ActiveCfg = Debug|Any CPU
		{38A096D5-A00B-4502-A25F-2184F8DA76BB}.Debug|iPhone.Build.0 = Debug|Any CPU
		{38A096D5-A00B-4502-A25F-2184F8DA76BB}.Debug|iPhoneSimulator.ActiveCfg = Debug|Any CPU
		{38A096D5-A00B-4502-A25F-2184F8DA76BB}.Debug|iPhoneSimulator.Build.0 = Debug|Any CPU
		{38A096D5-A00B-4502-A25F-2184F8DA76BB}.Release|Any CPU.ActiveCfg = Release|Any CPU
		{38A096D5-A00B-4502-A25F-2184F8DA76BB}.Release|Any CPU.Build.0 = Release|Any CPU
		{38A096D5-A00B-4502-A25F-2184F8DA76BB}.Release|iPhone.ActiveCfg = Release|Any CPU
		{38A096D5-A00B-4502-A25F-2184F8DA76BB}.Release|iPhone.Build.0 = Release|Any CPU
		{38A096D5-A00B-4502-A25F-2184F8DA76BB}.Release|iPhoneSimulator.ActiveCfg = Release|Any CPU
		{38A096D5-A00B-4502-A25F-2184F8DA76BB}.Release|iPhoneSimulator.Build.0 = Release|Any CPU
	EndGlobalSection
	GlobalSection(SolutionProperties) = preSolution
		HideSolutionNode = FALSE
	EndGlobalSection
	GlobalSection(NestedProjects) = preSolution
		{17C9824B-BB74-4E61-8366-F69E0FF40211} = {B7BA5998-B5F8-43B4-8900-5E1341DC698F}
		{DDC1D263-02EF-4258-B8FC-500A310F4913} = {F375EA51-AA83-41A7-90E4-E6391253BD8C}
		{AD8D4453-5DFE-4A6C-A9DE-EB696E64D5AF} = {F375EA51-AA83-41A7-90E4-E6391253BD8C}
		{35DB2386-A2A5-4D26-8E4B-7F4C9AFC03AD} = {F375EA51-AA83-41A7-90E4-E6391253BD8C}
		{4735A6A1-EDB3-4A96-B7D3-CF3FAA2D6DAF} = {EB16EB03-64AB-434B-AF1B-D547B00E0D3F}
		{FD896723-B7D1-433B-9C4E-E6DB121CBEDE} = {EB16EB03-64AB-434B-AF1B-D547B00E0D3F}
		{9040B83D-B491-4404-BED1-E49DFF776312} = {EB16EB03-64AB-434B-AF1B-D547B00E0D3F}
		{DDDB1AA6-AED9-4FD4-AB79-2CDC5A0D9338} = {EB16EB03-64AB-434B-AF1B-D547B00E0D3F}
		{15ABB6C7-A90C-40F9-9786-8E7D50E2AF36} = {EB16EB03-64AB-434B-AF1B-D547B00E0D3F}
		{DD9FBC14-E68C-463C-B431-F235B33623A0} = {EB16EB03-64AB-434B-AF1B-D547B00E0D3F}
		{547093F9-8EB0-4D12-8233-CF48FD00F456} = {EB16EB03-64AB-434B-AF1B-D547B00E0D3F}
		{96DBC906-3C20-4012-AF0A-1F9988F01A3B} = {EB16EB03-64AB-434B-AF1B-D547B00E0D3F}
		{382B366B-1A19-40E0-91FA-B0DFA140F0F1} = {8BEAC369-1EEE-4686-9ECB-AB7C2186FBCE}
		{6D8AEAB9-8DC0-4335-B0E6-BF5E3AE32BF1} = {8BEAC369-1EEE-4686-9ECB-AB7C2186FBCE}
		{24AE28EF-6B8B-4E74-B797-AAE3DA544C28} = {8BEAC369-1EEE-4686-9ECB-AB7C2186FBCE}
		{20A2A949-DA5E-444F-87C2-6CE25C8E1BC0} = {8BEAC369-1EEE-4686-9ECB-AB7C2186FBCE}
		{70CDB5A3-E7EA-48C6-97E5-A0F59C7A238E} = {8BEAC369-1EEE-4686-9ECB-AB7C2186FBCE}
		{183B748D-CF6C-48ED-A171-79C3D3C43ECF} = {D255B358-E642-45BA-8CC8-BC61944A1796}
		{FCA987A0-60F7-44B3-A216-2536AD22CF50} = {D255B358-E642-45BA-8CC8-BC61944A1796}
		{A6A913F1-B0A4-403E-B170-CE41A6BF04BC} = {D255B358-E642-45BA-8CC8-BC61944A1796}
		{EB6BF4B0-11FC-4F89-9A23-6D067F772E89} = {D255B358-E642-45BA-8CC8-BC61944A1796}
		{25064D1A-1EE4-4671-994C-FC408CC95D8B} = {D255B358-E642-45BA-8CC8-BC61944A1796}
		{2E10CA3A-2AF7-43F4-B62B-718A9414DEA4} = {D255B358-E642-45BA-8CC8-BC61944A1796}
		{E1B476D9-1125-45B3-B20C-020BD9EF7FD1} = {D255B358-E642-45BA-8CC8-BC61944A1796}
		{1CE12981-58E4-45E2-9393-65028B761ACB} = {D255B358-E642-45BA-8CC8-BC61944A1796}
		{3B1F5378-BBAE-4F89-9E27-70AD93171B29} = {D255B358-E642-45BA-8CC8-BC61944A1796}
		{4A5DC969-D7B4-4402-B771-B40F2FE21E64} = {D255B358-E642-45BA-8CC8-BC61944A1796}
		{5B993FD8-222B-4CC5-B1A9-4C2B31917D7F} = {36E36CCA-B848-41ED-BB7C-E20B21EF2A95}
		{D494E9D8-6BC1-4DE7-8877-E61013CDD93F} = {36E36CCA-B848-41ED-BB7C-E20B21EF2A95}
		{CEE3F542-3453-4373-9243-066F103FD9EC} = {36E36CCA-B848-41ED-BB7C-E20B21EF2A95}
		{42C2E29C-1B44-49D3-AC1B-9719DEF1E845} = {36E36CCA-B848-41ED-BB7C-E20B21EF2A95}
		{58D762E9-36ED-4D87-90D9-05205514C105} = {36E36CCA-B848-41ED-BB7C-E20B21EF2A95}
		{6E6A04FB-F3A9-40DD-ADFF-019771940AE2} = {36E36CCA-B848-41ED-BB7C-E20B21EF2A95}
		{4D684F5B-FCBC-49F9-AD2F-508E5B7F70A6} = {36E36CCA-B848-41ED-BB7C-E20B21EF2A95}
		{5CCBC988-AC07-4733-B526-6C8A884E208F} = {36E36CCA-B848-41ED-BB7C-E20B21EF2A95}
		{B4ABF746-9B31-4B5C-8CB9-60CC4287A949} = {F4F5B96B-11C7-4EA3-A76F-CDB11E10BBF3}
		{B0DE9246-570F-49BE-9212-5D5801A3481F} = {F4F5B96B-11C7-4EA3-A76F-CDB11E10BBF3}
		{B9362321-5753-4349-9DBC-03F22574815B} = {70A50056-A75D-41B0-A623-793B4B8AA766}
		{746E689C-80DF-4BD2-A882-D0B164D26939} = {4BE0B837-948D-4B38-A2F9-4B7856A99C20}
		{B7633238-A225-486E-BA0C-1123DC8A2557} = {4BE0B837-948D-4B38-A2F9-4B7856A99C20}
		{38A096D5-A00B-4502-A25F-2184F8DA76BB} = {4BE0B837-948D-4B38-A2F9-4B7856A99C20}
	EndGlobalSection
	GlobalSection(ExtensibilityGlobals) = postSolution
		SolutionGuid = {DEB6F7D3-04AF-4B0E-BAF8-5D36C366D42D}
	EndGlobalSection
EndGlobal
