
Microsoft Visual Studio Solution File, Format Version 12.00
# Visual Studio Version 16
VisualStudioVersion = 16.0.31624.102
MinimumVisualStudioVersion = 10.0.40219.1
Project("{9A19103F-16F7-4668-BE54-9A1E7A4F7556}") = "Zadanie01_01", "Zadanie1_1\Zadanie01_01.csproj", "{A09F8705-5F6F-4065-ABB1-A47DADF7A048}"
EndProject
Project("{9A19103F-16F7-4668-BE54-9A1E7A4F7556}") = "Zadanie01_02", "Zadanie01_02\Zadanie01_02.csproj", "{17982825-6643-4F2F-8FD0-68CC0C6069CF}"
EndProject
Project("{9A19103F-16F7-4668-BE54-9A1E7A4F7556}") = "Zadanie01_03", "Zadanie01_03\Zadanie01_03.csproj", "{2792084B-8EFD-4930-AAFE-6A4CCE9B8079}"
EndProject
Project("{9A19103F-16F7-4668-BE54-9A1E7A4F7556}") = "Zadanie01_04", "Zadanie01_04\Zadanie01_04.csproj", "{DE552623-5283-40CB-BE1D-BE97DE9E62BA}"
EndProject
Project("{9A19103F-16F7-4668-BE54-9A1E7A4F7556}") = "Zadanie01_05", "Zadanie01_05\Zadanie01_05.csproj", "{8BCF3689-8569-46F1-9105-318EA294C6B1}"
EndProject
Project("{9A19103F-16F7-4668-BE54-9A1E7A4F7556}") = "Zadanie01_06", "Zadanie01_06\Zadanie01_06.csproj", "{E2F18D54-F505-455D-BA5D-896A37AE2A02}"
EndProject
Project("{9A19103F-16F7-4668-BE54-9A1E7A4F7556}") = "Zadanie01_07", "Zadanie01_07\Zadanie01_07.csproj", "{005C758D-46F9-4480-A7D9-0B66A617F0C6}"
EndProject
Project("{9A19103F-16F7-4668-BE54-9A1E7A4F7556}") = "Zadanie02_01", "Zadanie02_01\Zadanie02_01.csproj", "{2BFCE759-E489-4412-8B98-6FBBA5987958}"
EndProject
Project("{9A19103F-16F7-4668-BE54-9A1E7A4F7556}") = "Zadanie02_02", "Zadanie02_02\Zadanie02_02.csproj", "{CBB83B63-8459-40AE-AB73-E1E1C6D92AD1}"
EndProject
Project("{9A19103F-16F7-4668-BE54-9A1E7A4F7556}") = "Zadanie02_03", "Zadanie02_03\Zadanie02_03.csproj", "{4F1FE684-24F4-4624-A6D1-74E101BCB0FC}"
EndProject
Project("{9A19103F-16F7-4668-BE54-9A1E7A4F7556}") = "Zadanie02_05", "Zadanie02_05\Zadanie02_05.csproj", "{87167B0C-F2F3-4A11-B323-DADAD51098EA}"
EndProject
Project("{9A19103F-16F7-4668-BE54-9A1E7A4F7556}") = "Zadanie02_04", "Zadanie02_04\Zadanie02_04.csproj", "{8496260F-22BE-45DE-B660-882FC810ECDA}"
EndProject
Project("{9A19103F-16F7-4668-BE54-9A1E7A4F7556}") = "Zadanie03_01", "Zadanie03_01\Zadanie03_01.csproj", "{A31167C2-46D5-47FB-8C19-71A4CCDFD1B5}"
EndProject
Project("{9A19103F-16F7-4668-BE54-9A1E7A4F7556}") = "Zadanie03_02", "Zadanie03_02\Zadanie03_02.csproj", "{C9C34AB2-EA7F-4F06-84FC-440817E6D8F6}"
EndProject
Project("{9A19103F-16F7-4668-BE54-9A1E7A4F7556}") = "Zadanie03_03", "Zadanie03_03\Zadanie03_03.csproj", "{0A6C753B-BDEC-4B6C-B095-D86DAC272B85}"
EndProject
Project("{9A19103F-16F7-4668-BE54-9A1E7A4F7556}") = "Zadanie03_04", "Zadanie03_04\Zadanie03_04.csproj", "{F6210A44-BCF1-4485-927A-433D75E794CD}"
EndProject
Project("{9A19103F-16F7-4668-BE54-9A1E7A4F7556}") = "Zadanie03_05", "Zadanie03_05\Zadanie03_05.csproj", "{5530E602-5732-475F-8925-D80CADC8E320}"
EndProject
Project("{9A19103F-16F7-4668-BE54-9A1E7A4F7556}") = "Zadanie03_06", "Zadanie03_06\Zadanie03_06.csproj", "{F80CDC2E-6A76-4B8F-8DAF-F722B89354DD}"
EndProject
Project("{9A19103F-16F7-4668-BE54-9A1E7A4F7556}") = "Zadanie03_07", "Zadanie03_07\Zadanie03_07.csproj", "{5D903D4A-6B8D-46BE-B99E-FBB1FC5C2335}"
EndProject
Project("{9A19103F-16F7-4668-BE54-9A1E7A4F7556}") = "Zadanie03_08", "Zadanie03_08\Zadanie03_08.csproj", "{82C1705C-1983-461D-80EC-62A31239221D}"
EndProject
Project("{9A19103F-16F7-4668-BE54-9A1E7A4F7556}") = "Zadanie03_09", "Zadanie03_09\Zadanie03_09.csproj", "{27F2CB50-D7BB-44E6-8E0B-1A6875F1EA01}"
EndProject
Project("{9A19103F-16F7-4668-BE54-9A1E7A4F7556}") = "Zadanie03_10", "Zadanie03_10\Zadanie03_10.csproj", "{976AEA4D-E362-4FA3-8942-743FE91865DB}"
EndProject
Project("{9A19103F-16F7-4668-BE54-9A1E7A4F7556}") = "Zadanie03_11", "Zadanie03_11\Zadanie03_11.csproj", "{5978BFE7-A48B-4060-BB5F-1AB0D056C789}"
EndProject
Project("{9A19103F-16F7-4668-BE54-9A1E7A4F7556}") = "Zadanie03_12", "Zadanie03_12\Zadanie03_12.csproj", "{C84EAF6D-0A55-4B42-B026-CCE8CD9DF28B}"
EndProject
Project("{9A19103F-16F7-4668-BE54-9A1E7A4F7556}") = "Zadanie03_13", "Zadanie03_13\Zadanie03_13.csproj", "{ABDD298C-3EE2-4803-B02A-1049D7794658}"
EndProject
Project("{9A19103F-16F7-4668-BE54-9A1E7A4F7556}") = "Zadanie03_14", "Zadanie03_14\Zadanie03_14.csproj", "{93EF7531-E8CC-4DD3-B165-36AE34848984}"
EndProject
Project("{9A19103F-16F7-4668-BE54-9A1E7A4F7556}") = "Zadanie03_15", "Zadanie03_15\Zadanie03_15.csproj", "{6A01CF9E-35E2-4F19-8FA0-86461351F13D}"
EndProject
Project("{9A19103F-16F7-4668-BE54-9A1E7A4F7556}") = "Zadanie03_16", "Zadanie03_16\Zadanie03_16.csproj", "{F72A3907-1518-468A-A72F-B7E6DF382307}"
EndProject
Project("{9A19103F-16F7-4668-BE54-9A1E7A4F7556}") = "Zadanie03_17", "Zadanie03_17\Zadanie03_17.csproj", "{E293D4FB-8AB4-42E7-86DD-08A410B22CC6}"
EndProject
Project("{9A19103F-16F7-4668-BE54-9A1E7A4F7556}") = "Zadanie03_18", "Zadanie03_18\Zadanie03_18.csproj", "{A26ADE06-EB00-4600-B0BB-4CAFF5AA1191}"
EndProject
Project("{9A19103F-16F7-4668-BE54-9A1E7A4F7556}") = "Zadanie03_19", "Zadanie03_19\Zadanie03_19.csproj", "{D0F82A79-80A3-4E29-A5AE-73F1D0127783}"
EndProject
Project("{9A19103F-16F7-4668-BE54-9A1E7A4F7556}") = "Zadanie03_20", "Zadanie03_20\Zadanie03_20.csproj", "{A5CE592D-C0E2-4C50-B490-61279C77E7CE}"
EndProject
Project("{9A19103F-16F7-4668-BE54-9A1E7A4F7556}") = "Zadanie03_21", "Zadanie03_21\Zadanie03_21.csproj", "{DEB97DC3-B01D-4D5E-9920-F72A5C3159EB}"
EndProject
Project("{9A19103F-16F7-4668-BE54-9A1E7A4F7556}") = "Zadanie03_22", "Zadanie03_22\Zadanie03_22.csproj", "{27BE1E5A-FFB2-49E8-831A-688230F3AF25}"
EndProject
Project("{9A19103F-16F7-4668-BE54-9A1E7A4F7556}") = "Zadanie03_25", "Zadanie03_25\Zadanie03_25.csproj", "{3D84E188-3F80-4967-ADDF-DB8C0918C3F1}"
EndProject
Project("{9A19103F-16F7-4668-BE54-9A1E7A4F7556}") = "Zadanie03_23", "Zadanie03_23\Zadanie03_23.csproj", "{4634D6F8-32D5-4C26-B7F5-B4183249F10C}"
EndProject
Project("{9A19103F-16F7-4668-BE54-9A1E7A4F7556}") = "Zadanie03_24", "Zadanie03_24\Zadanie03_24.csproj", "{3AF14114-34BD-4E97-A6FC-A9ED960F83E7}"
EndProject
Project("{9A19103F-16F7-4668-BE54-9A1E7A4F7556}") = "Zadanie03_26", "Zadanie03_26\Zadanie03_26.csproj", "{0B1F2BDA-257E-4233-BC7F-B4AC2F8C48D9}"
EndProject
Project("{9A19103F-16F7-4668-BE54-9A1E7A4F7556}") = "Zadanie03_27", "Zadanie03_27\Zadanie03_27.csproj", "{466701C1-CA9C-4850-BD58-D6865AA90109}"
EndProject
Project("{9A19103F-16F7-4668-BE54-9A1E7A4F7556}") = "Zadanie03_28", "Zadanie03_28\Zadanie03_28.csproj", "{B0BD520D-3505-49E3-A07C-FF06F0E6582D}"
EndProject
Project("{9A19103F-16F7-4668-BE54-9A1E7A4F7556}") = "Zadanie04_01", "Zadanie04_01\Zadanie04_01.csproj", "{1EC84F6A-72C2-4231-B7EC-146AE05C902F}"
EndProject
Project("{9A19103F-16F7-4668-BE54-9A1E7A4F7556}") = "Zadanie04_02", "Zadanie04_02\Zadanie04_02.csproj", "{DEBB1FAE-08BB-4204-B3D7-CB0D9E7C8EB8}"
EndProject
Project("{9A19103F-16F7-4668-BE54-9A1E7A4F7556}") = "Zadanie04_03", "Zadanie04_03\Zadanie04_03.csproj", "{65F04AF2-DBD4-4219-BE3F-D87486AE6138}"
EndProject
Project("{9A19103F-16F7-4668-BE54-9A1E7A4F7556}") = "Zadanie04_04", "Zadanie04_04\Zadanie04_04.csproj", "{5899621F-6905-4140-8466-D8E966A72081}"
EndProject
Project("{9A19103F-16F7-4668-BE54-9A1E7A4F7556}") = "Zadanie04_05", "Zadanie04_05\Zadanie04_05.csproj", "{A3A61638-610C-4481-8744-9406E5FBD58C}"
EndProject
Project("{9A19103F-16F7-4668-BE54-9A1E7A4F7556}") = "Zadanie04_06", "Zadanie04_06\Zadanie04_06.csproj", "{D051C2C4-80A1-45B8-8F33-C15206589C37}"
EndProject
Project("{9A19103F-16F7-4668-BE54-9A1E7A4F7556}") = "Zadanie04_07", "Zadanie04_07\Zadanie04_07.csproj", "{B5F03A36-9F86-48AB-B73A-1D64ECACAD6E}"
EndProject
Project("{9A19103F-16F7-4668-BE54-9A1E7A4F7556}") = "Zadanie04_08", "Zadanie04_08\Zadanie04_08.csproj", "{2BF4AC23-DBF0-4B9C-B6D2-07B68359B527}"
EndProject
Project("{9A19103F-16F7-4668-BE54-9A1E7A4F7556}") = "Zadanie04_09", "Zadanie04_09\Zadanie04_09.csproj", "{0B853C0A-4ECC-45FF-BFB6-59D9226DBE6F}"
EndProject
Project("{9A19103F-16F7-4668-BE54-9A1E7A4F7556}") = "Zadanie04_10", "Zadanie04_10\Zadanie04_10.csproj", "{05FC617C-2E2D-437F-AE3F-0F5A6DE7E7A4}"
EndProject
Project("{9A19103F-16F7-4668-BE54-9A1E7A4F7556}") = "Zadanie04_11", "Zadanie04_11\Zadanie04_11.csproj", "{90DC7858-5EFA-473F-8A89-12BCFEFDCAD0}"
EndProject
Project("{9A19103F-16F7-4668-BE54-9A1E7A4F7556}") = "Zadanie04_12", "Zadanie04_12\Zadanie04_12.csproj", "{6E0DBF41-A586-4ADC-824A-ECEC26C3B410}"
EndProject
Project("{9A19103F-16F7-4668-BE54-9A1E7A4F7556}") = "Zadanie04_13", "Zadanie04_13\Zadanie04_13.csproj", "{6AA0F26D-9FB2-4F93-9779-55E3BEA7176A}"
EndProject
Project("{9A19103F-16F7-4668-BE54-9A1E7A4F7556}") = "Zadanie04_14", "Zadanie04_14\Zadanie04_14.csproj", "{36EA31CC-1258-4509-90CC-C22BE9BC0BB4}"
EndProject
Project("{9A19103F-16F7-4668-BE54-9A1E7A4F7556}") = "Zadanie04_15", "Zadanie04_15\Zadanie04_15.csproj", "{A9B9E447-7560-42AD-92F2-49E11F61A518}"
EndProject
Project("{9A19103F-16F7-4668-BE54-9A1E7A4F7556}") = "Zadanie05_01", "Zadanie05_01\Zadanie05_01.csproj", "{0B2EE292-8EF2-4AF0-81A6-38AE92E23200}"
EndProject
Project("{9A19103F-16F7-4668-BE54-9A1E7A4F7556}") = "Zadanie05_02", "Zadanie05_02\Zadanie05_02.csproj", "{4A5F62FC-8586-47A3-9241-91095A789BDA}"
EndProject
Project("{9A19103F-16F7-4668-BE54-9A1E7A4F7556}") = "Zadanie05_03", "Zadanie05_03\Zadanie05_03.csproj", "{E2FADFC1-7B0C-4090-86ED-552737FDBE55}"
EndProject
Project("{FAE04EC0-301F-11D3-BF4B-00C04F79EFBC}") = "Zadanie05_04", "Zadanie05_04\Zadanie05_04.csproj", "{0EBF8819-ACA4-471F-AD5C-E90E5AB703CE}"
EndProject
Project("{FAE04EC0-301F-11D3-BF4B-00C04F79EFBC}") = "Zadanie05_05", "Zadanie05_05\Zadanie05_05.csproj", "{E9A25F4D-5424-4DB4-964A-C5E45C8FB163}"
EndProject
Project("{FAE04EC0-301F-11D3-BF4B-00C04F79EFBC}") = "Zadanie05_06", "Zadanie05_06\Zadanie05_06.csproj", "{F9B08065-73B0-4B29-860F-D7687F01331A}"
EndProject
Project("{FAE04EC0-301F-11D3-BF4B-00C04F79EFBC}") = "Zadanie05_07", "Zadanie05_07\Zadanie05_07.csproj", "{381E67F7-CC2A-4767-B7D0-3990A2B665F2}"
EndProject
Project("{FAE04EC0-301F-11D3-BF4B-00C04F79EFBC}") = "Zadanie05_08", "Zadanie05_08\Zadanie05_08.csproj", "{7FD22C95-2EF4-4DF4-AFF8-18A97CA4B4DC}"
EndProject
Project("{FAE04EC0-301F-11D3-BF4B-00C04F79EFBC}") = "Zadanie05_09", "Zadanie05_09\Zadanie05_09.csproj", "{50EA71F8-8497-4480-825B-60D5C11A54BB}"
EndProject
Global
	GlobalSection(SolutionConfigurationPlatforms) = preSolution
		Debug|Any CPU = Debug|Any CPU
		Release|Any CPU = Release|Any CPU
	EndGlobalSection
	GlobalSection(ProjectConfigurationPlatforms) = postSolution
		{A09F8705-5F6F-4065-ABB1-A47DADF7A048}.Debug|Any CPU.ActiveCfg = Debug|Any CPU
		{A09F8705-5F6F-4065-ABB1-A47DADF7A048}.Debug|Any CPU.Build.0 = Debug|Any CPU
		{A09F8705-5F6F-4065-ABB1-A47DADF7A048}.Release|Any CPU.ActiveCfg = Release|Any CPU
		{A09F8705-5F6F-4065-ABB1-A47DADF7A048}.Release|Any CPU.Build.0 = Release|Any CPU
		{17982825-6643-4F2F-8FD0-68CC0C6069CF}.Debug|Any CPU.ActiveCfg = Debug|Any CPU
		{17982825-6643-4F2F-8FD0-68CC0C6069CF}.Debug|Any CPU.Build.0 = Debug|Any CPU
		{17982825-6643-4F2F-8FD0-68CC0C6069CF}.Release|Any CPU.ActiveCfg = Release|Any CPU
		{17982825-6643-4F2F-8FD0-68CC0C6069CF}.Release|Any CPU.Build.0 = Release|Any CPU
		{2792084B-8EFD-4930-AAFE-6A4CCE9B8079}.Debug|Any CPU.ActiveCfg = Debug|Any CPU
		{2792084B-8EFD-4930-AAFE-6A4CCE9B8079}.Debug|Any CPU.Build.0 = Debug|Any CPU
		{2792084B-8EFD-4930-AAFE-6A4CCE9B8079}.Release|Any CPU.ActiveCfg = Release|Any CPU
		{2792084B-8EFD-4930-AAFE-6A4CCE9B8079}.Release|Any CPU.Build.0 = Release|Any CPU
		{DE552623-5283-40CB-BE1D-BE97DE9E62BA}.Debug|Any CPU.ActiveCfg = Debug|Any CPU
		{DE552623-5283-40CB-BE1D-BE97DE9E62BA}.Debug|Any CPU.Build.0 = Debug|Any CPU
		{DE552623-5283-40CB-BE1D-BE97DE9E62BA}.Release|Any CPU.ActiveCfg = Release|Any CPU
		{DE552623-5283-40CB-BE1D-BE97DE9E62BA}.Release|Any CPU.Build.0 = Release|Any CPU
		{8BCF3689-8569-46F1-9105-318EA294C6B1}.Debug|Any CPU.ActiveCfg = Debug|Any CPU
		{8BCF3689-8569-46F1-9105-318EA294C6B1}.Debug|Any CPU.Build.0 = Debug|Any CPU
		{8BCF3689-8569-46F1-9105-318EA294C6B1}.Release|Any CPU.ActiveCfg = Release|Any CPU
		{8BCF3689-8569-46F1-9105-318EA294C6B1}.Release|Any CPU.Build.0 = Release|Any CPU
		{E2F18D54-F505-455D-BA5D-896A37AE2A02}.Debug|Any CPU.ActiveCfg = Debug|Any CPU
		{E2F18D54-F505-455D-BA5D-896A37AE2A02}.Debug|Any CPU.Build.0 = Debug|Any CPU
		{E2F18D54-F505-455D-BA5D-896A37AE2A02}.Release|Any CPU.ActiveCfg = Release|Any CPU
		{E2F18D54-F505-455D-BA5D-896A37AE2A02}.Release|Any CPU.Build.0 = Release|Any CPU
		{005C758D-46F9-4480-A7D9-0B66A617F0C6}.Debug|Any CPU.ActiveCfg = Debug|Any CPU
		{005C758D-46F9-4480-A7D9-0B66A617F0C6}.Debug|Any CPU.Build.0 = Debug|Any CPU
		{005C758D-46F9-4480-A7D9-0B66A617F0C6}.Release|Any CPU.ActiveCfg = Release|Any CPU
		{005C758D-46F9-4480-A7D9-0B66A617F0C6}.Release|Any CPU.Build.0 = Release|Any CPU
		{2BFCE759-E489-4412-8B98-6FBBA5987958}.Debug|Any CPU.ActiveCfg = Debug|Any CPU
		{2BFCE759-E489-4412-8B98-6FBBA5987958}.Debug|Any CPU.Build.0 = Debug|Any CPU
		{2BFCE759-E489-4412-8B98-6FBBA5987958}.Release|Any CPU.ActiveCfg = Release|Any CPU
		{2BFCE759-E489-4412-8B98-6FBBA5987958}.Release|Any CPU.Build.0 = Release|Any CPU
		{CBB83B63-8459-40AE-AB73-E1E1C6D92AD1}.Debug|Any CPU.ActiveCfg = Debug|Any CPU
		{CBB83B63-8459-40AE-AB73-E1E1C6D92AD1}.Debug|Any CPU.Build.0 = Debug|Any CPU
		{CBB83B63-8459-40AE-AB73-E1E1C6D92AD1}.Release|Any CPU.ActiveCfg = Release|Any CPU
		{CBB83B63-8459-40AE-AB73-E1E1C6D92AD1}.Release|Any CPU.Build.0 = Release|Any CPU
		{4F1FE684-24F4-4624-A6D1-74E101BCB0FC}.Debug|Any CPU.ActiveCfg = Debug|Any CPU
		{4F1FE684-24F4-4624-A6D1-74E101BCB0FC}.Debug|Any CPU.Build.0 = Debug|Any CPU
		{4F1FE684-24F4-4624-A6D1-74E101BCB0FC}.Release|Any CPU.ActiveCfg = Release|Any CPU
		{4F1FE684-24F4-4624-A6D1-74E101BCB0FC}.Release|Any CPU.Build.0 = Release|Any CPU
		{87167B0C-F2F3-4A11-B323-DADAD51098EA}.Debug|Any CPU.ActiveCfg = Debug|Any CPU
		{87167B0C-F2F3-4A11-B323-DADAD51098EA}.Debug|Any CPU.Build.0 = Debug|Any CPU
		{87167B0C-F2F3-4A11-B323-DADAD51098EA}.Release|Any CPU.ActiveCfg = Release|Any CPU
		{87167B0C-F2F3-4A11-B323-DADAD51098EA}.Release|Any CPU.Build.0 = Release|Any CPU
		{8496260F-22BE-45DE-B660-882FC810ECDA}.Debug|Any CPU.ActiveCfg = Debug|Any CPU
		{8496260F-22BE-45DE-B660-882FC810ECDA}.Debug|Any CPU.Build.0 = Debug|Any CPU
		{8496260F-22BE-45DE-B660-882FC810ECDA}.Release|Any CPU.ActiveCfg = Release|Any CPU
		{8496260F-22BE-45DE-B660-882FC810ECDA}.Release|Any CPU.Build.0 = Release|Any CPU
		{A31167C2-46D5-47FB-8C19-71A4CCDFD1B5}.Debug|Any CPU.ActiveCfg = Debug|Any CPU
		{A31167C2-46D5-47FB-8C19-71A4CCDFD1B5}.Debug|Any CPU.Build.0 = Debug|Any CPU
		{A31167C2-46D5-47FB-8C19-71A4CCDFD1B5}.Release|Any CPU.ActiveCfg = Release|Any CPU
		{A31167C2-46D5-47FB-8C19-71A4CCDFD1B5}.Release|Any CPU.Build.0 = Release|Any CPU
		{C9C34AB2-EA7F-4F06-84FC-440817E6D8F6}.Debug|Any CPU.ActiveCfg = Debug|Any CPU
		{C9C34AB2-EA7F-4F06-84FC-440817E6D8F6}.Debug|Any CPU.Build.0 = Debug|Any CPU
		{C9C34AB2-EA7F-4F06-84FC-440817E6D8F6}.Release|Any CPU.ActiveCfg = Release|Any CPU
		{C9C34AB2-EA7F-4F06-84FC-440817E6D8F6}.Release|Any CPU.Build.0 = Release|Any CPU
		{0A6C753B-BDEC-4B6C-B095-D86DAC272B85}.Debug|Any CPU.ActiveCfg = Debug|Any CPU
		{0A6C753B-BDEC-4B6C-B095-D86DAC272B85}.Debug|Any CPU.Build.0 = Debug|Any CPU
		{0A6C753B-BDEC-4B6C-B095-D86DAC272B85}.Release|Any CPU.ActiveCfg = Release|Any CPU
		{0A6C753B-BDEC-4B6C-B095-D86DAC272B85}.Release|Any CPU.Build.0 = Release|Any CPU
		{F6210A44-BCF1-4485-927A-433D75E794CD}.Debug|Any CPU.ActiveCfg = Debug|Any CPU
		{F6210A44-BCF1-4485-927A-433D75E794CD}.Debug|Any CPU.Build.0 = Debug|Any CPU
		{F6210A44-BCF1-4485-927A-433D75E794CD}.Release|Any CPU.ActiveCfg = Release|Any CPU
		{F6210A44-BCF1-4485-927A-433D75E794CD}.Release|Any CPU.Build.0 = Release|Any CPU
		{5530E602-5732-475F-8925-D80CADC8E320}.Debug|Any CPU.ActiveCfg = Debug|Any CPU
		{5530E602-5732-475F-8925-D80CADC8E320}.Debug|Any CPU.Build.0 = Debug|Any CPU
		{5530E602-5732-475F-8925-D80CADC8E320}.Release|Any CPU.ActiveCfg = Release|Any CPU
		{5530E602-5732-475F-8925-D80CADC8E320}.Release|Any CPU.Build.0 = Release|Any CPU
		{F80CDC2E-6A76-4B8F-8DAF-F722B89354DD}.Debug|Any CPU.ActiveCfg = Debug|Any CPU
		{F80CDC2E-6A76-4B8F-8DAF-F722B89354DD}.Debug|Any CPU.Build.0 = Debug|Any CPU
		{F80CDC2E-6A76-4B8F-8DAF-F722B89354DD}.Release|Any CPU.ActiveCfg = Release|Any CPU
		{F80CDC2E-6A76-4B8F-8DAF-F722B89354DD}.Release|Any CPU.Build.0 = Release|Any CPU
		{5D903D4A-6B8D-46BE-B99E-FBB1FC5C2335}.Debug|Any CPU.ActiveCfg = Debug|Any CPU
		{5D903D4A-6B8D-46BE-B99E-FBB1FC5C2335}.Debug|Any CPU.Build.0 = Debug|Any CPU
		{5D903D4A-6B8D-46BE-B99E-FBB1FC5C2335}.Release|Any CPU.ActiveCfg = Release|Any CPU
		{5D903D4A-6B8D-46BE-B99E-FBB1FC5C2335}.Release|Any CPU.Build.0 = Release|Any CPU
		{82C1705C-1983-461D-80EC-62A31239221D}.Debug|Any CPU.ActiveCfg = Debug|Any CPU
		{82C1705C-1983-461D-80EC-62A31239221D}.Debug|Any CPU.Build.0 = Debug|Any CPU
		{82C1705C-1983-461D-80EC-62A31239221D}.Release|Any CPU.ActiveCfg = Release|Any CPU
		{82C1705C-1983-461D-80EC-62A31239221D}.Release|Any CPU.Build.0 = Release|Any CPU
		{27F2CB50-D7BB-44E6-8E0B-1A6875F1EA01}.Debug|Any CPU.ActiveCfg = Debug|Any CPU
		{27F2CB50-D7BB-44E6-8E0B-1A6875F1EA01}.Debug|Any CPU.Build.0 = Debug|Any CPU
		{27F2CB50-D7BB-44E6-8E0B-1A6875F1EA01}.Release|Any CPU.ActiveCfg = Release|Any CPU
		{27F2CB50-D7BB-44E6-8E0B-1A6875F1EA01}.Release|Any CPU.Build.0 = Release|Any CPU
		{976AEA4D-E362-4FA3-8942-743FE91865DB}.Debug|Any CPU.ActiveCfg = Debug|Any CPU
		{976AEA4D-E362-4FA3-8942-743FE91865DB}.Debug|Any CPU.Build.0 = Debug|Any CPU
		{976AEA4D-E362-4FA3-8942-743FE91865DB}.Release|Any CPU.ActiveCfg = Release|Any CPU
		{976AEA4D-E362-4FA3-8942-743FE91865DB}.Release|Any CPU.Build.0 = Release|Any CPU
		{5978BFE7-A48B-4060-BB5F-1AB0D056C789}.Debug|Any CPU.ActiveCfg = Debug|Any CPU
		{5978BFE7-A48B-4060-BB5F-1AB0D056C789}.Debug|Any CPU.Build.0 = Debug|Any CPU
		{5978BFE7-A48B-4060-BB5F-1AB0D056C789}.Release|Any CPU.ActiveCfg = Release|Any CPU
		{5978BFE7-A48B-4060-BB5F-1AB0D056C789}.Release|Any CPU.Build.0 = Release|Any CPU
		{C84EAF6D-0A55-4B42-B026-CCE8CD9DF28B}.Debug|Any CPU.ActiveCfg = Debug|Any CPU
		{C84EAF6D-0A55-4B42-B026-CCE8CD9DF28B}.Debug|Any CPU.Build.0 = Debug|Any CPU
		{C84EAF6D-0A55-4B42-B026-CCE8CD9DF28B}.Release|Any CPU.ActiveCfg = Release|Any CPU
		{C84EAF6D-0A55-4B42-B026-CCE8CD9DF28B}.Release|Any CPU.Build.0 = Release|Any CPU
		{ABDD298C-3EE2-4803-B02A-1049D7794658}.Debug|Any CPU.ActiveCfg = Debug|Any CPU
		{ABDD298C-3EE2-4803-B02A-1049D7794658}.Debug|Any CPU.Build.0 = Debug|Any CPU
		{ABDD298C-3EE2-4803-B02A-1049D7794658}.Release|Any CPU.ActiveCfg = Release|Any CPU
		{ABDD298C-3EE2-4803-B02A-1049D7794658}.Release|Any CPU.Build.0 = Release|Any CPU
		{93EF7531-E8CC-4DD3-B165-36AE34848984}.Debug|Any CPU.ActiveCfg = Debug|Any CPU
		{93EF7531-E8CC-4DD3-B165-36AE34848984}.Debug|Any CPU.Build.0 = Debug|Any CPU
		{93EF7531-E8CC-4DD3-B165-36AE34848984}.Release|Any CPU.ActiveCfg = Release|Any CPU
		{93EF7531-E8CC-4DD3-B165-36AE34848984}.Release|Any CPU.Build.0 = Release|Any CPU
		{6A01CF9E-35E2-4F19-8FA0-86461351F13D}.Debug|Any CPU.ActiveCfg = Debug|Any CPU
		{6A01CF9E-35E2-4F19-8FA0-86461351F13D}.Debug|Any CPU.Build.0 = Debug|Any CPU
		{6A01CF9E-35E2-4F19-8FA0-86461351F13D}.Release|Any CPU.ActiveCfg = Release|Any CPU
		{6A01CF9E-35E2-4F19-8FA0-86461351F13D}.Release|Any CPU.Build.0 = Release|Any CPU
		{F72A3907-1518-468A-A72F-B7E6DF382307}.Debug|Any CPU.ActiveCfg = Debug|Any CPU
		{F72A3907-1518-468A-A72F-B7E6DF382307}.Debug|Any CPU.Build.0 = Debug|Any CPU
		{F72A3907-1518-468A-A72F-B7E6DF382307}.Release|Any CPU.ActiveCfg = Release|Any CPU
		{F72A3907-1518-468A-A72F-B7E6DF382307}.Release|Any CPU.Build.0 = Release|Any CPU
		{E293D4FB-8AB4-42E7-86DD-08A410B22CC6}.Debug|Any CPU.ActiveCfg = Debug|Any CPU
		{E293D4FB-8AB4-42E7-86DD-08A410B22CC6}.Debug|Any CPU.Build.0 = Debug|Any CPU
		{E293D4FB-8AB4-42E7-86DD-08A410B22CC6}.Release|Any CPU.ActiveCfg = Release|Any CPU
		{E293D4FB-8AB4-42E7-86DD-08A410B22CC6}.Release|Any CPU.Build.0 = Release|Any CPU
		{A26ADE06-EB00-4600-B0BB-4CAFF5AA1191}.Debug|Any CPU.ActiveCfg = Debug|Any CPU
		{A26ADE06-EB00-4600-B0BB-4CAFF5AA1191}.Debug|Any CPU.Build.0 = Debug|Any CPU
		{A26ADE06-EB00-4600-B0BB-4CAFF5AA1191}.Release|Any CPU.ActiveCfg = Release|Any CPU
		{A26ADE06-EB00-4600-B0BB-4CAFF5AA1191}.Release|Any CPU.Build.0 = Release|Any CPU
		{D0F82A79-80A3-4E29-A5AE-73F1D0127783}.Debug|Any CPU.ActiveCfg = Debug|Any CPU
		{D0F82A79-80A3-4E29-A5AE-73F1D0127783}.Debug|Any CPU.Build.0 = Debug|Any CPU
		{D0F82A79-80A3-4E29-A5AE-73F1D0127783}.Release|Any CPU.ActiveCfg = Release|Any CPU
		{D0F82A79-80A3-4E29-A5AE-73F1D0127783}.Release|Any CPU.Build.0 = Release|Any CPU
		{A5CE592D-C0E2-4C50-B490-61279C77E7CE}.Debug|Any CPU.ActiveCfg = Debug|Any CPU
		{A5CE592D-C0E2-4C50-B490-61279C77E7CE}.Debug|Any CPU.Build.0 = Debug|Any CPU
		{A5CE592D-C0E2-4C50-B490-61279C77E7CE}.Release|Any CPU.ActiveCfg = Release|Any CPU
		{A5CE592D-C0E2-4C50-B490-61279C77E7CE}.Release|Any CPU.Build.0 = Release|Any CPU
		{DEB97DC3-B01D-4D5E-9920-F72A5C3159EB}.Debug|Any CPU.ActiveCfg = Debug|Any CPU
		{DEB97DC3-B01D-4D5E-9920-F72A5C3159EB}.Debug|Any CPU.Build.0 = Debug|Any CPU
		{DEB97DC3-B01D-4D5E-9920-F72A5C3159EB}.Release|Any CPU.ActiveCfg = Release|Any CPU
		{DEB97DC3-B01D-4D5E-9920-F72A5C3159EB}.Release|Any CPU.Build.0 = Release|Any CPU
		{27BE1E5A-FFB2-49E8-831A-688230F3AF25}.Debug|Any CPU.ActiveCfg = Debug|Any CPU
		{27BE1E5A-FFB2-49E8-831A-688230F3AF25}.Debug|Any CPU.Build.0 = Debug|Any CPU
		{27BE1E5A-FFB2-49E8-831A-688230F3AF25}.Release|Any CPU.ActiveCfg = Release|Any CPU
		{27BE1E5A-FFB2-49E8-831A-688230F3AF25}.Release|Any CPU.Build.0 = Release|Any CPU
		{3D84E188-3F80-4967-ADDF-DB8C0918C3F1}.Debug|Any CPU.ActiveCfg = Debug|Any CPU
		{3D84E188-3F80-4967-ADDF-DB8C0918C3F1}.Debug|Any CPU.Build.0 = Debug|Any CPU
		{3D84E188-3F80-4967-ADDF-DB8C0918C3F1}.Release|Any CPU.ActiveCfg = Release|Any CPU
		{3D84E188-3F80-4967-ADDF-DB8C0918C3F1}.Release|Any CPU.Build.0 = Release|Any CPU
		{4634D6F8-32D5-4C26-B7F5-B4183249F10C}.Debug|Any CPU.ActiveCfg = Debug|Any CPU
		{4634D6F8-32D5-4C26-B7F5-B4183249F10C}.Debug|Any CPU.Build.0 = Debug|Any CPU
		{4634D6F8-32D5-4C26-B7F5-B4183249F10C}.Release|Any CPU.ActiveCfg = Release|Any CPU
		{4634D6F8-32D5-4C26-B7F5-B4183249F10C}.Release|Any CPU.Build.0 = Release|Any CPU
		{3AF14114-34BD-4E97-A6FC-A9ED960F83E7}.Debug|Any CPU.ActiveCfg = Debug|Any CPU
		{3AF14114-34BD-4E97-A6FC-A9ED960F83E7}.Debug|Any CPU.Build.0 = Debug|Any CPU
		{3AF14114-34BD-4E97-A6FC-A9ED960F83E7}.Release|Any CPU.ActiveCfg = Release|Any CPU
		{3AF14114-34BD-4E97-A6FC-A9ED960F83E7}.Release|Any CPU.Build.0 = Release|Any CPU
		{0B1F2BDA-257E-4233-BC7F-B4AC2F8C48D9}.Debug|Any CPU.ActiveCfg = Debug|Any CPU
		{0B1F2BDA-257E-4233-BC7F-B4AC2F8C48D9}.Debug|Any CPU.Build.0 = Debug|Any CPU
		{0B1F2BDA-257E-4233-BC7F-B4AC2F8C48D9}.Release|Any CPU.ActiveCfg = Release|Any CPU
		{0B1F2BDA-257E-4233-BC7F-B4AC2F8C48D9}.Release|Any CPU.Build.0 = Release|Any CPU
		{466701C1-CA9C-4850-BD58-D6865AA90109}.Debug|Any CPU.ActiveCfg = Debug|Any CPU
		{466701C1-CA9C-4850-BD58-D6865AA90109}.Debug|Any CPU.Build.0 = Debug|Any CPU
		{466701C1-CA9C-4850-BD58-D6865AA90109}.Release|Any CPU.ActiveCfg = Release|Any CPU
		{466701C1-CA9C-4850-BD58-D6865AA90109}.Release|Any CPU.Build.0 = Release|Any CPU
		{B0BD520D-3505-49E3-A07C-FF06F0E6582D}.Debug|Any CPU.ActiveCfg = Debug|Any CPU
		{B0BD520D-3505-49E3-A07C-FF06F0E6582D}.Debug|Any CPU.Build.0 = Debug|Any CPU
		{B0BD520D-3505-49E3-A07C-FF06F0E6582D}.Release|Any CPU.ActiveCfg = Release|Any CPU
		{B0BD520D-3505-49E3-A07C-FF06F0E6582D}.Release|Any CPU.Build.0 = Release|Any CPU
		{1EC84F6A-72C2-4231-B7EC-146AE05C902F}.Debug|Any CPU.ActiveCfg = Debug|Any CPU
		{1EC84F6A-72C2-4231-B7EC-146AE05C902F}.Debug|Any CPU.Build.0 = Debug|Any CPU
		{1EC84F6A-72C2-4231-B7EC-146AE05C902F}.Release|Any CPU.ActiveCfg = Release|Any CPU
		{1EC84F6A-72C2-4231-B7EC-146AE05C902F}.Release|Any CPU.Build.0 = Release|Any CPU
		{DEBB1FAE-08BB-4204-B3D7-CB0D9E7C8EB8}.Debug|Any CPU.ActiveCfg = Debug|Any CPU
		{DEBB1FAE-08BB-4204-B3D7-CB0D9E7C8EB8}.Debug|Any CPU.Build.0 = Debug|Any CPU
		{DEBB1FAE-08BB-4204-B3D7-CB0D9E7C8EB8}.Release|Any CPU.ActiveCfg = Release|Any CPU
		{DEBB1FAE-08BB-4204-B3D7-CB0D9E7C8EB8}.Release|Any CPU.Build.0 = Release|Any CPU
		{65F04AF2-DBD4-4219-BE3F-D87486AE6138}.Debug|Any CPU.ActiveCfg = Debug|Any CPU
		{65F04AF2-DBD4-4219-BE3F-D87486AE6138}.Debug|Any CPU.Build.0 = Debug|Any CPU
		{65F04AF2-DBD4-4219-BE3F-D87486AE6138}.Release|Any CPU.ActiveCfg = Release|Any CPU
		{65F04AF2-DBD4-4219-BE3F-D87486AE6138}.Release|Any CPU.Build.0 = Release|Any CPU
		{5899621F-6905-4140-8466-D8E966A72081}.Debug|Any CPU.ActiveCfg = Debug|Any CPU
		{5899621F-6905-4140-8466-D8E966A72081}.Debug|Any CPU.Build.0 = Debug|Any CPU
		{5899621F-6905-4140-8466-D8E966A72081}.Release|Any CPU.ActiveCfg = Release|Any CPU
		{5899621F-6905-4140-8466-D8E966A72081}.Release|Any CPU.Build.0 = Release|Any CPU
		{A3A61638-610C-4481-8744-9406E5FBD58C}.Debug|Any CPU.ActiveCfg = Debug|Any CPU
		{A3A61638-610C-4481-8744-9406E5FBD58C}.Debug|Any CPU.Build.0 = Debug|Any CPU
		{A3A61638-610C-4481-8744-9406E5FBD58C}.Release|Any CPU.ActiveCfg = Release|Any CPU
		{A3A61638-610C-4481-8744-9406E5FBD58C}.Release|Any CPU.Build.0 = Release|Any CPU
		{D051C2C4-80A1-45B8-8F33-C15206589C37}.Debug|Any CPU.ActiveCfg = Debug|Any CPU
		{D051C2C4-80A1-45B8-8F33-C15206589C37}.Debug|Any CPU.Build.0 = Debug|Any CPU
		{D051C2C4-80A1-45B8-8F33-C15206589C37}.Release|Any CPU.ActiveCfg = Release|Any CPU
		{D051C2C4-80A1-45B8-8F33-C15206589C37}.Release|Any CPU.Build.0 = Release|Any CPU
		{B5F03A36-9F86-48AB-B73A-1D64ECACAD6E}.Debug|Any CPU.ActiveCfg = Debug|Any CPU
		{B5F03A36-9F86-48AB-B73A-1D64ECACAD6E}.Debug|Any CPU.Build.0 = Debug|Any CPU
		{B5F03A36-9F86-48AB-B73A-1D64ECACAD6E}.Release|Any CPU.ActiveCfg = Release|Any CPU
		{B5F03A36-9F86-48AB-B73A-1D64ECACAD6E}.Release|Any CPU.Build.0 = Release|Any CPU
		{2BF4AC23-DBF0-4B9C-B6D2-07B68359B527}.Debug|Any CPU.ActiveCfg = Debug|Any CPU
		{2BF4AC23-DBF0-4B9C-B6D2-07B68359B527}.Debug|Any CPU.Build.0 = Debug|Any CPU
		{2BF4AC23-DBF0-4B9C-B6D2-07B68359B527}.Release|Any CPU.ActiveCfg = Release|Any CPU
		{2BF4AC23-DBF0-4B9C-B6D2-07B68359B527}.Release|Any CPU.Build.0 = Release|Any CPU
		{0B853C0A-4ECC-45FF-BFB6-59D9226DBE6F}.Debug|Any CPU.ActiveCfg = Debug|Any CPU
		{0B853C0A-4ECC-45FF-BFB6-59D9226DBE6F}.Debug|Any CPU.Build.0 = Debug|Any CPU
		{0B853C0A-4ECC-45FF-BFB6-59D9226DBE6F}.Release|Any CPU.ActiveCfg = Release|Any CPU
		{0B853C0A-4ECC-45FF-BFB6-59D9226DBE6F}.Release|Any CPU.Build.0 = Release|Any CPU
		{05FC617C-2E2D-437F-AE3F-0F5A6DE7E7A4}.Debug|Any CPU.ActiveCfg = Debug|Any CPU
		{05FC617C-2E2D-437F-AE3F-0F5A6DE7E7A4}.Debug|Any CPU.Build.0 = Debug|Any CPU
		{05FC617C-2E2D-437F-AE3F-0F5A6DE7E7A4}.Release|Any CPU.ActiveCfg = Release|Any CPU
		{05FC617C-2E2D-437F-AE3F-0F5A6DE7E7A4}.Release|Any CPU.Build.0 = Release|Any CPU
		{90DC7858-5EFA-473F-8A89-12BCFEFDCAD0}.Debug|Any CPU.ActiveCfg = Debug|Any CPU
		{90DC7858-5EFA-473F-8A89-12BCFEFDCAD0}.Debug|Any CPU.Build.0 = Debug|Any CPU
		{90DC7858-5EFA-473F-8A89-12BCFEFDCAD0}.Release|Any CPU.ActiveCfg = Release|Any CPU
		{90DC7858-5EFA-473F-8A89-12BCFEFDCAD0}.Release|Any CPU.Build.0 = Release|Any CPU
		{6E0DBF41-A586-4ADC-824A-ECEC26C3B410}.Debug|Any CPU.ActiveCfg = Debug|Any CPU
		{6E0DBF41-A586-4ADC-824A-ECEC26C3B410}.Debug|Any CPU.Build.0 = Debug|Any CPU
		{6E0DBF41-A586-4ADC-824A-ECEC26C3B410}.Release|Any CPU.ActiveCfg = Release|Any CPU
		{6E0DBF41-A586-4ADC-824A-ECEC26C3B410}.Release|Any CPU.Build.0 = Release|Any CPU
		{6AA0F26D-9FB2-4F93-9779-55E3BEA7176A}.Debug|Any CPU.ActiveCfg = Debug|Any CPU
		{6AA0F26D-9FB2-4F93-9779-55E3BEA7176A}.Debug|Any CPU.Build.0 = Debug|Any CPU
		{6AA0F26D-9FB2-4F93-9779-55E3BEA7176A}.Release|Any CPU.ActiveCfg = Release|Any CPU
		{6AA0F26D-9FB2-4F93-9779-55E3BEA7176A}.Release|Any CPU.Build.0 = Release|Any CPU
		{36EA31CC-1258-4509-90CC-C22BE9BC0BB4}.Debug|Any CPU.ActiveCfg = Debug|Any CPU
		{36EA31CC-1258-4509-90CC-C22BE9BC0BB4}.Debug|Any CPU.Build.0 = Debug|Any CPU
		{36EA31CC-1258-4509-90CC-C22BE9BC0BB4}.Release|Any CPU.ActiveCfg = Release|Any CPU
		{36EA31CC-1258-4509-90CC-C22BE9BC0BB4}.Release|Any CPU.Build.0 = Release|Any CPU
		{A9B9E447-7560-42AD-92F2-49E11F61A518}.Debug|Any CPU.ActiveCfg = Debug|Any CPU
		{A9B9E447-7560-42AD-92F2-49E11F61A518}.Debug|Any CPU.Build.0 = Debug|Any CPU
		{A9B9E447-7560-42AD-92F2-49E11F61A518}.Release|Any CPU.ActiveCfg = Release|Any CPU
		{A9B9E447-7560-42AD-92F2-49E11F61A518}.Release|Any CPU.Build.0 = Release|Any CPU
		{0B2EE292-8EF2-4AF0-81A6-38AE92E23200}.Debug|Any CPU.ActiveCfg = Debug|Any CPU
		{0B2EE292-8EF2-4AF0-81A6-38AE92E23200}.Debug|Any CPU.Build.0 = Debug|Any CPU
		{0B2EE292-8EF2-4AF0-81A6-38AE92E23200}.Release|Any CPU.ActiveCfg = Release|Any CPU
		{0B2EE292-8EF2-4AF0-81A6-38AE92E23200}.Release|Any CPU.Build.0 = Release|Any CPU
		{4A5F62FC-8586-47A3-9241-91095A789BDA}.Debug|Any CPU.ActiveCfg = Debug|Any CPU
		{4A5F62FC-8586-47A3-9241-91095A789BDA}.Debug|Any CPU.Build.0 = Debug|Any CPU
		{4A5F62FC-8586-47A3-9241-91095A789BDA}.Release|Any CPU.ActiveCfg = Release|Any CPU
		{4A5F62FC-8586-47A3-9241-91095A789BDA}.Release|Any CPU.Build.0 = Release|Any CPU
		{E2FADFC1-7B0C-4090-86ED-552737FDBE55}.Debug|Any CPU.ActiveCfg = Debug|Any CPU
		{E2FADFC1-7B0C-4090-86ED-552737FDBE55}.Debug|Any CPU.Build.0 = Debug|Any CPU
		{E2FADFC1-7B0C-4090-86ED-552737FDBE55}.Release|Any CPU.ActiveCfg = Release|Any CPU
		{E2FADFC1-7B0C-4090-86ED-552737FDBE55}.Release|Any CPU.Build.0 = Release|Any CPU
		{0EBF8819-ACA4-471F-AD5C-E90E5AB703CE}.Debug|Any CPU.ActiveCfg = Debug|Any CPU
		{0EBF8819-ACA4-471F-AD5C-E90E5AB703CE}.Debug|Any CPU.Build.0 = Debug|Any CPU
		{0EBF8819-ACA4-471F-AD5C-E90E5AB703CE}.Release|Any CPU.ActiveCfg = Release|Any CPU
		{0EBF8819-ACA4-471F-AD5C-E90E5AB703CE}.Release|Any CPU.Build.0 = Release|Any CPU
		{E9A25F4D-5424-4DB4-964A-C5E45C8FB163}.Debug|Any CPU.ActiveCfg = Debug|Any CPU
		{E9A25F4D-5424-4DB4-964A-C5E45C8FB163}.Debug|Any CPU.Build.0 = Debug|Any CPU
		{E9A25F4D-5424-4DB4-964A-C5E45C8FB163}.Release|Any CPU.ActiveCfg = Release|Any CPU
		{E9A25F4D-5424-4DB4-964A-C5E45C8FB163}.Release|Any CPU.Build.0 = Release|Any CPU
		{F9B08065-73B0-4B29-860F-D7687F01331A}.Debug|Any CPU.ActiveCfg = Debug|Any CPU
		{F9B08065-73B0-4B29-860F-D7687F01331A}.Debug|Any CPU.Build.0 = Debug|Any CPU
		{F9B08065-73B0-4B29-860F-D7687F01331A}.Release|Any CPU.ActiveCfg = Release|Any CPU
		{F9B08065-73B0-4B29-860F-D7687F01331A}.Release|Any CPU.Build.0 = Release|Any CPU
		{381E67F7-CC2A-4767-B7D0-3990A2B665F2}.Debug|Any CPU.ActiveCfg = Debug|Any CPU
		{381E67F7-CC2A-4767-B7D0-3990A2B665F2}.Debug|Any CPU.Build.0 = Debug|Any CPU
		{381E67F7-CC2A-4767-B7D0-3990A2B665F2}.Release|Any CPU.ActiveCfg = Release|Any CPU
		{381E67F7-CC2A-4767-B7D0-3990A2B665F2}.Release|Any CPU.Build.0 = Release|Any CPU
		{7FD22C95-2EF4-4DF4-AFF8-18A97CA4B4DC}.Debug|Any CPU.ActiveCfg = Debug|Any CPU
		{7FD22C95-2EF4-4DF4-AFF8-18A97CA4B4DC}.Debug|Any CPU.Build.0 = Debug|Any CPU
		{7FD22C95-2EF4-4DF4-AFF8-18A97CA4B4DC}.Release|Any CPU.ActiveCfg = Release|Any CPU
		{7FD22C95-2EF4-4DF4-AFF8-18A97CA4B4DC}.Release|Any CPU.Build.0 = Release|Any CPU
		{50EA71F8-8497-4480-825B-60D5C11A54BB}.Debug|Any CPU.ActiveCfg = Debug|Any CPU
		{50EA71F8-8497-4480-825B-60D5C11A54BB}.Debug|Any CPU.Build.0 = Debug|Any CPU
		{50EA71F8-8497-4480-825B-60D5C11A54BB}.Release|Any CPU.ActiveCfg = Release|Any CPU
		{50EA71F8-8497-4480-825B-60D5C11A54BB}.Release|Any CPU.Build.0 = Release|Any CPU
	EndGlobalSection
	GlobalSection(SolutionProperties) = preSolution
		HideSolutionNode = FALSE
	EndGlobalSection
	GlobalSection(ExtensibilityGlobals) = postSolution
		SolutionGuid = {2B932A9F-FCE1-4380-A786-A09D89D1FB77}
	EndGlobalSection
EndGlobal
