
Microsoft Visual Studio Solution File, Format Version 12.00
# Visual Studio Version 16
VisualStudioVersion = 16.0.31624.102
MinimumVisualStudioVersion = 10.0.40219.1
Project("{FAE04EC0-301F-11D3-BF4B-00C04F79EFBC}") = "Zadanie01_1", "Zadanie1_1\Zadanie01_1.csproj", "{A09F8705-5F6F-4065-ABB1-A47DADF7A048}"
EndProject
Global
	GlobalSection(SolutionConfigurationPlatforms) = preSolution
		Debug|Any CPU = Debug|Any CPU
		Release|Any CPU = Release|Any CPU
	EndGlobalSection
	GlobalSection(ProjectConfigurationPlatforms) = postSolution
		{A09F8705-5F6F-4065-ABB1-A47DADF7A048}.Debug|Any CPU.ActiveCfg = Debug|Any CPU
		{A09F8705-5F6F-4065-ABB1-A47DADF7A048}.Debug|Any CPU.Build.0 = Debug|Any CPU
		{A09F8705-5F6F-4065-ABB1-A47DADF7A048}.Release|Any CPU.ActiveCfg = Release|Any CPU
		{A09F8705-5F6F-4065-ABB1-A47DADF7A048}.Release|Any CPU.Build.0 = Release|Any CPU
	EndGlobalSection
	GlobalSection(SolutionProperties) = preSolution
		HideSolutionNode = FALSE
	EndGlobalSection
	GlobalSection(ExtensibilityGlobals) = postSolution
		SolutionGuid = {2B932A9F-FCE1-4380-A786-A09D89D1FB77}
	EndGlobalSection
EndGlobal
