
Microsoft Visual Studio Solution File, Format Version 12.00
# Visual Studio Version 17
VisualStudioVersion = 17.0.31903.59
MinimumVisualStudioVersion = 10.0.40219.1
Project("{FAE04EC0-301F-11D3-BF4B-00C04F79EFBC}") = "SportsStore", "SportsStore\SportsStore.csproj", "{6B5FF7E0-A537-4C9F-B93E-FDF46F147319}"
EndProject
Project("{FAE04EC0-301F-11D3-BF4B-00C04F79EFBC}") = "SportsStore.Tests", "SportsStore.Tests\SportsStore.Tests.csproj", "{55513544-B6C2-4B20-B9BC-8B225C152F7C}"
EndProject
Global
	GlobalSection(SolutionConfigurationPlatforms) = preSolution
		Debug|Any CPU = Debug|Any CPU
		Release|Any CPU = Release|Any CPU
	EndGlobalSection
	GlobalSection(SolutionProperties) = preSolution
		HideSolutionNode = FALSE
	EndGlobalSection
	GlobalSection(ProjectConfigurationPlatforms) = postSolution
		{6B5FF7E0-A537-4C9F-B93E-FDF46F147319}.Debug|Any CPU.ActiveCfg = Debug|Any CPU
		{6B5FF7E0-A537-4C9F-B93E-FDF46F147319}.Debug|Any CPU.Build.0 = Debug|Any CPU
		{6B5FF7E0-A537-4C9F-B93E-FDF46F147319}.Release|Any CPU.ActiveCfg = Release|Any CPU
		{6B5FF7E0-A537-4C9F-B93E-FDF46F147319}.Release|Any CPU.Build.0 = Release|Any CPU
		{55513544-B6C2-4B20-B9BC-8B225C152F7C}.Debug|Any CPU.ActiveCfg = Debug|Any CPU
		{55513544-B6C2-4B20-B9BC-8B225C152F7C}.Debug|Any CPU.Build.0 = Debug|Any CPU
		{55513544-B6C2-4B20-B9BC-8B225C152F7C}.Release|Any CPU.ActiveCfg = Release|Any CPU
		{55513544-B6C2-4B20-B9BC-8B225C152F7C}.Release|Any CPU.Build.0 = Release|Any CPU
	EndGlobalSection
	GlobalSection(NestedProjects) = preSolution
	EndGlobalSection
EndGlobal
