
Microsoft Visual Studio Solution File, Format Version 12.00
# Visual Studio Version 17
VisualStudioVersion = 17.0.31903.59
MinimumVisualStudioVersion = 10.0.40219.1
Project("{9A19103F-16F7-4668-BE54-9A1E7A4F7556}") = "Platform", "Platform.csproj", "{BC1B5F41-5958-4CA5-AA90-6E98CB14E70F}"
EndProject
Global
	GlobalSection(SolutionConfigurationPlatforms) = preSolution
		Debug|Any CPU = Debug|Any CPU
		Release|Any CPU = Release|Any CPU
	EndGlobalSection
	GlobalSection(ProjectConfigurationPlatforms) = postSolution
		{BC1B5F41-5958-4CA5-AA90-6E98CB14E70F}.Debug|Any CPU.ActiveCfg = Debug|Any CPU
		{BC1B5F41-5958-4CA5-AA90-6E98CB14E70F}.Debug|Any CPU.Build.0 = Debug|Any CPU
		{BC1B5F41-5958-4CA5-AA90-6E98CB14E70F}.Release|Any CPU.ActiveCfg = Release|Any CPU
		{BC1B5F41-5958-4CA5-AA90-6E98CB14E70F}.Release|Any CPU.Build.0 = Release|Any CPU
	EndGlobalSection
	GlobalSection(SolutionProperties) = preSolution
		HideSolutionNode = FALSE
	EndGlobalSection
	GlobalSection(ExtensibilityGlobals) = postSolution
		SolutionGuid = {7F04007E-4E54-4C02-86AA-56597846D806}
	EndGlobalSection
EndGlobal
