
Microsoft Visual Studio Solution File, Format Version 12.00
# Visual Studio Version 17
VisualStudioVersion = 17.3.32825.248
MinimumVisualStudioVersion = 10.0.40219.1
Project("{FAE04EC0-301F-11D3-BF4B-00C04F79EFBC}") = "AlpineSkiHouse", "AlpineSkiHouse.csproj", "{BD4390A7-3557-469F-97B6-DFFBD5DDE9E1}"
EndProject
Global
	GlobalSection(SolutionConfigurationPlatforms) = preSolution
		Debug|Any CPU = Debug|Any CPU
		Release|Any CPU = Release|Any CPU
	EndGlobalSection
	GlobalSection(ProjectConfigurationPlatforms) = postSolution
		{BD4390A7-3557-469F-97B6-DFFBD5DDE9E1}.Debug|Any CPU.ActiveCfg = Debug|Any CPU
		{BD4390A7-3557-469F-97B6-DFFBD5DDE9E1}.Debug|Any CPU.Build.0 = Debug|Any CPU
		{BD4390A7-3557-469F-97B6-DFFBD5DDE9E1}.Release|Any CPU.ActiveCfg = Release|Any CPU
		{BD4390A7-3557-469F-97B6-DFFBD5DDE9E1}.Release|Any CPU.Build.0 = Release|Any CPU
	EndGlobalSection
	GlobalSection(SolutionProperties) = preSolution
		HideSolutionNode = FALSE
	EndGlobalSection
	GlobalSection(ExtensibilityGlobals) = postSolution
		SolutionGuid = {F36B358C-C136-42B9-B420-13C7865FA945}
	EndGlobalSection
EndGlobal
